Microsoft Visual Studio Solution File, Format Version 8.00
Project("{8BC9CEB8-8B4A-11D0-8D11-00A0C91BC942}") = "bcasttest", "MPI\COLL\bcasttest.vcproj", "{F7292F4D-75BB-4C21-A62A-AFE679B8F84F}"
	ProjectSection(ProjectDependencies) = postProject
	EndProjectSection
EndProject
Project("{8BC9CEB8-8B4A-11D0-8D11-00A0C91BC942}") = "netpipe", "mpi\basic\netpipe.vcproj", "{8B466291-6AF7-4A43-8D9F-F8056438F40B}"
	ProjectSection(ProjectDependencies) = postProject
	EndProjectSection
EndProject
Project("{8BC9CEB8-8B4A-11D0-8D11-00A0C91BC942}") = "patterns", "mpi\basic\patterns.vcproj", "{46B646E0-2A2A-407F-8719-EE00841C95C2}"
	ProjectSection(ProjectDependencies) = postProject
	EndProjectSection
EndProject
Project("{8BC9CEB8-8B4A-11D0-8D11-00A0C91BC942}") = "sendrecv", "MPI\BASIC\sendrecv.vcproj", "{E7914EE1-F667-476E-978E-FC403E2DA4BB}"
	ProjectSection(ProjectDependencies) = postProject
	EndProjectSection
EndProject
Project("{8BC9CEB8-8B4A-11D0-8D11-00A0C91BC942}") = "simple", "MPI\BASIC\simple.vcproj", "{551E21C5-7085-466E-9A7E-8EC3117168B2}"
	ProjectSection(ProjectDependencies) = postProject
	EndProjectSection
EndProject
Project("{8BC9CEB8-8B4A-11D0-8D11-00A0C91BC942}") = "adapt", "mpi\basic\adapt.vcproj", "{007A861C-6EA1-4FF5-BD37-93C21EDE532D}"
	ProjectSection(ProjectDependencies) = postProject
	EndProjectSection
EndProject
Project("{8BC9CEB8-8B4A-11D0-8D11-00A0C91BC942}") = "allmpi", "mpi\basic\allmpi.vcproj", "{D9F19E35-7870-4549-A69D-AD810E8BC167}"
	ProjectSection(ProjectDependencies) = postProject
	EndProjectSection
EndProject
Project("{8BC9CEB8-8B4A-11D0-8D11-00A0C91BC942}") = "srtest", "mpi\basic\srtest.vcproj", "{64826B3B-5D4D-426A-BA86-C7AC08DAD826}"
	ProjectSection(ProjectDependencies) = postProject
	EndProjectSection
EndProject
Project("{8BC9CEB8-8B4A-11D0-8D11-00A0C91BC942}") = "bcast2", "mpi\coll\bcast2.vcproj", "{DF2577A1-B25E-4538-9183-40A7B9907B73}"
	ProjectSection(ProjectDependencies) = postProject
	EndProjectSection
EndProject
Project("{8BC9CEB8-8B4A-11D0-8D11-00A0C91BC942}") = "putfence1", "mpi\rma\putfence1.vcproj", "{D8480A0D-B48E-47E8-AD81-E13F9DD834B1}"
	ProjectSection(ProjectDependencies) = postProject
	EndProjectSection
EndProject
Project("{8BC9CEB8-8B4A-11D0-8D11-00A0C91BC942}") = "allred3", "mpi\coll\allred3.vcproj", "{78527CD3-9616-4DEB-A1F8-B872272F97A8}"
	ProjectSection(ProjectDependencies) = postProject
	EndProjectSection
EndProject
Project("{8BC9CEB8-8B4A-11D0-8D11-00A0C91BC942}") = "alltoallv0", "mpi\coll\alltoallv0.vcproj", "{B658A7CA-19A3-4527-A359-F16515CB0B77}"
	ProjectSection(ProjectDependencies) = postProject
	EndProjectSection
EndProject
Project("{8BC9CEB8-8B4A-11D0-8D11-00A0C91BC942}") = "allgather2", "mpi\coll\allgather2.vcproj", "{246747B8-FACB-49B8-A9EA-424E701A5185}"
	ProjectSection(ProjectDependencies) = postProject
	EndProjectSection
EndProject
Project("{8BC9CEB8-8B4A-11D0-8D11-00A0C91BC942}") = "allred2", "mpi\coll\allred2.vcproj", "{3412C206-6CB7-4C29-A8CA-E7497C3071E7}"
	ProjectSection(ProjectDependencies) = postProject
	EndProjectSection
EndProject
Project("{8BC9CEB8-8B4A-11D0-8D11-00A0C91BC942}") = "allred", "mpi\coll\allred.vcproj", "{044046B7-8955-4AD3-8885-CDD3BD79F119}"
	ProjectSection(ProjectDependencies) = postProject
	EndProjectSection
EndProject
Project("{8BC9CEB8-8B4A-11D0-8D11-00A0C91BC942}") = "allredmany", "mpi\coll\allredmany.vcproj", "{08FC064D-E650-4B50-8F6F-98B184979DE7}"
	ProjectSection(ProjectDependencies) = postProject
	EndProjectSection
EndProject
Project("{8BC9CEB8-8B4A-11D0-8D11-00A0C91BC942}") = "alltoall1", "mpi\coll\alltoall1.vcproj", "{D601B4A9-8295-4C1D-A526-74A5533C9C13}"
	ProjectSection(ProjectDependencies) = postProject
	EndProjectSection
EndProject
Project("{8BC9CEB8-8B4A-11D0-8D11-00A0C91BC942}") = "alltoallv", "mpi\coll\alltoallv.vcproj", "{5B3E0EEF-427A-4018-871C-5D6EE826F7CF}"
	ProjectSection(ProjectDependencies) = postProject
	EndProjectSection
EndProject
Project("{8BC9CEB8-8B4A-11D0-8D11-00A0C91BC942}") = "alltoallw1", "mpi\coll\alltoallw1.vcproj", "{5E1E5DAF-84EC-429F-A992-E37FB2E43C1B}"
	ProjectSection(ProjectDependencies) = postProject
	EndProjectSection
EndProject
Project("{8BC9CEB8-8B4A-11D0-8D11-00A0C91BC942}") = "alltoallw2", "mpi\coll\alltoallw2.vcproj", "{C36B9834-DFB1-4A12-8765-9C82C721E998}"
	ProjectSection(ProjectDependencies) = postProject
	EndProjectSection
EndProject
Project("{8BC9CEB8-8B4A-11D0-8D11-00A0C91BC942}") = "bcast3", "mpi\coll\bcast3.vcproj", "{863E4416-360B-4893-87A5-0CE92CDF89F8}"
	ProjectSection(ProjectDependencies) = postProject
	EndProjectSection
EndProject
Project("{8BC9CEB8-8B4A-11D0-8D11-00A0C91BC942}") = "coll2", "mpi\coll\coll2.vcproj", "{A82E32B2-938F-4563-8926-7334B8B9A35A}"
	ProjectSection(ProjectDependencies) = postProject
	EndProjectSection
EndProject
Project("{8BC9CEB8-8B4A-11D0-8D11-00A0C91BC942}") = "coll3", "mpi\coll\coll3.vcproj", "{4172EAFE-FFDB-4423-A362-8ABAA8A1DA3B}"
	ProjectSection(ProjectDependencies) = postProject
	EndProjectSection
EndProject
Project("{8BC9CEB8-8B4A-11D0-8D11-00A0C91BC942}") = "coll4", "mpi\coll\coll4.vcproj", "{DBDFF30C-6DD2-4BAF-8F24-152AFF394B8A}"
	ProjectSection(ProjectDependencies) = postProject
	EndProjectSection
EndProject
Project("{8BC9CEB8-8B4A-11D0-8D11-00A0C91BC942}") = "coll5", "mpi\coll\coll5.vcproj", "{C706D27E-6430-45E6-A1C4-F4D75D4D2C14}"
	ProjectSection(ProjectDependencies) = postProject
	EndProjectSection
EndProject
Project("{8BC9CEB8-8B4A-11D0-8D11-00A0C91BC942}") = "coll6", "mpi\coll\coll6.vcproj", "{1964388B-D6B6-40CF-861B-2E432BE0FB2C}"
	ProjectSection(ProjectDependencies) = postProject
	EndProjectSection
EndProject
Project("{8BC9CEB8-8B4A-11D0-8D11-00A0C91BC942}") = "coll7", "mpi\coll\coll7.vcproj", "{0AEB1C6F-775F-4209-A27D-3C8A6D2EE3A5}"
	ProjectSection(ProjectDependencies) = postProject
	EndProjectSection
EndProject
Project("{8BC9CEB8-8B4A-11D0-8D11-00A0C91BC942}") = "coll8", "mpi\coll\coll8.vcproj", "{140B7942-8182-45B7-A517-683648498ED6}"
	ProjectSection(ProjectDependencies) = postProject
	EndProjectSection
EndProject
Project("{8BC9CEB8-8B4A-11D0-8D11-00A0C91BC942}") = "coll9", "mpi\coll\coll9.vcproj", "{43271445-D65F-4DD3-BEEE-0C4E768DA2BC}"
	ProjectSection(ProjectDependencies) = postProject
	EndProjectSection
EndProject
Project("{8BC9CEB8-8B4A-11D0-8D11-00A0C91BC942}") = "coll10", "mpi\coll\coll10.vcproj", "{96C5552B-A20E-4BA2-9505-A2BAA2CB94BE}"
	ProjectSection(ProjectDependencies) = postProject
	EndProjectSection
EndProject
Project("{8BC9CEB8-8B4A-11D0-8D11-00A0C91BC942}") = "coll11", "mpi\coll\coll11.vcproj", "{491B3068-9F4A-4D7C-9AAB-F38DEEBE6FF1}"
	ProjectSection(ProjectDependencies) = postProject
	EndProjectSection
EndProject
Project("{8BC9CEB8-8B4A-11D0-8D11-00A0C91BC942}") = "coll12", "mpi\coll\coll12.vcproj", "{C65AB22E-1662-4F4D-865C-48AF0DCC32FB}"
	ProjectSection(ProjectDependencies) = postProject
	EndProjectSection
EndProject
Project("{8BC9CEB8-8B4A-11D0-8D11-00A0C91BC942}") = "coll13", "mpi\coll\coll13.vcproj", "{CFF1FEA7-E1B9-4486-8FA1-9A315F15F048}"
	ProjectSection(ProjectDependencies) = postProject
	EndProjectSection
EndProject
Project("{8BC9CEB8-8B4A-11D0-8D11-00A0C91BC942}") = "exscan2", "mpi\coll\exscan2.vcproj", "{9AD53F5C-B6BC-40E3-BC20-D5367F18A796}"
	ProjectSection(ProjectDependencies) = postProject
	EndProjectSection
EndProject
Project("{8BC9CEB8-8B4A-11D0-8D11-00A0C91BC942}") = "exscan", "mpi\coll\exscan.vcproj", "{4F513723-9B04-48B1-B2DB-0EF073F08C94}"
	ProjectSection(ProjectDependencies) = postProject
	EndProjectSection
EndProject
Project("{8BC9CEB8-8B4A-11D0-8D11-00A0C91BC942}") = "gather2", "mpi\coll\gather2.vcproj", "{A20C0FB2-5145-4671-9019-1195A6C064AD}"
	ProjectSection(ProjectDependencies) = postProject
	EndProjectSection
EndProject
Project("{8BC9CEB8-8B4A-11D0-8D11-00A0C91BC942}") = "gather", "mpi\coll\gather.vcproj", "{70BF79AC-1BDC-4BC5-B8C5-3B812B3B1100}"
	ProjectSection(ProjectDependencies) = postProject
	EndProjectSection
EndProject
Project("{8BC9CEB8-8B4A-11D0-8D11-00A0C91BC942}") = "icallgather", "mpi\coll\icallgather.vcproj", "{379F6459-F2B7-4C19-9974-D3871A36BFE7}"
	ProjectSection(ProjectDependencies) = postProject
	EndProjectSection
EndProject
Project("{8BC9CEB8-8B4A-11D0-8D11-00A0C91BC942}") = "icallgatherv", "mpi\coll\icallgatherv.vcproj", "{D63A020E-5B88-436E-B084-47D1342DF827}"
	ProjectSection(ProjectDependencies) = postProject
	EndProjectSection
EndProject
Project("{8BC9CEB8-8B4A-11D0-8D11-00A0C91BC942}") = "icallreduce", "mpi\coll\icallreduce.vcproj", "{75B927FD-8998-4F3D-9C15-D608B0705DFF}"
	ProjectSection(ProjectDependencies) = postProject
	EndProjectSection
EndProject
Project("{8BC9CEB8-8B4A-11D0-8D11-00A0C91BC942}") = "icalltoall", "mpi\coll\icalltoall.vcproj", "{34902079-11FA-4612-822F-863FC4B3359F}"
	ProjectSection(ProjectDependencies) = postProject
	EndProjectSection
EndProject
Project("{8BC9CEB8-8B4A-11D0-8D11-00A0C91BC942}") = "icbarrier", "mpi\coll\icbarrier.vcproj", "{AB1E5DF7-6FC5-467B-8203-5C5A2591F50F}"
	ProjectSection(ProjectDependencies) = postProject
	EndProjectSection
EndProject
Project("{8BC9CEB8-8B4A-11D0-8D11-00A0C91BC942}") = "icbcast", "mpi\coll\icbcast.vcproj", "{B9006465-4551-46B2-9F2C-F06533B90B5E}"
	ProjectSection(ProjectDependencies) = postProject
	EndProjectSection
EndProject
Project("{8BC9CEB8-8B4A-11D0-8D11-00A0C91BC942}") = "icgather", "mpi\coll\icgather.vcproj", "{F22F4059-E7EA-4040-A3ED-90456F2A875A}"
	ProjectSection(ProjectDependencies) = postProject
	EndProjectSection
EndProject
Project("{8BC9CEB8-8B4A-11D0-8D11-00A0C91BC942}") = "icgatherv", "mpi\coll\icgatherv.vcproj", "{3942001D-DFAF-4D47-A9F1-643505DEB97F}"
	ProjectSection(ProjectDependencies) = postProject
	EndProjectSection
EndProject
Project("{8BC9CEB8-8B4A-11D0-8D11-00A0C91BC942}") = "icreduce", "mpi\coll\icreduce.vcproj", "{E2F0F43D-9B92-4628-A8ED-94AFFA36CD7A}"
	ProjectSection(ProjectDependencies) = postProject
	EndProjectSection
EndProject
Project("{8BC9CEB8-8B4A-11D0-8D11-00A0C91BC942}") = "icscatter", "mpi\coll\icscatter.vcproj", "{3161A436-CA04-4C38-A33A-32D5A15A22FC}"
	ProjectSection(ProjectDependencies) = postProject
	EndProjectSection
EndProject
Project("{8BC9CEB8-8B4A-11D0-8D11-00A0C91BC942}") = "icscatterv", "mpi\coll\icscatterv.vcproj", "{3C7092E7-65BA-4C0D-B9C9-882BA9BA2E45}"
	ProjectSection(ProjectDependencies) = postProject
	EndProjectSection
EndProject
Project("{8BC9CEB8-8B4A-11D0-8D11-00A0C91BC942}") = "longuser", "mpi\coll\longuser.vcproj", "{DBFF8624-C396-43F1-A5C5-9354F28F3625}"
	ProjectSection(ProjectDependencies) = postProject
	EndProjectSection
EndProject
Project("{8BC9CEB8-8B4A-11D0-8D11-00A0C91BC942}") = "opband", "mpi\coll\opband.vcproj", "{72538824-1092-4C32-98F9-CB41C286601F}"
	ProjectSection(ProjectDependencies) = postProject
	EndProjectSection
EndProject
Project("{8BC9CEB8-8B4A-11D0-8D11-00A0C91BC942}") = "opbor", "mpi\coll\opbor.vcproj", "{B2A1E55A-E8FA-4EF1-85F3-566FA05A5CF1}"
	ProjectSection(ProjectDependencies) = postProject
	EndProjectSection
EndProject
Project("{8BC9CEB8-8B4A-11D0-8D11-00A0C91BC942}") = "opbxor", "mpi\coll\opbxor.vcproj", "{CD4D415D-521D-44B9-8BE0-E603CF542F00}"
	ProjectSection(ProjectDependencies) = postProject
	EndProjectSection
EndProject
Project("{8BC9CEB8-8B4A-11D0-8D11-00A0C91BC942}") = "opmax", "mpi\coll\opmax.vcproj", "{643C9639-C12B-45BC-86F4-7154437C9DDE}"
	ProjectSection(ProjectDependencies) = postProject
	EndProjectSection
EndProject
Project("{8BC9CEB8-8B4A-11D0-8D11-00A0C91BC942}") = "opmaxloc", "mpi\coll\opmaxloc.vcproj", "{D3D8D2C8-B791-49F2-B4C4-4A4A5EB69599}"
	ProjectSection(ProjectDependencies) = postProject
	EndProjectSection
EndProject
Project("{8BC9CEB8-8B4A-11D0-8D11-00A0C91BC942}") = "opmin", "mpi\coll\opmin.vcproj", "{E7B54536-7106-42C9-B2D0-08CF3E6DBCC0}"
	ProjectSection(ProjectDependencies) = postProject
	EndProjectSection
EndProject
Project("{8BC9CEB8-8B4A-11D0-8D11-00A0C91BC942}") = "opminloc", "mpi\coll\opminloc.vcproj", "{E7B10E90-DA13-4FBE-887A-9B1FE5D1D287}"
	ProjectSection(ProjectDependencies) = postProject
	EndProjectSection
EndProject
Project("{8BC9CEB8-8B4A-11D0-8D11-00A0C91BC942}") = "opprod", "mpi\coll\opprod.vcproj", "{17C0F9D7-430E-4DE7-A068-B135581C6F35}"
	ProjectSection(ProjectDependencies) = postProject
	EndProjectSection
EndProject
Project("{8BC9CEB8-8B4A-11D0-8D11-00A0C91BC942}") = "opsum", "mpi\coll\opsum.vcproj", "{B7EFE2D1-24A2-4F12-83D6-19AB75E911B1}"
	ProjectSection(ProjectDependencies) = postProject
	EndProjectSection
EndProject
Project("{8BC9CEB8-8B4A-11D0-8D11-00A0C91BC942}") = "red3", "mpi\coll\red3.vcproj", "{DBBA9AB0-C4BC-447F-9397-C408EA558012}"
	ProjectSection(ProjectDependencies) = postProject
	EndProjectSection
EndProject
Project("{8BC9CEB8-8B4A-11D0-8D11-00A0C91BC942}") = "red4", "mpi\coll\red4.vcproj", "{85AAFB07-5DD2-4B0A-B83B-4BA41931EA37}"
	ProjectSection(ProjectDependencies) = postProject
	EndProjectSection
EndProject
Project("{8BC9CEB8-8B4A-11D0-8D11-00A0C91BC942}") = "redscat", "mpi\coll\redscat.vcproj", "{903E5726-DC70-4D77-845A-1D2412C6FA5F}"
	ProjectSection(ProjectDependencies) = postProject
	EndProjectSection
EndProject
Project("{8BC9CEB8-8B4A-11D0-8D11-00A0C91BC942}") = "reduce", "mpi\coll\reduce.vcproj", "{4E7B1DD5-F112-4ADB-80DE-B10A764FF9BF}"
	ProjectSection(ProjectDependencies) = postProject
	EndProjectSection
EndProject
Project("{8BC9CEB8-8B4A-11D0-8D11-00A0C91BC942}") = "rerr", "mpi\coll\rerr.vcproj", "{FEEA6D5B-609A-4AC5-8DF3-AD8758F8529E}"
	ProjectSection(ProjectDependencies) = postProject
	EndProjectSection
EndProject
Project("{8BC9CEB8-8B4A-11D0-8D11-00A0C91BC942}") = "scantst", "mpi\coll\scantst.vcproj", "{D85B38DF-2042-4224-903C-0A7E796977D4}"
	ProjectSection(ProjectDependencies) = postProject
	EndProjectSection
EndProject
Project("{8BC9CEB8-8B4A-11D0-8D11-00A0C91BC942}") = "scatter2", "mpi\coll\scatter2.vcproj", "{0515E99C-5351-43EA-8071-E2081754EFCE}"
	ProjectSection(ProjectDependencies) = postProject
	EndProjectSection
EndProject
Project("{8BC9CEB8-8B4A-11D0-8D11-00A0C91BC942}") = "scattern", "mpi\coll\scattern.vcproj", "{3D0B76B2-7544-4119-8289-D6124192BD53}"
	ProjectSection(ProjectDependencies) = postProject
	EndProjectSection
EndProject
Project("{8BC9CEB8-8B4A-11D0-8D11-00A0C91BC942}") = "scatterv", "mpi\coll\scatterv.vcproj", "{03F3F425-B8E3-4985-870D-370397BE7F50}"
	ProjectSection(ProjectDependencies) = postProject
	EndProjectSection
EndProject
Project("{8BC9CEB8-8B4A-11D0-8D11-00A0C91BC942}") = "allgatherv2", "mpi\coll\allgatherv2.vcproj", "{EBC2C532-17F9-4E82-8637-468287D8B8A3}"
	ProjectSection(ProjectDependencies) = postProject
	EndProjectSection
EndProject
Project("{8BC9CEB8-8B4A-11D0-8D11-00A0C91BC942}") = "bsend1", "mpi\pt2pt\bsend1.vcproj", "{D9F19A23-C380-40C3-B1AB-2D048A3663B6}"
	ProjectSection(ProjectDependencies) = postProject
	EndProjectSection
EndProject
Project("{8BC9CEB8-8B4A-11D0-8D11-00A0C91BC942}") = "bottom", "mpi\pt2pt\bottom.vcproj", "{1DC59C78-4D6F-42AC-820B-0223AB58FB22}"
	ProjectSection(ProjectDependencies) = postProject
	EndProjectSection
EndProject
Project("{8BC9CEB8-8B4A-11D0-8D11-00A0C91BC942}") = "bsend2", "mpi\pt2pt\bsend2.vcproj", "{88E501FA-119A-4A54-B544-D6644AFF24F5}"
	ProjectSection(ProjectDependencies) = postProject
	EndProjectSection
EndProject
Project("{8BC9CEB8-8B4A-11D0-8D11-00A0C91BC942}") = "bsend3", "mpi\pt2pt\bsend3.vcproj", "{3B1B8658-ACD0-41FC-920D-A285AB1C49E3}"
	ProjectSection(ProjectDependencies) = postProject
	EndProjectSection
EndProject
Project("{8BC9CEB8-8B4A-11D0-8D11-00A0C91BC942}") = "bsend4", "mpi\pt2pt\bsend4.vcproj", "{38DDFC4D-5C9F-415F-BBF1-FE5638003B7F}"
	ProjectSection(ProjectDependencies) = postProject
	EndProjectSection
EndProject
Project("{8BC9CEB8-8B4A-11D0-8D11-00A0C91BC942}") = "bsend5", "mpi\pt2pt\bsend5.vcproj", "{0A4AE638-18D6-434C-80DD-41D23510E08C}"
	ProjectSection(ProjectDependencies) = postProject
	EndProjectSection
EndProject
Project("{8BC9CEB8-8B4A-11D0-8D11-00A0C91BC942}") = "bsendalign", "mpi\pt2pt\bsendalign.vcproj", "{0A9A100D-1501-450A-81EC-9557A499ADE5}"
	ProjectSection(ProjectDependencies) = postProject
	EndProjectSection
EndProject
Project("{8BC9CEB8-8B4A-11D0-8D11-00A0C91BC942}") = "bsendfrag", "mpi\pt2pt\bsendfrag.vcproj", "{7B294DC3-BB08-43EA-A13A-10A9CF979BFA}"
	ProjectSection(ProjectDependencies) = postProject
	EndProjectSection
EndProject
Project("{8BC9CEB8-8B4A-11D0-8D11-00A0C91BC942}") = "errinstatta", "mpi\pt2pt\errinstatta.vcproj", "{189F2D96-2563-4142-84B9-257490EB5107}"
	ProjectSection(ProjectDependencies) = postProject
	EndProjectSection
EndProject
Project("{8BC9CEB8-8B4A-11D0-8D11-00A0C91BC942}") = "errinstatts", "mpi\pt2pt\errinstatts.vcproj", "{E4C8C41A-0EEB-4233-BBD2-999897461645}"
	ProjectSection(ProjectDependencies) = postProject
	EndProjectSection
EndProject
Project("{8BC9CEB8-8B4A-11D0-8D11-00A0C91BC942}") = "errinstatwa", "mpi\pt2pt\errinstatwa.vcproj", "{0B430F8E-BE1F-4EA5-96D8-9A1AE1104844}"
	ProjectSection(ProjectDependencies) = postProject
	EndProjectSection
EndProject
Project("{8BC9CEB8-8B4A-11D0-8D11-00A0C91BC942}") = "errinstatws", "mpi\pt2pt\errinstatws.vcproj", "{C413139D-A080-43BB-B531-B4FC7D8A4C3F}"
	ProjectSection(ProjectDependencies) = postProject
	EndProjectSection
EndProject
Project("{8BC9CEB8-8B4A-11D0-8D11-00A0C91BC942}") = "greq1", "mpi\pt2pt\greq1.vcproj", "{C412E8CA-FBC2-4A98-9B70-87FF14C41CBE}"
	ProjectSection(ProjectDependencies) = postProject
	EndProjectSection
EndProject
Project("{8BC9CEB8-8B4A-11D0-8D11-00A0C91BC942}") = "icsend", "mpi\pt2pt\icsend.vcproj", "{77B4CB77-EC10-4351-919E-136138DDF602}"
	ProjectSection(ProjectDependencies) = postProject
	EndProjectSection
EndProject
Project("{8BC9CEB8-8B4A-11D0-8D11-00A0C91BC942}") = "isendself", "mpi\pt2pt\isendself.vcproj", "{6D9DFDF6-EB9D-435B-9E1A-46D2ED8FB850}"
	ProjectSection(ProjectDependencies) = postProject
	EndProjectSection
EndProject
Project("{8BC9CEB8-8B4A-11D0-8D11-00A0C91BC942}") = "rqstatus", "mpi\pt2pt\rqstatus.vcproj", "{71CCC83A-F986-4E1C-BB72-BA7CA54E9596}"
	ProjectSection(ProjectDependencies) = postProject
	EndProjectSection
EndProject
Project("{8BC9CEB8-8B4A-11D0-8D11-00A0C91BC942}") = "sendrecv1", "mpi\pt2pt\sendrecv1.vcproj", "{AA9C5CF4-B29D-4FC7-BC4E-FCC2CBBD492E}"
	ProjectSection(ProjectDependencies) = postProject
	EndProjectSection
EndProject
Project("{8BC9CEB8-8B4A-11D0-8D11-00A0C91BC942}") = "sendrecv2", "mpi\pt2pt\sendrecv2.vcproj", "{45920485-077F-4E27-946F-004F4889D441}"
	ProjectSection(ProjectDependencies) = postProject
	EndProjectSection
EndProject
Project("{8BC9CEB8-8B4A-11D0-8D11-00A0C91BC942}") = "waitany", "mpi\pt2pt\waitany.vcproj", "{3857C1BB-751A-4979-BFC1-B18976414314}"
	ProjectSection(ProjectDependencies) = postProject
	EndProjectSection
EndProject
Project("{8BC9CEB8-8B4A-11D0-8D11-00A0C91BC942}") = "attrerr", "mpi\attr\attrerr.vcproj", "{5529C6B6-3B29-4332-93C2-60890A3EF9BB}"
	ProjectSection(ProjectDependencies) = postProject
	EndProjectSection
EndProject
Project("{8BC9CEB8-8B4A-11D0-8D11-00A0C91BC942}") = "attrerrcomm", "mpi\attr\attrerrcomm.vcproj", "{5B561536-0F42-4E8D-A4F0-1C3D2C4550B8}"
	ProjectSection(ProjectDependencies) = postProject
	EndProjectSection
EndProject
Project("{8BC9CEB8-8B4A-11D0-8D11-00A0C91BC942}") = "attrerrtype", "mpi\attr\attrerrtype.vcproj", "{002B92E1-D7B6-408D-A806-50F8F9ACF724}"
	ProjectSection(ProjectDependencies) = postProject
	EndProjectSection
EndProject
Project("{8BC9CEB8-8B4A-11D0-8D11-00A0C91BC942}") = "attric", "mpi\attr\attric.vcproj", "{2B8DF95C-F34D-4992-8B9E-C9F4DF01B314}"
	ProjectSection(ProjectDependencies) = postProject
	EndProjectSection
EndProject
Project("{8BC9CEB8-8B4A-11D0-8D11-00A0C91BC942}") = "attrorder", "mpi\attr\attrorder.vcproj", "{97BED09C-826B-485B-8BB2-E851A8F145ED}"
	ProjectSection(ProjectDependencies) = postProject
	EndProjectSection
EndProject
Project("{8BC9CEB8-8B4A-11D0-8D11-00A0C91BC942}") = "attrordercomm", "mpi\attr\attrordercomm.vcproj", "{AED9C4F4-E4E0-4BA4-93B1-D7AB4D418138}"
	ProjectSection(ProjectDependencies) = postProject
	EndProjectSection
EndProject
Project("{8BC9CEB8-8B4A-11D0-8D11-00A0C91BC942}") = "attrordertype", "mpi\attr\attrordertype.vcproj", "{15BED99A-5425-4A9F-955D-0A2F4C5FCFDF}"
	ProjectSection(ProjectDependencies) = postProject
	EndProjectSection
EndProject
Project("{8BC9CEB8-8B4A-11D0-8D11-00A0C91BC942}") = "attrorderwin", "mpi\attr\attrorderwin.vcproj", "{698A3506-CEBB-4861-B393-EF3B860F2CE5}"
	ProjectSection(ProjectDependencies) = postProject
	EndProjectSection
EndProject
Project("{8BC9CEB8-8B4A-11D0-8D11-00A0C91BC942}") = "attrt", "mpi\attr\attrt.vcproj", "{59BB8B59-6F80-423F-B5F1-7D30580A0E31}"
	ProjectSection(ProjectDependencies) = postProject
	EndProjectSection
EndProject
Project("{8BC9CEB8-8B4A-11D0-8D11-00A0C91BC942}") = "baseattr2", "mpi\attr\baseattr2.vcproj", "{709FD661-7BFB-469E-AAC2-611A339DB67B}"
	ProjectSection(ProjectDependencies) = postProject
	EndProjectSection
EndProject
Project("{8BC9CEB8-8B4A-11D0-8D11-00A0C91BC942}") = "baseattrcomm", "mpi\attr\baseattrcomm.vcproj", "{C8798F73-35BF-4410-9DA5-198DD48BA429}"
	ProjectSection(ProjectDependencies) = postProject
	EndProjectSection
EndProject
Project("{8BC9CEB8-8B4A-11D0-8D11-00A0C91BC942}") = "fkeyval", "mpi\attr\fkeyval.vcproj", "{D8DD1A95-37DA-4F95-98EE-879CA3BFD18D}"
	ProjectSection(ProjectDependencies) = postProject
	EndProjectSection
EndProject
Project("{8BC9CEB8-8B4A-11D0-8D11-00A0C91BC942}") = "fkeyvalcomm", "mpi\attr\fkeyvalcomm.vcproj", "{EBE086A3-2389-4C6A-9169-7614B70936DA}"
	ProjectSection(ProjectDependencies) = postProject
	EndProjectSection
EndProject
Project("{8BC9CEB8-8B4A-11D0-8D11-00A0C91BC942}") = "fkeyvaltype", "mpi\attr\fkeyvaltype.vcproj", "{C00A8302-D68E-41AD-B697-51FE2CD75EC6}"
	ProjectSection(ProjectDependencies) = postProject
	EndProjectSection
EndProject
Project("{8BC9CEB8-8B4A-11D0-8D11-00A0C91BC942}") = "fkeyvalwin", "mpi\attr\fkeyvalwin.vcproj", "{AD74D1A2-8C15-428E-8170-9E5DF0036006}"
	ProjectSection(ProjectDependencies) = postProject
	EndProjectSection
EndProject
Project("{8BC9CEB8-8B4A-11D0-8D11-00A0C91BC942}") = "cfree", "mpi\comm\cfree.vcproj", "{CFD67FD2-5036-4EEB-A8B8-2FF60EBADA13}"
	ProjectSection(ProjectDependencies) = postProject
	EndProjectSection
EndProject
Project("{8BC9CEB8-8B4A-11D0-8D11-00A0C91BC942}") = "cmfree", "mpi\comm\cmfree.vcproj", "{87057978-7DB2-4227-8E32-7498DA3D4290}"
	ProjectSection(ProjectDependencies) = postProject
	EndProjectSection
EndProject
Project("{8BC9CEB8-8B4A-11D0-8D11-00A0C91BC942}") = "commname", "mpi\comm\commname.vcproj", "{3FE05CC1-AA6B-4738-A2C4-A955AB7D31BA}"
	ProjectSection(ProjectDependencies) = postProject
	EndProjectSection
EndProject
Project("{8BC9CEB8-8B4A-11D0-8D11-00A0C91BC942}") = "ctxalloc", "mpi\comm\ctxalloc.vcproj", "{4CEACCB9-8CF9-4025-A98C-6CED6226B9F6}"
	ProjectSection(ProjectDependencies) = postProject
	EndProjectSection
EndProject
Project("{8BC9CEB8-8B4A-11D0-8D11-00A0C91BC942}") = "dup", "mpi\comm\dup.vcproj", "{B707EA37-9DC9-445D-8EA5-36E99F0E28AF}"
	ProjectSection(ProjectDependencies) = postProject
	EndProjectSection
EndProject
Project("{8BC9CEB8-8B4A-11D0-8D11-00A0C91BC942}") = "dupic", "mpi\comm\dupic.vcproj", "{28A6EF2B-F04A-4A8B-86C5-9444C91C2642}"
	ProjectSection(ProjectDependencies) = postProject
	EndProjectSection
EndProject
Project("{8BC9CEB8-8B4A-11D0-8D11-00A0C91BC942}") = "ic1", "mpi\comm\ic1.vcproj", "{20AC20E9-8B4F-4889-9F36-2F6B584A0C64}"
	ProjectSection(ProjectDependencies) = postProject
	EndProjectSection
EndProject
Project("{8BC9CEB8-8B4A-11D0-8D11-00A0C91BC942}") = "icgroup", "mpi\comm\icgroup.vcproj", "{27A6EB68-C5DA-46B1-B3A3-571C9EBABEB4}"
	ProjectSection(ProjectDependencies) = postProject
	EndProjectSection
EndProject
Project("{8BC9CEB8-8B4A-11D0-8D11-00A0C91BC942}") = "contents", "mpi\datatype\contents.vcproj", "{1D4116CC-DB04-45AB-914C-4F2368AFB22E}"
	ProjectSection(ProjectDependencies) = postProject
	EndProjectSection
EndProject
Project("{8BC9CEB8-8B4A-11D0-8D11-00A0C91BC942}") = "gaddress", "mpi\datatype\gaddress.vcproj", "{E4CD017F-B065-47F1-B346-1F219ADF47AA}"
	ProjectSection(ProjectDependencies) = postProject
	EndProjectSection
EndProject
Project("{8BC9CEB8-8B4A-11D0-8D11-00A0C91BC942}") = "getpartelm", "mpi\datatype\getpartelm.vcproj", "{B06518F1-0393-46EE-A8C5-B6D8B31D6186}"
	ProjectSection(ProjectDependencies) = postProject
	EndProjectSection
EndProject
Project("{8BC9CEB8-8B4A-11D0-8D11-00A0C91BC942}") = "lbub", "mpi\datatype\lbub.vcproj", "{CBF6F841-F17F-415B-9F32-2C22DD6A9052}"
	ProjectSection(ProjectDependencies) = postProject
	EndProjectSection
EndProject
Project("{8BC9CEB8-8B4A-11D0-8D11-00A0C91BC942}") = "localpack", "mpi\datatype\localpack.vcproj", "{D5064316-6229-40A0-A2CA-8C4A0EA5BD4F}"
	ProjectSection(ProjectDependencies) = postProject
	EndProjectSection
EndProject
Project("{8BC9CEB8-8B4A-11D0-8D11-00A0C91BC942}") = "simple-pack", "mpi\datatype\simple-pack.vcproj", "{C3D8B8EA-B9D8-40E3-88EE-6574C5CFCB98}"
	ProjectSection(ProjectDependencies) = postProject
	EndProjectSection
EndProject
Project("{8BC9CEB8-8B4A-11D0-8D11-00A0C91BC942}") = "slice-pack", "mpi\datatype\slice-pack.vcproj", "{5C16C96C-45B9-4321-84DB-25079F213B33}"
	ProjectSection(ProjectDependencies) = postProject
	EndProjectSection
EndProject
Project("{8BC9CEB8-8B4A-11D0-8D11-00A0C91BC942}") = "struct-pack", "mpi\datatype\struct-pack.vcproj", "{D18A564B-803B-47E5-81FB-26F1503DFE09}"
	ProjectSection(ProjectDependencies) = postProject
	EndProjectSection
EndProject
Project("{8BC9CEB8-8B4A-11D0-8D11-00A0C91BC942}") = "tfree", "mpi\datatype\tfree.vcproj", "{BD6D0803-B064-4E52-9921-DBC55203F561}"
	ProjectSection(ProjectDependencies) = postProject
	EndProjectSection
EndProject
Project("{8BC9CEB8-8B4A-11D0-8D11-00A0C91BC942}") = "tmatchsize", "mpi\datatype\tmatchsize.vcproj", "{60974E44-87E6-42CA-9F00-050BB5BD3B2E}"
	ProjectSection(ProjectDependencies) = postProject
	EndProjectSection
EndProject
Project("{8BC9CEB8-8B4A-11D0-8D11-00A0C91BC942}") = "transpose-pack", "mpi\datatype\transpose-pack.vcproj", "{BFA2FD03-9823-4AB7-B897-494382F05967}"
	ProjectSection(ProjectDependencies) = postProject
	EndProjectSection
EndProject
Project("{8BC9CEB8-8B4A-11D0-8D11-00A0C91BC942}") = "tresized2", "mpi\datatype\tresized2.vcproj", "{88CD8CD3-9F75-4464-9006-982567D3BA1E}"
	ProjectSection(ProjectDependencies) = postProject
	EndProjectSection
EndProject
Project("{8BC9CEB8-8B4A-11D0-8D11-00A0C91BC942}") = "tresized", "mpi\datatype\tresized.vcproj", "{76FC298E-C9A7-4703-887D-7EC1D79A52F5}"
	ProjectSection(ProjectDependencies) = postProject
	EndProjectSection
EndProject
Project("{8BC9CEB8-8B4A-11D0-8D11-00A0C91BC942}") = "typename", "mpi\datatype\typename.vcproj", "{D4A614D6-8DAE-4804-82FB-D511ED10F4EE}"
	ProjectSection(ProjectDependencies) = postProject
	EndProjectSection
EndProject
Project("{8BC9CEB8-8B4A-11D0-8D11-00A0C91BC942}") = "zeroparms", "mpi\datatype\zeroparms.vcproj", "{D36F2499-712B-499C-9917-94DBCA54CB6B}"
	ProjectSection(ProjectDependencies) = postProject
	EndProjectSection
EndProject
Project("{8BC9CEB8-8B4A-11D0-8D11-00A0C91BC942}") = "adderr", "mpi\errhan\adderr.vcproj", "{2E7ADB87-7CB6-42C9-8FA9-01F9EA628645}"
	ProjectSection(ProjectDependencies) = postProject
	EndProjectSection
EndProject
Project("{8BC9CEB8-8B4A-11D0-8D11-00A0C91BC942}") = "commcall", "mpi\errhan\commcall.vcproj", "{401A4F5C-FDEF-4582-AFC6-F91404244213}"
	ProjectSection(ProjectDependencies) = postProject
	EndProjectSection
EndProject
Project("{8BC9CEB8-8B4A-11D0-8D11-00A0C91BC942}") = "winerr2", "mpi\errhan\winerr2.vcproj", "{BEEE72B8-A7D8-433B-AEF6-924AB460DE3A}"
	ProjectSection(ProjectDependencies) = postProject
	EndProjectSection
EndProject
Project("{8BC9CEB8-8B4A-11D0-8D11-00A0C91BC942}") = "winerr", "mpi\errhan\winerr.vcproj", "{2A48054F-F62C-437A-BE33-D8A90B87321E}"
	ProjectSection(ProjectDependencies) = postProject
	EndProjectSection
EndProject
Project("{8BC9CEB8-8B4A-11D0-8D11-00A0C91BC942}") = "groupcreate", "mpi\group\groupcreate.vcproj", "{B51D595E-ABD7-469D-9BE6-3BFE883E8F25}"
	ProjectSection(ProjectDependencies) = postProject
	EndProjectSection
EndProject
Project("{8BC9CEB8-8B4A-11D0-8D11-00A0C91BC942}") = "groupnullincl", "mpi\group\groupnullincl.vcproj", "{2ED8AE70-3FC4-4520-838C-560A78584E5B}"
	ProjectSection(ProjectDependencies) = postProject
	EndProjectSection
EndProject
Project("{8BC9CEB8-8B4A-11D0-8D11-00A0C91BC942}") = "grouptest2", "mpi\group\grouptest2.vcproj", "{2CFA1E19-0882-4FEC-BA84-C6A5C26D5130}"
	ProjectSection(ProjectDependencies) = postProject
	EndProjectSection
EndProject
Project("{8BC9CEB8-8B4A-11D0-8D11-00A0C91BC942}") = "grouptest", "mpi\group\grouptest.vcproj", "{AEB90440-0783-4A3D-A497-F04E4F7690F6}"
	ProjectSection(ProjectDependencies) = postProject
	EndProjectSection
EndProject
Project("{8BC9CEB8-8B4A-11D0-8D11-00A0C91BC942}") = "infodel", "mpi\info\infodel.vcproj", "{1CDE8D70-D193-4CE8-A14B-F86C2AB0BBD2}"
	ProjectSection(ProjectDependencies) = postProject
	EndProjectSection
EndProject
Project("{8BC9CEB8-8B4A-11D0-8D11-00A0C91BC942}") = "infodup", "mpi\info\infodup.vcproj", "{79388E95-5AEE-45C5-AD69-B79AF965A0CD}"
	ProjectSection(ProjectDependencies) = postProject
	EndProjectSection
EndProject
Project("{8BC9CEB8-8B4A-11D0-8D11-00A0C91BC942}") = "infomany", "mpi\info\infomany.vcproj", "{E9A89C7C-23EC-43C6-9669-E20546522FCD}"
	ProjectSection(ProjectDependencies) = postProject
	EndProjectSection
EndProject
Project("{8BC9CEB8-8B4A-11D0-8D11-00A0C91BC942}") = "infoorder", "mpi\info\infoorder.vcproj", "{45F27896-C0C1-44F2-93E8-53BA0DE9AA70}"
	ProjectSection(ProjectDependencies) = postProject
	EndProjectSection
EndProject
Project("{8BC9CEB8-8B4A-11D0-8D11-00A0C91BC942}") = "infotest", "mpi\info\infotest.vcproj", "{CA0861E7-9D6B-4FD6-BCEB-6EDDBD8026C7}"
	ProjectSection(ProjectDependencies) = postProject
	EndProjectSection
EndProject
Project("{8BC9CEB8-8B4A-11D0-8D11-00A0C91BC942}") = "infovallen", "mpi\info\infovallen.vcproj", "{7A5D7A88-8ED2-401C-AA06-E350D1059A31}"
	ProjectSection(ProjectDependencies) = postProject
	EndProjectSection
EndProject
Project("{8BC9CEB8-8B4A-11D0-8D11-00A0C91BC942}") = "exitst1", "mpi\init\exitst1.vcproj", "{9911E52C-0922-4E04-8E86-74AE925A05B4}"
	ProjectSection(ProjectDependencies) = postProject
	EndProjectSection
EndProject
Project("{8BC9CEB8-8B4A-11D0-8D11-00A0C91BC942}") = "exitst2", "mpi\init\exitst2.vcproj", "{0C9FF8B3-A9A4-40A2-9DF5-2FB93B836CB3}"
	ProjectSection(ProjectDependencies) = postProject
	EndProjectSection
EndProject
Project("{8BC9CEB8-8B4A-11D0-8D11-00A0C91BC942}") = "initstat", "mpi\init\initstat.vcproj", "{7C8E26FE-4785-4435-ACCF-A97E825D884D}"
	ProjectSection(ProjectDependencies) = postProject
	EndProjectSection
EndProject
Project("{8BC9CEB8-8B4A-11D0-8D11-00A0C91BC942}") = "version", "mpi\init\version.vcproj", "{58CE1D29-69F9-4306-BF05-B4651C3CA21A}"
	ProjectSection(ProjectDependencies) = postProject
	EndProjectSection
EndProject
Project("{8BC9CEB8-8B4A-11D0-8D11-00A0C91BC942}") = "async_any", "mpi\io\async_any.vcproj", "{F6D3C2AC-137F-4583-AB67-FBDD19384FF6}"
	ProjectSection(ProjectDependencies) = postProject
	EndProjectSection
EndProject
Project("{8BC9CEB8-8B4A-11D0-8D11-00A0C91BC942}") = "getextent", "mpi\io\getextent.vcproj", "{0E41B2E6-B42A-4051-B54E-1BA8BBFC0603}"
	ProjectSection(ProjectDependencies) = postProject
	EndProjectSection
EndProject
Project("{8BC9CEB8-8B4A-11D0-8D11-00A0C91BC942}") = "i_noncontig", "mpi\io\i_noncontig.vcproj", "{249220EE-2867-4D7C-8939-D2C946BE89AD}"
	ProjectSection(ProjectDependencies) = postProject
	EndProjectSection
EndProject
Project("{8BC9CEB8-8B4A-11D0-8D11-00A0C91BC942}") = "rdwrord", "mpi\io\rdwrord.vcproj", "{D2ED7933-DE4F-4328-88D7-F79A395D6C1A}"
	ProjectSection(ProjectDependencies) = postProject
	EndProjectSection
EndProject
Project("{8BC9CEB8-8B4A-11D0-8D11-00A0C91BC942}") = "rdwrzero", "mpi\io\rdwrzero.vcproj", "{FC7CAEA5-FEC6-42CC-A3F7-F75945C99320}"
	ProjectSection(ProjectDependencies) = postProject
	EndProjectSection
EndProject
Project("{8BC9CEB8-8B4A-11D0-8D11-00A0C91BC942}") = "setinfo", "mpi\io\setinfo.vcproj", "{8B686BDE-9F8B-4014-B4CA-2A7721BECF65}"
	ProjectSection(ProjectDependencies) = postProject
	EndProjectSection
EndProject
Project("{8BC9CEB8-8B4A-11D0-8D11-00A0C91BC942}") = "setviewcur", "mpi\io\setviewcur.vcproj", "{F54D26D5-9C02-4399-9DFF-1EF812F05527}"
	ProjectSection(ProjectDependencies) = postProject
	EndProjectSection
EndProject
Project("{8BC9CEB8-8B4A-11D0-8D11-00A0C91BC942}") = "accfence1", "mpi\rma\accfence1.vcproj", "{91737903-7A8F-4A29-AEAC-858D39C6107A}"
	ProjectSection(ProjectDependencies) = postProject
	EndProjectSection
EndProject
Project("{8BC9CEB8-8B4A-11D0-8D11-00A0C91BC942}") = "accfence2", "mpi\rma\accfence2.vcproj", "{9E3B8BCC-3D9C-4CC2-A2A4-BAA62839CB6D}"
	ProjectSection(ProjectDependencies) = postProject
	EndProjectSection
EndProject
Project("{8BC9CEB8-8B4A-11D0-8D11-00A0C91BC942}") = "allocmem", "mpi\rma\allocmem.vcproj", "{D7CB348D-FE5C-4E19-9930-E2430706BADA}"
	ProjectSection(ProjectDependencies) = postProject
	EndProjectSection
EndProject
Project("{8BC9CEB8-8B4A-11D0-8D11-00A0C91BC942}") = "getfence1", "mpi\rma\getfence1.vcproj", "{82D553A2-23AE-4F84-8214-C66AE51F5ED5}"
	ProjectSection(ProjectDependencies) = postProject
	EndProjectSection
EndProject
Project("{8BC9CEB8-8B4A-11D0-8D11-00A0C91BC942}") = "getgroup", "mpi\rma\getgroup.vcproj", "{D0F82C67-8785-4445-9C12-E2D78E49ED5F}"
	ProjectSection(ProjectDependencies) = postProject
	EndProjectSection
EndProject
Project("{8BC9CEB8-8B4A-11D0-8D11-00A0C91BC942}") = "putpscw1", "mpi\rma\putpscw1.vcproj", "{FE1D57D1-AFE2-42DF-AE16-4BFB759D4270}"
	ProjectSection(ProjectDependencies) = postProject
	EndProjectSection
EndProject
Project("{8BC9CEB8-8B4A-11D0-8D11-00A0C91BC942}") = "test1", "mpi\rma\test1.vcproj", "{86A05B9E-9DA6-49A7-8D9A-134A237107AA}"
	ProjectSection(ProjectDependencies) = postProject
	EndProjectSection
EndProject
Project("{8BC9CEB8-8B4A-11D0-8D11-00A0C91BC942}") = "test2", "mpi\rma\test2.vcproj", "{7D28E8A0-65E8-45C1-BEBE-B93DF2B94411}"
	ProjectSection(ProjectDependencies) = postProject
	EndProjectSection
EndProject
Project("{8BC9CEB8-8B4A-11D0-8D11-00A0C91BC942}") = "test3", "mpi\rma\test3.vcproj", "{271320F2-ACC3-4B24-89E5-AE724168E24C}"
	ProjectSection(ProjectDependencies) = postProject
	EndProjectSection
EndProject
Project("{8BC9CEB8-8B4A-11D0-8D11-00A0C91BC942}") = "test5", "mpi\rma\test5.vcproj", "{C8A0BD17-EAF1-430B-98BB-4D984FDCB8BD}"
	ProjectSection(ProjectDependencies) = postProject
	EndProjectSection
EndProject
Project("{8BC9CEB8-8B4A-11D0-8D11-00A0C91BC942}") = "transpose1", "mpi\rma\transpose1.vcproj", "{9164EB40-5A2F-4522-B1CB-78EE2D54A383}"
	ProjectSection(ProjectDependencies) = postProject
	EndProjectSection
EndProject
Project("{8BC9CEB8-8B4A-11D0-8D11-00A0C91BC942}") = "transpose2", "mpi\rma\transpose2.vcproj", "{22F3CD77-6987-4C05-9D16-A251AAA45197}"
	ProjectSection(ProjectDependencies) = postProject
	EndProjectSection
EndProject
Project("{8BC9CEB8-8B4A-11D0-8D11-00A0C91BC942}") = "transpose3", "mpi\rma\transpose3.vcproj", "{5E4254DC-BC7E-4772-9D84-2EA204DFF18E}"
	ProjectSection(ProjectDependencies) = postProject
	EndProjectSection
EndProject
Project("{8BC9CEB8-8B4A-11D0-8D11-00A0C91BC942}") = "transpose5", "mpi\rma\transpose5.vcproj", "{A277554A-8071-4F8F-B5B6-D79610C2C815}"
	ProjectSection(ProjectDependencies) = postProject
	EndProjectSection
EndProject
Project("{8BC9CEB8-8B4A-11D0-8D11-00A0C91BC942}") = "transpose6", "mpi\rma\transpose6.vcproj", "{F355E85D-B241-48BC-81A4-3F0A6BFF9398}"
	ProjectSection(ProjectDependencies) = postProject
	EndProjectSection
EndProject
Project("{8BC9CEB8-8B4A-11D0-8D11-00A0C91BC942}") = "transpose7", "mpi\rma\transpose7.vcproj", "{E6FA56B7-6156-455A-B2B5-A0D53A30CBBA}"
	ProjectSection(ProjectDependencies) = postProject
	EndProjectSection
EndProject
Project("{8BC9CEB8-8B4A-11D0-8D11-00A0C91BC942}") = "winname", "mpi\rma\winname.vcproj", "{1B5A85CC-4334-4D35-9999-F1D5E8C0FAAA}"
	ProjectSection(ProjectDependencies) = postProject
	EndProjectSection
EndProject
Project("{8BC9CEB8-8B4A-11D0-8D11-00A0C91BC942}") = "namepub", "mpi\spawn\namepub.vcproj", "{C956F4AD-9BCF-4C33-9223-3407B00062C4}"
	ProjectSection(ProjectDependencies) = postProject
	EndProjectSection
EndProject
Project("{8BC9CEB8-8B4A-11D0-8D11-00A0C91BC942}") = "spawn1", "mpi\spawn\spawn1.vcproj", "{05D8601A-3C10-4E9E-BEBB-CF2D366AE96C}"
	ProjectSection(ProjectDependencies) = postProject
	EndProjectSection
EndProject
Project("{8BC9CEB8-8B4A-11D0-8D11-00A0C91BC942}") = "spawnargv", "mpi\spawn\spawnargv.vcproj", "{16530C9B-65D1-431A-81E7-4F3FFA00E9CA}"
	ProjectSection(ProjectDependencies) = postProject
	EndProjectSection
EndProject
Project("{8BC9CEB8-8B4A-11D0-8D11-00A0C91BC942}") = "cartmap1", "mpi\topo\cartmap1.vcproj", "{5FA740D7-3C9F-4B90-B866-38C4F20DA291}"
	ProjectSection(ProjectDependencies) = postProject
	EndProjectSection
EndProject
Project("{8BC9CEB8-8B4A-11D0-8D11-00A0C91BC942}") = "cartshift1", "mpi\topo\cartshift1.vcproj", "{1B68C0E3-47A2-468B-B767-C7D57A642E8C}"
	ProjectSection(ProjectDependencies) = postProject
	EndProjectSection
EndProject
Project("{8BC9CEB8-8B4A-11D0-8D11-00A0C91BC942}") = "cartsuball", "mpi\topo\cartsuball.vcproj", "{D0657519-B161-4FF4-9F30-800FDB421579}"
	ProjectSection(ProjectDependencies) = postProject
	EndProjectSection
EndProject
Project("{8BC9CEB8-8B4A-11D0-8D11-00A0C91BC942}") = "dims1", "mpi\topo\dims1.vcproj", "{50A6F471-2BBB-4E3D-A63A-87FA4B16ED0C}"
	ProjectSection(ProjectDependencies) = postProject
	EndProjectSection
EndProject
Project("{8BC9CEB8-8B4A-11D0-8D11-00A0C91BC942}") = "graphcr", "mpi\topo\graphcr.vcproj", "{AB10E4D1-7846-41F5-8107-A60B3C39BFD5}"
	ProjectSection(ProjectDependencies) = postProject
	EndProjectSection
EndProject
Project("{8BC9CEB8-8B4A-11D0-8D11-00A0C91BC942}") = "graphmap1", "mpi\topo\graphmap1.vcproj", "{675D8D5D-F484-49C0-BF97-4B1F0934022E}"
	ProjectSection(ProjectDependencies) = postProject
	EndProjectSection
EndProject
Project("{8BC9CEB8-8B4A-11D0-8D11-00A0C91BC942}") = "topodup", "mpi\topo\topodup.vcproj", "{3C9C8A18-1D2D-4FC9-9590-5FC270E73DF9}"
	ProjectSection(ProjectDependencies) = postProject
	EndProjectSection
EndProject
Project("{8BC9CEB8-8B4A-11D0-8D11-00A0C91BC942}") = "topotest", "mpi\topo\topotest.vcproj", "{267B6702-1FBB-4D1B-A7DD-57C32F11D59E}"
	ProjectSection(ProjectDependencies) = postProject
	EndProjectSection
EndProject
Project("{8BC9CEB8-8B4A-11D0-8D11-00A0C91BC942}") = "baseattrwin", "mpi\attr\baseattrwin.vcproj", "{EC18613E-099E-4CB1-B219-FBA7C38CB5D3}"
	ProjectSection(ProjectDependencies) = postProject
	EndProjectSection
EndProject
Project("{8BC9CEB8-8B4A-11D0-8D11-00A0C91BC942}") = "opland", "mpi\coll\opland.vcproj", "{DEDE55D5-F182-4241-81BA-4F9A183107BE}"
	ProjectSection(ProjectDependencies) = postProject
	EndProjectSection
EndProject
Project("{8BC9CEB8-8B4A-11D0-8D11-00A0C91BC942}") = "oplor", "mpi\coll\oplor.vcproj", "{73107D39-0B79-47EA-B528-A26B63C1F366}"
	ProjectSection(ProjectDependencies) = postProject
	EndProjectSection
EndProject
Project("{8BC9CEB8-8B4A-11D0-8D11-00A0C91BC942}") = "oplxor", "mpi\coll\oplxor.vcproj", "{057BB4D7-AE8E-4335-90BF-715A8A6F8373}"
	ProjectSection(ProjectDependencies) = postProject
	EndProjectSection
EndProject
Global
	GlobalSection(SolutionConfiguration) = preSolution
		Debug = Debug
		Release = Release
	EndGlobalSection
	GlobalSection(ProjectConfiguration) = postSolution
		{F7292F4D-75BB-4C21-A62A-AFE679B8F84F}.Debug.ActiveCfg = Debug|Win32
		{F7292F4D-75BB-4C21-A62A-AFE679B8F84F}.Debug.Build.0 = Debug|Win32
		{F7292F4D-75BB-4C21-A62A-AFE679B8F84F}.Release.ActiveCfg = Release|Win32
		{F7292F4D-75BB-4C21-A62A-AFE679B8F84F}.Release.Build.0 = Release|Win32
		{8B466291-6AF7-4A43-8D9F-F8056438F40B}.Debug.ActiveCfg = Debug|Win32
		{8B466291-6AF7-4A43-8D9F-F8056438F40B}.Debug.Build.0 = Debug|Win32
		{8B466291-6AF7-4A43-8D9F-F8056438F40B}.Release.ActiveCfg = Release|Win32
		{8B466291-6AF7-4A43-8D9F-F8056438F40B}.Release.Build.0 = Release|Win32
		{46B646E0-2A2A-407F-8719-EE00841C95C2}.Debug.ActiveCfg = Debug|Win32
		{46B646E0-2A2A-407F-8719-EE00841C95C2}.Debug.Build.0 = Debug|Win32
		{46B646E0-2A2A-407F-8719-EE00841C95C2}.Release.ActiveCfg = Release|Win32
		{46B646E0-2A2A-407F-8719-EE00841C95C2}.Release.Build.0 = Release|Win32
		{E7914EE1-F667-476E-978E-FC403E2DA4BB}.Debug.ActiveCfg = Debug|Win32
		{E7914EE1-F667-476E-978E-FC403E2DA4BB}.Debug.Build.0 = Debug|Win32
		{E7914EE1-F667-476E-978E-FC403E2DA4BB}.Release.ActiveCfg = Release|Win32
		{E7914EE1-F667-476E-978E-FC403E2DA4BB}.Release.Build.0 = Release|Win32
		{551E21C5-7085-466E-9A7E-8EC3117168B2}.Debug.ActiveCfg = Debug|Win32
		{551E21C5-7085-466E-9A7E-8EC3117168B2}.Debug.Build.0 = Debug|Win32
		{551E21C5-7085-466E-9A7E-8EC3117168B2}.Release.ActiveCfg = Release|Win32
		{551E21C5-7085-466E-9A7E-8EC3117168B2}.Release.Build.0 = Release|Win32
		{007A861C-6EA1-4FF5-BD37-93C21EDE532D}.Debug.ActiveCfg = Debug|Win32
		{007A861C-6EA1-4FF5-BD37-93C21EDE532D}.Debug.Build.0 = Debug|Win32
		{007A861C-6EA1-4FF5-BD37-93C21EDE532D}.Release.ActiveCfg = Release|Win32
		{007A861C-6EA1-4FF5-BD37-93C21EDE532D}.Release.Build.0 = Release|Win32
		{D9F19E35-7870-4549-A69D-AD810E8BC167}.Debug.ActiveCfg = Debug|Win32
		{D9F19E35-7870-4549-A69D-AD810E8BC167}.Debug.Build.0 = Debug|Win32
		{D9F19E35-7870-4549-A69D-AD810E8BC167}.Release.ActiveCfg = Release|Win32
		{D9F19E35-7870-4549-A69D-AD810E8BC167}.Release.Build.0 = Release|Win32
		{64826B3B-5D4D-426A-BA86-C7AC08DAD826}.Debug.ActiveCfg = Debug|Win32
		{64826B3B-5D4D-426A-BA86-C7AC08DAD826}.Debug.Build.0 = Debug|Win32
		{64826B3B-5D4D-426A-BA86-C7AC08DAD826}.Release.ActiveCfg = Release|Win32
		{64826B3B-5D4D-426A-BA86-C7AC08DAD826}.Release.Build.0 = Release|Win32
		{DF2577A1-B25E-4538-9183-40A7B9907B73}.Debug.ActiveCfg = Debug|Win32
		{DF2577A1-B25E-4538-9183-40A7B9907B73}.Debug.Build.0 = Debug|Win32
		{DF2577A1-B25E-4538-9183-40A7B9907B73}.Release.ActiveCfg = Release|Win32
		{DF2577A1-B25E-4538-9183-40A7B9907B73}.Release.Build.0 = Release|Win32
		{D8480A0D-B48E-47E8-AD81-E13F9DD834B1}.Debug.ActiveCfg = Debug|Win32
		{D8480A0D-B48E-47E8-AD81-E13F9DD834B1}.Debug.Build.0 = Debug|Win32
		{D8480A0D-B48E-47E8-AD81-E13F9DD834B1}.Release.ActiveCfg = Release|Win32
		{D8480A0D-B48E-47E8-AD81-E13F9DD834B1}.Release.Build.0 = Release|Win32
		{78527CD3-9616-4DEB-A1F8-B872272F97A8}.Debug.ActiveCfg = Debug|Win32
		{78527CD3-9616-4DEB-A1F8-B872272F97A8}.Debug.Build.0 = Debug|Win32
		{78527CD3-9616-4DEB-A1F8-B872272F97A8}.Release.ActiveCfg = Release|Win32
		{78527CD3-9616-4DEB-A1F8-B872272F97A8}.Release.Build.0 = Release|Win32
		{B658A7CA-19A3-4527-A359-F16515CB0B77}.Debug.ActiveCfg = Debug|Win32
		{B658A7CA-19A3-4527-A359-F16515CB0B77}.Debug.Build.0 = Debug|Win32
		{B658A7CA-19A3-4527-A359-F16515CB0B77}.Release.ActiveCfg = Release|Win32
		{B658A7CA-19A3-4527-A359-F16515CB0B77}.Release.Build.0 = Release|Win32
		{246747B8-FACB-49B8-A9EA-424E701A5185}.Debug.ActiveCfg = Debug|Win32
		{246747B8-FACB-49B8-A9EA-424E701A5185}.Debug.Build.0 = Debug|Win32
		{246747B8-FACB-49B8-A9EA-424E701A5185}.Release.ActiveCfg = Release|Win32
		{246747B8-FACB-49B8-A9EA-424E701A5185}.Release.Build.0 = Release|Win32
		{3412C206-6CB7-4C29-A8CA-E7497C3071E7}.Debug.ActiveCfg = Debug|Win32
		{3412C206-6CB7-4C29-A8CA-E7497C3071E7}.Debug.Build.0 = Debug|Win32
		{3412C206-6CB7-4C29-A8CA-E7497C3071E7}.Release.ActiveCfg = Release|Win32
		{3412C206-6CB7-4C29-A8CA-E7497C3071E7}.Release.Build.0 = Release|Win32
		{044046B7-8955-4AD3-8885-CDD3BD79F119}.Debug.ActiveCfg = Debug|Win32
		{044046B7-8955-4AD3-8885-CDD3BD79F119}.Debug.Build.0 = Debug|Win32
		{044046B7-8955-4AD3-8885-CDD3BD79F119}.Release.ActiveCfg = Release|Win32
		{044046B7-8955-4AD3-8885-CDD3BD79F119}.Release.Build.0 = Release|Win32
		{08FC064D-E650-4B50-8F6F-98B184979DE7}.Debug.ActiveCfg = Debug|Win32
		{08FC064D-E650-4B50-8F6F-98B184979DE7}.Debug.Build.0 = Debug|Win32
		{08FC064D-E650-4B50-8F6F-98B184979DE7}.Release.ActiveCfg = Release|Win32
		{08FC064D-E650-4B50-8F6F-98B184979DE7}.Release.Build.0 = Release|Win32
		{D601B4A9-8295-4C1D-A526-74A5533C9C13}.Debug.ActiveCfg = Debug|Win32
		{D601B4A9-8295-4C1D-A526-74A5533C9C13}.Debug.Build.0 = Debug|Win32
		{D601B4A9-8295-4C1D-A526-74A5533C9C13}.Release.ActiveCfg = Release|Win32
		{D601B4A9-8295-4C1D-A526-74A5533C9C13}.Release.Build.0 = Release|Win32
		{5B3E0EEF-427A-4018-871C-5D6EE826F7CF}.Debug.ActiveCfg = Debug|Win32
		{5B3E0EEF-427A-4018-871C-5D6EE826F7CF}.Debug.Build.0 = Debug|Win32
		{5B3E0EEF-427A-4018-871C-5D6EE826F7CF}.Release.ActiveCfg = Release|Win32
		{5B3E0EEF-427A-4018-871C-5D6EE826F7CF}.Release.Build.0 = Release|Win32
		{5E1E5DAF-84EC-429F-A992-E37FB2E43C1B}.Debug.ActiveCfg = Debug|Win32
		{5E1E5DAF-84EC-429F-A992-E37FB2E43C1B}.Debug.Build.0 = Debug|Win32
		{5E1E5DAF-84EC-429F-A992-E37FB2E43C1B}.Release.ActiveCfg = Release|Win32
		{5E1E5DAF-84EC-429F-A992-E37FB2E43C1B}.Release.Build.0 = Release|Win32
		{C36B9834-DFB1-4A12-8765-9C82C721E998}.Debug.ActiveCfg = Debug|Win32
		{C36B9834-DFB1-4A12-8765-9C82C721E998}.Debug.Build.0 = Debug|Win32
		{C36B9834-DFB1-4A12-8765-9C82C721E998}.Release.ActiveCfg = Release|Win32
		{C36B9834-DFB1-4A12-8765-9C82C721E998}.Release.Build.0 = Release|Win32
		{863E4416-360B-4893-87A5-0CE92CDF89F8}.Debug.ActiveCfg = Debug|Win32
		{863E4416-360B-4893-87A5-0CE92CDF89F8}.Debug.Build.0 = Debug|Win32
		{863E4416-360B-4893-87A5-0CE92CDF89F8}.Release.ActiveCfg = Release|Win32
		{863E4416-360B-4893-87A5-0CE92CDF89F8}.Release.Build.0 = Release|Win32
		{A82E32B2-938F-4563-8926-7334B8B9A35A}.Debug.ActiveCfg = Debug|Win32
		{A82E32B2-938F-4563-8926-7334B8B9A35A}.Debug.Build.0 = Debug|Win32
		{A82E32B2-938F-4563-8926-7334B8B9A35A}.Release.ActiveCfg = Release|Win32
		{A82E32B2-938F-4563-8926-7334B8B9A35A}.Release.Build.0 = Release|Win32
		{4172EAFE-FFDB-4423-A362-8ABAA8A1DA3B}.Debug.ActiveCfg = Debug|Win32
		{4172EAFE-FFDB-4423-A362-8ABAA8A1DA3B}.Debug.Build.0 = Debug|Win32
		{4172EAFE-FFDB-4423-A362-8ABAA8A1DA3B}.Release.ActiveCfg = Release|Win32
		{4172EAFE-FFDB-4423-A362-8ABAA8A1DA3B}.Release.Build.0 = Release|Win32
		{DBDFF30C-6DD2-4BAF-8F24-152AFF394B8A}.Debug.ActiveCfg = Debug|Win32
		{DBDFF30C-6DD2-4BAF-8F24-152AFF394B8A}.Debug.Build.0 = Debug|Win32
		{DBDFF30C-6DD2-4BAF-8F24-152AFF394B8A}.Release.ActiveCfg = Release|Win32
		{DBDFF30C-6DD2-4BAF-8F24-152AFF394B8A}.Release.Build.0 = Release|Win32
		{C706D27E-6430-45E6-A1C4-F4D75D4D2C14}.Debug.ActiveCfg = Debug|Win32
		{C706D27E-6430-45E6-A1C4-F4D75D4D2C14}.Debug.Build.0 = Debug|Win32
		{C706D27E-6430-45E6-A1C4-F4D75D4D2C14}.Release.ActiveCfg = Release|Win32
		{C706D27E-6430-45E6-A1C4-F4D75D4D2C14}.Release.Build.0 = Release|Win32
		{1964388B-D6B6-40CF-861B-2E432BE0FB2C}.Debug.ActiveCfg = Debug|Win32
		{1964388B-D6B6-40CF-861B-2E432BE0FB2C}.Debug.Build.0 = Debug|Win32
		{1964388B-D6B6-40CF-861B-2E432BE0FB2C}.Release.ActiveCfg = Release|Win32
		{1964388B-D6B6-40CF-861B-2E432BE0FB2C}.Release.Build.0 = Release|Win32
		{0AEB1C6F-775F-4209-A27D-3C8A6D2EE3A5}.Debug.ActiveCfg = Debug|Win32
		{0AEB1C6F-775F-4209-A27D-3C8A6D2EE3A5}.Debug.Build.0 = Debug|Win32
		{0AEB1C6F-775F-4209-A27D-3C8A6D2EE3A5}.Release.ActiveCfg = Release|Win32
		{0AEB1C6F-775F-4209-A27D-3C8A6D2EE3A5}.Release.Build.0 = Release|Win32
		{140B7942-8182-45B7-A517-683648498ED6}.Debug.ActiveCfg = Debug|Win32
		{140B7942-8182-45B7-A517-683648498ED6}.Debug.Build.0 = Debug|Win32
		{140B7942-8182-45B7-A517-683648498ED6}.Release.ActiveCfg = Release|Win32
		{140B7942-8182-45B7-A517-683648498ED6}.Release.Build.0 = Release|Win32
		{43271445-D65F-4DD3-BEEE-0C4E768DA2BC}.Debug.ActiveCfg = Debug|Win32
		{43271445-D65F-4DD3-BEEE-0C4E768DA2BC}.Debug.Build.0 = Debug|Win32
		{43271445-D65F-4DD3-BEEE-0C4E768DA2BC}.Release.ActiveCfg = Release|Win32
		{43271445-D65F-4DD3-BEEE-0C4E768DA2BC}.Release.Build.0 = Release|Win32
		{96C5552B-A20E-4BA2-9505-A2BAA2CB94BE}.Debug.ActiveCfg = Debug|Win32
		{96C5552B-A20E-4BA2-9505-A2BAA2CB94BE}.Debug.Build.0 = Debug|Win32
		{96C5552B-A20E-4BA2-9505-A2BAA2CB94BE}.Release.ActiveCfg = Release|Win32
		{96C5552B-A20E-4BA2-9505-A2BAA2CB94BE}.Release.Build.0 = Release|Win32
		{491B3068-9F4A-4D7C-9AAB-F38DEEBE6FF1}.Debug.ActiveCfg = Debug|Win32
		{491B3068-9F4A-4D7C-9AAB-F38DEEBE6FF1}.Debug.Build.0 = Debug|Win32
		{491B3068-9F4A-4D7C-9AAB-F38DEEBE6FF1}.Release.ActiveCfg = Release|Win32
		{491B3068-9F4A-4D7C-9AAB-F38DEEBE6FF1}.Release.Build.0 = Release|Win32
		{C65AB22E-1662-4F4D-865C-48AF0DCC32FB}.Debug.ActiveCfg = Debug|Win32
		{C65AB22E-1662-4F4D-865C-48AF0DCC32FB}.Debug.Build.0 = Debug|Win32
		{C65AB22E-1662-4F4D-865C-48AF0DCC32FB}.Release.ActiveCfg = Release|Win32
		{C65AB22E-1662-4F4D-865C-48AF0DCC32FB}.Release.Build.0 = Release|Win32
		{CFF1FEA7-E1B9-4486-8FA1-9A315F15F048}.Debug.ActiveCfg = Debug|Win32
		{CFF1FEA7-E1B9-4486-8FA1-9A315F15F048}.Debug.Build.0 = Debug|Win32
		{CFF1FEA7-E1B9-4486-8FA1-9A315F15F048}.Release.ActiveCfg = Release|Win32
		{CFF1FEA7-E1B9-4486-8FA1-9A315F15F048}.Release.Build.0 = Release|Win32
		{9AD53F5C-B6BC-40E3-BC20-D5367F18A796}.Debug.ActiveCfg = Debug|Win32
		{9AD53F5C-B6BC-40E3-BC20-D5367F18A796}.Debug.Build.0 = Debug|Win32
		{9AD53F5C-B6BC-40E3-BC20-D5367F18A796}.Release.ActiveCfg = Release|Win32
		{9AD53F5C-B6BC-40E3-BC20-D5367F18A796}.Release.Build.0 = Release|Win32
		{4F513723-9B04-48B1-B2DB-0EF073F08C94}.Debug.ActiveCfg = Debug|Win32
		{4F513723-9B04-48B1-B2DB-0EF073F08C94}.Debug.Build.0 = Debug|Win32
		{4F513723-9B04-48B1-B2DB-0EF073F08C94}.Release.ActiveCfg = Release|Win32
		{4F513723-9B04-48B1-B2DB-0EF073F08C94}.Release.Build.0 = Release|Win32
		{A20C0FB2-5145-4671-9019-1195A6C064AD}.Debug.ActiveCfg = Debug|Win32
		{A20C0FB2-5145-4671-9019-1195A6C064AD}.Debug.Build.0 = Debug|Win32
		{A20C0FB2-5145-4671-9019-1195A6C064AD}.Release.ActiveCfg = Release|Win32
		{A20C0FB2-5145-4671-9019-1195A6C064AD}.Release.Build.0 = Release|Win32
		{70BF79AC-1BDC-4BC5-B8C5-3B812B3B1100}.Debug.ActiveCfg = Debug|Win32
		{70BF79AC-1BDC-4BC5-B8C5-3B812B3B1100}.Debug.Build.0 = Debug|Win32
		{70BF79AC-1BDC-4BC5-B8C5-3B812B3B1100}.Release.ActiveCfg = Release|Win32
		{70BF79AC-1BDC-4BC5-B8C5-3B812B3B1100}.Release.Build.0 = Release|Win32
		{379F6459-F2B7-4C19-9974-D3871A36BFE7}.Debug.ActiveCfg = Debug|Win32
		{379F6459-F2B7-4C19-9974-D3871A36BFE7}.Debug.Build.0 = Debug|Win32
		{379F6459-F2B7-4C19-9974-D3871A36BFE7}.Release.ActiveCfg = Release|Win32
		{379F6459-F2B7-4C19-9974-D3871A36BFE7}.Release.Build.0 = Release|Win32
		{D63A020E-5B88-436E-B084-47D1342DF827}.Debug.ActiveCfg = Debug|Win32
		{D63A020E-5B88-436E-B084-47D1342DF827}.Debug.Build.0 = Debug|Win32
		{D63A020E-5B88-436E-B084-47D1342DF827}.Release.ActiveCfg = Release|Win32
		{D63A020E-5B88-436E-B084-47D1342DF827}.Release.Build.0 = Release|Win32
		{75B927FD-8998-4F3D-9C15-D608B0705DFF}.Debug.ActiveCfg = Debug|Win32
		{75B927FD-8998-4F3D-9C15-D608B0705DFF}.Debug.Build.0 = Debug|Win32
		{75B927FD-8998-4F3D-9C15-D608B0705DFF}.Release.ActiveCfg = Release|Win32
		{75B927FD-8998-4F3D-9C15-D608B0705DFF}.Release.Build.0 = Release|Win32
		{34902079-11FA-4612-822F-863FC4B3359F}.Debug.ActiveCfg = Debug|Win32
		{34902079-11FA-4612-822F-863FC4B3359F}.Debug.Build.0 = Debug|Win32
		{34902079-11FA-4612-822F-863FC4B3359F}.Release.ActiveCfg = Release|Win32
		{34902079-11FA-4612-822F-863FC4B3359F}.Release.Build.0 = Release|Win32
		{AB1E5DF7-6FC5-467B-8203-5C5A2591F50F}.Debug.ActiveCfg = Debug|Win32
		{AB1E5DF7-6FC5-467B-8203-5C5A2591F50F}.Debug.Build.0 = Debug|Win32
		{AB1E5DF7-6FC5-467B-8203-5C5A2591F50F}.Release.ActiveCfg = Release|Win32
		{AB1E5DF7-6FC5-467B-8203-5C5A2591F50F}.Release.Build.0 = Release|Win32
		{B9006465-4551-46B2-9F2C-F06533B90B5E}.Debug.ActiveCfg = Debug|Win32
		{B9006465-4551-46B2-9F2C-F06533B90B5E}.Debug.Build.0 = Debug|Win32
		{B9006465-4551-46B2-9F2C-F06533B90B5E}.Release.ActiveCfg = Release|Win32
		{B9006465-4551-46B2-9F2C-F06533B90B5E}.Release.Build.0 = Release|Win32
		{F22F4059-E7EA-4040-A3ED-90456F2A875A}.Debug.ActiveCfg = Debug|Win32
		{F22F4059-E7EA-4040-A3ED-90456F2A875A}.Debug.Build.0 = Debug|Win32
		{F22F4059-E7EA-4040-A3ED-90456F2A875A}.Release.ActiveCfg = Release|Win32
		{F22F4059-E7EA-4040-A3ED-90456F2A875A}.Release.Build.0 = Release|Win32
		{3942001D-DFAF-4D47-A9F1-643505DEB97F}.Debug.ActiveCfg = Debug|Win32
		{3942001D-DFAF-4D47-A9F1-643505DEB97F}.Debug.Build.0 = Debug|Win32
		{3942001D-DFAF-4D47-A9F1-643505DEB97F}.Release.ActiveCfg = Release|Win32
		{3942001D-DFAF-4D47-A9F1-643505DEB97F}.Release.Build.0 = Release|Win32
		{E2F0F43D-9B92-4628-A8ED-94AFFA36CD7A}.Debug.ActiveCfg = Debug|Win32
		{E2F0F43D-9B92-4628-A8ED-94AFFA36CD7A}.Debug.Build.0 = Debug|Win32
		{E2F0F43D-9B92-4628-A8ED-94AFFA36CD7A}.Release.ActiveCfg = Release|Win32
		{E2F0F43D-9B92-4628-A8ED-94AFFA36CD7A}.Release.Build.0 = Release|Win32
		{3161A436-CA04-4C38-A33A-32D5A15A22FC}.Debug.ActiveCfg = Debug|Win32
		{3161A436-CA04-4C38-A33A-32D5A15A22FC}.Debug.Build.0 = Debug|Win32
		{3161A436-CA04-4C38-A33A-32D5A15A22FC}.Release.ActiveCfg = Release|Win32
		{3161A436-CA04-4C38-A33A-32D5A15A22FC}.Release.Build.0 = Release|Win32
		{3C7092E7-65BA-4C0D-B9C9-882BA9BA2E45}.Debug.ActiveCfg = Debug|Win32
		{3C7092E7-65BA-4C0D-B9C9-882BA9BA2E45}.Debug.Build.0 = Debug|Win32
		{3C7092E7-65BA-4C0D-B9C9-882BA9BA2E45}.Release.ActiveCfg = Release|Win32
		{3C7092E7-65BA-4C0D-B9C9-882BA9BA2E45}.Release.Build.0 = Release|Win32
		{DBFF8624-C396-43F1-A5C5-9354F28F3625}.Debug.ActiveCfg = Debug|Win32
		{DBFF8624-C396-43F1-A5C5-9354F28F3625}.Debug.Build.0 = Debug|Win32
		{DBFF8624-C396-43F1-A5C5-9354F28F3625}.Release.ActiveCfg = Release|Win32
		{DBFF8624-C396-43F1-A5C5-9354F28F3625}.Release.Build.0 = Release|Win32
		{72538824-1092-4C32-98F9-CB41C286601F}.Debug.ActiveCfg = Debug|Win32
		{72538824-1092-4C32-98F9-CB41C286601F}.Debug.Build.0 = Debug|Win32
		{72538824-1092-4C32-98F9-CB41C286601F}.Release.ActiveCfg = Release|Win32
		{72538824-1092-4C32-98F9-CB41C286601F}.Release.Build.0 = Release|Win32
		{B2A1E55A-E8FA-4EF1-85F3-566FA05A5CF1}.Debug.ActiveCfg = Debug|Win32
		{B2A1E55A-E8FA-4EF1-85F3-566FA05A5CF1}.Debug.Build.0 = Debug|Win32
		{B2A1E55A-E8FA-4EF1-85F3-566FA05A5CF1}.Release.ActiveCfg = Release|Win32
		{B2A1E55A-E8FA-4EF1-85F3-566FA05A5CF1}.Release.Build.0 = Release|Win32
		{CD4D415D-521D-44B9-8BE0-E603CF542F00}.Debug.ActiveCfg = Debug|Win32
		{CD4D415D-521D-44B9-8BE0-E603CF542F00}.Debug.Build.0 = Debug|Win32
		{CD4D415D-521D-44B9-8BE0-E603CF542F00}.Release.ActiveCfg = Release|Win32
		{CD4D415D-521D-44B9-8BE0-E603CF542F00}.Release.Build.0 = Release|Win32
		{643C9639-C12B-45BC-86F4-7154437C9DDE}.Debug.ActiveCfg = Debug|Win32
		{643C9639-C12B-45BC-86F4-7154437C9DDE}.Debug.Build.0 = Debug|Win32
		{643C9639-C12B-45BC-86F4-7154437C9DDE}.Release.ActiveCfg = Release|Win32
		{643C9639-C12B-45BC-86F4-7154437C9DDE}.Release.Build.0 = Release|Win32
		{D3D8D2C8-B791-49F2-B4C4-4A4A5EB69599}.Debug.ActiveCfg = Debug|Win32
		{D3D8D2C8-B791-49F2-B4C4-4A4A5EB69599}.Debug.Build.0 = Debug|Win32
		{D3D8D2C8-B791-49F2-B4C4-4A4A5EB69599}.Release.ActiveCfg = Release|Win32
		{D3D8D2C8-B791-49F2-B4C4-4A4A5EB69599}.Release.Build.0 = Release|Win32
		{E7B54536-7106-42C9-B2D0-08CF3E6DBCC0}.Debug.ActiveCfg = Debug|Win32
		{E7B54536-7106-42C9-B2D0-08CF3E6DBCC0}.Debug.Build.0 = Debug|Win32
		{E7B54536-7106-42C9-B2D0-08CF3E6DBCC0}.Release.ActiveCfg = Release|Win32
		{E7B54536-7106-42C9-B2D0-08CF3E6DBCC0}.Release.Build.0 = Release|Win32
		{E7B10E90-DA13-4FBE-887A-9B1FE5D1D287}.Debug.ActiveCfg = Debug|Win32
		{E7B10E90-DA13-4FBE-887A-9B1FE5D1D287}.Debug.Build.0 = Debug|Win32
		{E7B10E90-DA13-4FBE-887A-9B1FE5D1D287}.Release.ActiveCfg = Release|Win32
		{E7B10E90-DA13-4FBE-887A-9B1FE5D1D287}.Release.Build.0 = Release|Win32
		{17C0F9D7-430E-4DE7-A068-B135581C6F35}.Debug.ActiveCfg = Debug|Win32
		{17C0F9D7-430E-4DE7-A068-B135581C6F35}.Debug.Build.0 = Debug|Win32
		{17C0F9D7-430E-4DE7-A068-B135581C6F35}.Release.ActiveCfg = Release|Win32
		{17C0F9D7-430E-4DE7-A068-B135581C6F35}.Release.Build.0 = Release|Win32
		{B7EFE2D1-24A2-4F12-83D6-19AB75E911B1}.Debug.ActiveCfg = Debug|Win32
		{B7EFE2D1-24A2-4F12-83D6-19AB75E911B1}.Debug.Build.0 = Debug|Win32
		{B7EFE2D1-24A2-4F12-83D6-19AB75E911B1}.Release.ActiveCfg = Release|Win32
		{B7EFE2D1-24A2-4F12-83D6-19AB75E911B1}.Release.Build.0 = Release|Win32
		{DBBA9AB0-C4BC-447F-9397-C408EA558012}.Debug.ActiveCfg = Debug|Win32
		{DBBA9AB0-C4BC-447F-9397-C408EA558012}.Debug.Build.0 = Debug|Win32
		{DBBA9AB0-C4BC-447F-9397-C408EA558012}.Release.ActiveCfg = Release|Win32
		{DBBA9AB0-C4BC-447F-9397-C408EA558012}.Release.Build.0 = Release|Win32
		{85AAFB07-5DD2-4B0A-B83B-4BA41931EA37}.Debug.ActiveCfg = Debug|Win32
		{85AAFB07-5DD2-4B0A-B83B-4BA41931EA37}.Debug.Build.0 = Debug|Win32
		{85AAFB07-5DD2-4B0A-B83B-4BA41931EA37}.Release.ActiveCfg = Release|Win32
		{85AAFB07-5DD2-4B0A-B83B-4BA41931EA37}.Release.Build.0 = Release|Win32
		{903E5726-DC70-4D77-845A-1D2412C6FA5F}.Debug.ActiveCfg = Debug|Win32
		{903E5726-DC70-4D77-845A-1D2412C6FA5F}.Debug.Build.0 = Debug|Win32
		{903E5726-DC70-4D77-845A-1D2412C6FA5F}.Release.ActiveCfg = Release|Win32
		{903E5726-DC70-4D77-845A-1D2412C6FA5F}.Release.Build.0 = Release|Win32
		{4E7B1DD5-F112-4ADB-80DE-B10A764FF9BF}.Debug.ActiveCfg = Debug|Win32
		{4E7B1DD5-F112-4ADB-80DE-B10A764FF9BF}.Debug.Build.0 = Debug|Win32
		{4E7B1DD5-F112-4ADB-80DE-B10A764FF9BF}.Release.ActiveCfg = Release|Win32
		{4E7B1DD5-F112-4ADB-80DE-B10A764FF9BF}.Release.Build.0 = Release|Win32
		{FEEA6D5B-609A-4AC5-8DF3-AD8758F8529E}.Debug.ActiveCfg = Debug|Win32
		{FEEA6D5B-609A-4AC5-8DF3-AD8758F8529E}.Debug.Build.0 = Debug|Win32
		{FEEA6D5B-609A-4AC5-8DF3-AD8758F8529E}.Release.ActiveCfg = Release|Win32
		{FEEA6D5B-609A-4AC5-8DF3-AD8758F8529E}.Release.Build.0 = Release|Win32
		{D85B38DF-2042-4224-903C-0A7E796977D4}.Debug.ActiveCfg = Debug|Win32
		{D85B38DF-2042-4224-903C-0A7E796977D4}.Debug.Build.0 = Debug|Win32
		{D85B38DF-2042-4224-903C-0A7E796977D4}.Release.ActiveCfg = Release|Win32
		{D85B38DF-2042-4224-903C-0A7E796977D4}.Release.Build.0 = Release|Win32
		{0515E99C-5351-43EA-8071-E2081754EFCE}.Debug.ActiveCfg = Debug|Win32
		{0515E99C-5351-43EA-8071-E2081754EFCE}.Debug.Build.0 = Debug|Win32
		{0515E99C-5351-43EA-8071-E2081754EFCE}.Release.ActiveCfg = Release|Win32
		{0515E99C-5351-43EA-8071-E2081754EFCE}.Release.Build.0 = Release|Win32
		{3D0B76B2-7544-4119-8289-D6124192BD53}.Debug.ActiveCfg = Debug|Win32
		{3D0B76B2-7544-4119-8289-D6124192BD53}.Debug.Build.0 = Debug|Win32
		{3D0B76B2-7544-4119-8289-D6124192BD53}.Release.ActiveCfg = Release|Win32
		{3D0B76B2-7544-4119-8289-D6124192BD53}.Release.Build.0 = Release|Win32
		{03F3F425-B8E3-4985-870D-370397BE7F50}.Debug.ActiveCfg = Debug|Win32
		{03F3F425-B8E3-4985-870D-370397BE7F50}.Debug.Build.0 = Debug|Win32
		{03F3F425-B8E3-4985-870D-370397BE7F50}.Release.ActiveCfg = Release|Win32
		{03F3F425-B8E3-4985-870D-370397BE7F50}.Release.Build.0 = Release|Win32
		{EBC2C532-17F9-4E82-8637-468287D8B8A3}.Debug.ActiveCfg = Debug|Win32
		{EBC2C532-17F9-4E82-8637-468287D8B8A3}.Debug.Build.0 = Debug|Win32
		{EBC2C532-17F9-4E82-8637-468287D8B8A3}.Release.ActiveCfg = Release|Win32
		{EBC2C532-17F9-4E82-8637-468287D8B8A3}.Release.Build.0 = Release|Win32
		{D9F19A23-C380-40C3-B1AB-2D048A3663B6}.Debug.ActiveCfg = Debug|Win32
		{D9F19A23-C380-40C3-B1AB-2D048A3663B6}.Debug.Build.0 = Debug|Win32
		{D9F19A23-C380-40C3-B1AB-2D048A3663B6}.Release.ActiveCfg = Release|Win32
		{D9F19A23-C380-40C3-B1AB-2D048A3663B6}.Release.Build.0 = Release|Win32
		{1DC59C78-4D6F-42AC-820B-0223AB58FB22}.Debug.ActiveCfg = Debug|Win32
		{1DC59C78-4D6F-42AC-820B-0223AB58FB22}.Debug.Build.0 = Debug|Win32
		{1DC59C78-4D6F-42AC-820B-0223AB58FB22}.Release.ActiveCfg = Release|Win32
		{1DC59C78-4D6F-42AC-820B-0223AB58FB22}.Release.Build.0 = Release|Win32
		{88E501FA-119A-4A54-B544-D6644AFF24F5}.Debug.ActiveCfg = Debug|Win32
		{88E501FA-119A-4A54-B544-D6644AFF24F5}.Debug.Build.0 = Debug|Win32
		{88E501FA-119A-4A54-B544-D6644AFF24F5}.Release.ActiveCfg = Release|Win32
		{88E501FA-119A-4A54-B544-D6644AFF24F5}.Release.Build.0 = Release|Win32
		{3B1B8658-ACD0-41FC-920D-A285AB1C49E3}.Debug.ActiveCfg = Debug|Win32
		{3B1B8658-ACD0-41FC-920D-A285AB1C49E3}.Debug.Build.0 = Debug|Win32
		{3B1B8658-ACD0-41FC-920D-A285AB1C49E3}.Release.ActiveCfg = Release|Win32
		{3B1B8658-ACD0-41FC-920D-A285AB1C49E3}.Release.Build.0 = Release|Win32
		{38DDFC4D-5C9F-415F-BBF1-FE5638003B7F}.Debug.ActiveCfg = Debug|Win32
		{38DDFC4D-5C9F-415F-BBF1-FE5638003B7F}.Debug.Build.0 = Debug|Win32
		{38DDFC4D-5C9F-415F-BBF1-FE5638003B7F}.Release.ActiveCfg = Release|Win32
		{38DDFC4D-5C9F-415F-BBF1-FE5638003B7F}.Release.Build.0 = Release|Win32
		{0A4AE638-18D6-434C-80DD-41D23510E08C}.Debug.ActiveCfg = Debug|Win32
		{0A4AE638-18D6-434C-80DD-41D23510E08C}.Debug.Build.0 = Debug|Win32
		{0A4AE638-18D6-434C-80DD-41D23510E08C}.Release.ActiveCfg = Release|Win32
		{0A4AE638-18D6-434C-80DD-41D23510E08C}.Release.Build.0 = Release|Win32
		{0A9A100D-1501-450A-81EC-9557A499ADE5}.Debug.ActiveCfg = Debug|Win32
		{0A9A100D-1501-450A-81EC-9557A499ADE5}.Debug.Build.0 = Debug|Win32
		{0A9A100D-1501-450A-81EC-9557A499ADE5}.Release.ActiveCfg = Release|Win32
		{0A9A100D-1501-450A-81EC-9557A499ADE5}.Release.Build.0 = Release|Win32
		{7B294DC3-BB08-43EA-A13A-10A9CF979BFA}.Debug.ActiveCfg = Debug|Win32
		{7B294DC3-BB08-43EA-A13A-10A9CF979BFA}.Debug.Build.0 = Debug|Win32
		{7B294DC3-BB08-43EA-A13A-10A9CF979BFA}.Release.ActiveCfg = Release|Win32
		{7B294DC3-BB08-43EA-A13A-10A9CF979BFA}.Release.Build.0 = Release|Win32
		{189F2D96-2563-4142-84B9-257490EB5107}.Debug.ActiveCfg = Debug|Win32
		{189F2D96-2563-4142-84B9-257490EB5107}.Debug.Build.0 = Debug|Win32
		{189F2D96-2563-4142-84B9-257490EB5107}.Release.ActiveCfg = Release|Win32
		{189F2D96-2563-4142-84B9-257490EB5107}.Release.Build.0 = Release|Win32
		{E4C8C41A-0EEB-4233-BBD2-999897461645}.Debug.ActiveCfg = Debug|Win32
		{E4C8C41A-0EEB-4233-BBD2-999897461645}.Debug.Build.0 = Debug|Win32
		{E4C8C41A-0EEB-4233-BBD2-999897461645}.Release.ActiveCfg = Release|Win32
		{E4C8C41A-0EEB-4233-BBD2-999897461645}.Release.Build.0 = Release|Win32
		{0B430F8E-BE1F-4EA5-96D8-9A1AE1104844}.Debug.ActiveCfg = Debug|Win32
		{0B430F8E-BE1F-4EA5-96D8-9A1AE1104844}.Debug.Build.0 = Debug|Win32
		{0B430F8E-BE1F-4EA5-96D8-9A1AE1104844}.Release.ActiveCfg = Release|Win32
		{0B430F8E-BE1F-4EA5-96D8-9A1AE1104844}.Release.Build.0 = Release|Win32
		{C413139D-A080-43BB-B531-B4FC7D8A4C3F}.Debug.ActiveCfg = Debug|Win32
		{C413139D-A080-43BB-B531-B4FC7D8A4C3F}.Debug.Build.0 = Debug|Win32
		{C413139D-A080-43BB-B531-B4FC7D8A4C3F}.Release.ActiveCfg = Release|Win32
		{C413139D-A080-43BB-B531-B4FC7D8A4C3F}.Release.Build.0 = Release|Win32
		{C412E8CA-FBC2-4A98-9B70-87FF14C41CBE}.Debug.ActiveCfg = Debug|Win32
		{C412E8CA-FBC2-4A98-9B70-87FF14C41CBE}.Debug.Build.0 = Debug|Win32
		{C412E8CA-FBC2-4A98-9B70-87FF14C41CBE}.Release.ActiveCfg = Release|Win32
		{C412E8CA-FBC2-4A98-9B70-87FF14C41CBE}.Release.Build.0 = Release|Win32
		{77B4CB77-EC10-4351-919E-136138DDF602}.Debug.ActiveCfg = Debug|Win32
		{77B4CB77-EC10-4351-919E-136138DDF602}.Debug.Build.0 = Debug|Win32
		{77B4CB77-EC10-4351-919E-136138DDF602}.Release.ActiveCfg = Release|Win32
		{77B4CB77-EC10-4351-919E-136138DDF602}.Release.Build.0 = Release|Win32
		{6D9DFDF6-EB9D-435B-9E1A-46D2ED8FB850}.Debug.ActiveCfg = Debug|Win32
		{6D9DFDF6-EB9D-435B-9E1A-46D2ED8FB850}.Debug.Build.0 = Debug|Win32
		{6D9DFDF6-EB9D-435B-9E1A-46D2ED8FB850}.Release.ActiveCfg = Release|Win32
		{6D9DFDF6-EB9D-435B-9E1A-46D2ED8FB850}.Release.Build.0 = Release|Win32
		{71CCC83A-F986-4E1C-BB72-BA7CA54E9596}.Debug.ActiveCfg = Debug|Win32
		{71CCC83A-F986-4E1C-BB72-BA7CA54E9596}.Debug.Build.0 = Debug|Win32
		{71CCC83A-F986-4E1C-BB72-BA7CA54E9596}.Release.ActiveCfg = Release|Win32
		{71CCC83A-F986-4E1C-BB72-BA7CA54E9596}.Release.Build.0 = Release|Win32
		{AA9C5CF4-B29D-4FC7-BC4E-FCC2CBBD492E}.Debug.ActiveCfg = Debug|Win32
		{AA9C5CF4-B29D-4FC7-BC4E-FCC2CBBD492E}.Debug.Build.0 = Debug|Win32
		{AA9C5CF4-B29D-4FC7-BC4E-FCC2CBBD492E}.Release.ActiveCfg = Release|Win32
		{AA9C5CF4-B29D-4FC7-BC4E-FCC2CBBD492E}.Release.Build.0 = Release|Win32
		{45920485-077F-4E27-946F-004F4889D441}.Debug.ActiveCfg = Debug|Win32
		{45920485-077F-4E27-946F-004F4889D441}.Debug.Build.0 = Debug|Win32
		{45920485-077F-4E27-946F-004F4889D441}.Release.ActiveCfg = Release|Win32
		{45920485-077F-4E27-946F-004F4889D441}.Release.Build.0 = Release|Win32
		{3857C1BB-751A-4979-BFC1-B18976414314}.Debug.ActiveCfg = Debug|Win32
		{3857C1BB-751A-4979-BFC1-B18976414314}.Debug.Build.0 = Debug|Win32
		{3857C1BB-751A-4979-BFC1-B18976414314}.Release.ActiveCfg = Release|Win32
		{3857C1BB-751A-4979-BFC1-B18976414314}.Release.Build.0 = Release|Win32
		{5529C6B6-3B29-4332-93C2-60890A3EF9BB}.Debug.ActiveCfg = Debug|Win32
		{5529C6B6-3B29-4332-93C2-60890A3EF9BB}.Debug.Build.0 = Debug|Win32
		{5529C6B6-3B29-4332-93C2-60890A3EF9BB}.Release.ActiveCfg = Release|Win32
		{5529C6B6-3B29-4332-93C2-60890A3EF9BB}.Release.Build.0 = Release|Win32
		{5B561536-0F42-4E8D-A4F0-1C3D2C4550B8}.Debug.ActiveCfg = Debug|Win32
		{5B561536-0F42-4E8D-A4F0-1C3D2C4550B8}.Debug.Build.0 = Debug|Win32
		{5B561536-0F42-4E8D-A4F0-1C3D2C4550B8}.Release.ActiveCfg = Release|Win32
		{5B561536-0F42-4E8D-A4F0-1C3D2C4550B8}.Release.Build.0 = Release|Win32
		{002B92E1-D7B6-408D-A806-50F8F9ACF724}.Debug.ActiveCfg = Debug|Win32
		{002B92E1-D7B6-408D-A806-50F8F9ACF724}.Debug.Build.0 = Debug|Win32
		{002B92E1-D7B6-408D-A806-50F8F9ACF724}.Release.ActiveCfg = Release|Win32
		{002B92E1-D7B6-408D-A806-50F8F9ACF724}.Release.Build.0 = Release|Win32
		{2B8DF95C-F34D-4992-8B9E-C9F4DF01B314}.Debug.ActiveCfg = Debug|Win32
		{2B8DF95C-F34D-4992-8B9E-C9F4DF01B314}.Debug.Build.0 = Debug|Win32
		{2B8DF95C-F34D-4992-8B9E-C9F4DF01B314}.Release.ActiveCfg = Release|Win32
		{2B8DF95C-F34D-4992-8B9E-C9F4DF01B314}.Release.Build.0 = Release|Win32
		{97BED09C-826B-485B-8BB2-E851A8F145ED}.Debug.ActiveCfg = Debug|Win32
		{97BED09C-826B-485B-8BB2-E851A8F145ED}.Debug.Build.0 = Debug|Win32
		{97BED09C-826B-485B-8BB2-E851A8F145ED}.Release.ActiveCfg = Release|Win32
		{97BED09C-826B-485B-8BB2-E851A8F145ED}.Release.Build.0 = Release|Win32
		{AED9C4F4-E4E0-4BA4-93B1-D7AB4D418138}.Debug.ActiveCfg = Debug|Win32
		{AED9C4F4-E4E0-4BA4-93B1-D7AB4D418138}.Debug.Build.0 = Debug|Win32
		{AED9C4F4-E4E0-4BA4-93B1-D7AB4D418138}.Release.ActiveCfg = Release|Win32
		{AED9C4F4-E4E0-4BA4-93B1-D7AB4D418138}.Release.Build.0 = Release|Win32
		{15BED99A-5425-4A9F-955D-0A2F4C5FCFDF}.Debug.ActiveCfg = Debug|Win32
		{15BED99A-5425-4A9F-955D-0A2F4C5FCFDF}.Debug.Build.0 = Debug|Win32
		{15BED99A-5425-4A9F-955D-0A2F4C5FCFDF}.Release.ActiveCfg = Release|Win32
		{15BED99A-5425-4A9F-955D-0A2F4C5FCFDF}.Release.Build.0 = Release|Win32
		{698A3506-CEBB-4861-B393-EF3B860F2CE5}.Debug.ActiveCfg = Debug|Win32
		{698A3506-CEBB-4861-B393-EF3B860F2CE5}.Debug.Build.0 = Debug|Win32
		{698A3506-CEBB-4861-B393-EF3B860F2CE5}.Release.ActiveCfg = Release|Win32
		{698A3506-CEBB-4861-B393-EF3B860F2CE5}.Release.Build.0 = Release|Win32
		{59BB8B59-6F80-423F-B5F1-7D30580A0E31}.Debug.ActiveCfg = Debug|Win32
		{59BB8B59-6F80-423F-B5F1-7D30580A0E31}.Debug.Build.0 = Debug|Win32
		{59BB8B59-6F80-423F-B5F1-7D30580A0E31}.Release.ActiveCfg = Release|Win32
		{59BB8B59-6F80-423F-B5F1-7D30580A0E31}.Release.Build.0 = Release|Win32
		{709FD661-7BFB-469E-AAC2-611A339DB67B}.Debug.ActiveCfg = Debug|Win32
		{709FD661-7BFB-469E-AAC2-611A339DB67B}.Debug.Build.0 = Debug|Win32
		{709FD661-7BFB-469E-AAC2-611A339DB67B}.Release.ActiveCfg = Release|Win32
		{709FD661-7BFB-469E-AAC2-611A339DB67B}.Release.Build.0 = Release|Win32
		{C8798F73-35BF-4410-9DA5-198DD48BA429}.Debug.ActiveCfg = Debug|Win32
		{C8798F73-35BF-4410-9DA5-198DD48BA429}.Debug.Build.0 = Debug|Win32
		{C8798F73-35BF-4410-9DA5-198DD48BA429}.Release.ActiveCfg = Release|Win32
		{C8798F73-35BF-4410-9DA5-198DD48BA429}.Release.Build.0 = Release|Win32
		{D8DD1A95-37DA-4F95-98EE-879CA3BFD18D}.Debug.ActiveCfg = Debug|Win32
		{D8DD1A95-37DA-4F95-98EE-879CA3BFD18D}.Debug.Build.0 = Debug|Win32
		{D8DD1A95-37DA-4F95-98EE-879CA3BFD18D}.Release.ActiveCfg = Release|Win32
		{D8DD1A95-37DA-4F95-98EE-879CA3BFD18D}.Release.Build.0 = Release|Win32
		{EBE086A3-2389-4C6A-9169-7614B70936DA}.Debug.ActiveCfg = Debug|Win32
		{EBE086A3-2389-4C6A-9169-7614B70936DA}.Debug.Build.0 = Debug|Win32
		{EBE086A3-2389-4C6A-9169-7614B70936DA}.Release.ActiveCfg = Release|Win32
		{EBE086A3-2389-4C6A-9169-7614B70936DA}.Release.Build.0 = Release|Win32
		{C00A8302-D68E-41AD-B697-51FE2CD75EC6}.Debug.ActiveCfg = Debug|Win32
		{C00A8302-D68E-41AD-B697-51FE2CD75EC6}.Debug.Build.0 = Debug|Win32
		{C00A8302-D68E-41AD-B697-51FE2CD75EC6}.Release.ActiveCfg = Release|Win32
		{C00A8302-D68E-41AD-B697-51FE2CD75EC6}.Release.Build.0 = Release|Win32
		{AD74D1A2-8C15-428E-8170-9E5DF0036006}.Debug.ActiveCfg = Debug|Win32
		{AD74D1A2-8C15-428E-8170-9E5DF0036006}.Debug.Build.0 = Debug|Win32
		{AD74D1A2-8C15-428E-8170-9E5DF0036006}.Release.ActiveCfg = Release|Win32
		{AD74D1A2-8C15-428E-8170-9E5DF0036006}.Release.Build.0 = Release|Win32
		{CFD67FD2-5036-4EEB-A8B8-2FF60EBADA13}.Debug.ActiveCfg = Debug|Win32
		{CFD67FD2-5036-4EEB-A8B8-2FF60EBADA13}.Debug.Build.0 = Debug|Win32
		{CFD67FD2-5036-4EEB-A8B8-2FF60EBADA13}.Release.ActiveCfg = Release|Win32
		{CFD67FD2-5036-4EEB-A8B8-2FF60EBADA13}.Release.Build.0 = Release|Win32
		{87057978-7DB2-4227-8E32-7498DA3D4290}.Debug.ActiveCfg = Debug|Win32
		{87057978-7DB2-4227-8E32-7498DA3D4290}.Debug.Build.0 = Debug|Win32
		{87057978-7DB2-4227-8E32-7498DA3D4290}.Release.ActiveCfg = Release|Win32
		{87057978-7DB2-4227-8E32-7498DA3D4290}.Release.Build.0 = Release|Win32
		{3FE05CC1-AA6B-4738-A2C4-A955AB7D31BA}.Debug.ActiveCfg = Debug|Win32
		{3FE05CC1-AA6B-4738-A2C4-A955AB7D31BA}.Debug.Build.0 = Debug|Win32
		{3FE05CC1-AA6B-4738-A2C4-A955AB7D31BA}.Release.ActiveCfg = Release|Win32
		{3FE05CC1-AA6B-4738-A2C4-A955AB7D31BA}.Release.Build.0 = Release|Win32
		{4CEACCB9-8CF9-4025-A98C-6CED6226B9F6}.Debug.ActiveCfg = Debug|Win32
		{4CEACCB9-8CF9-4025-A98C-6CED6226B9F6}.Debug.Build.0 = Debug|Win32
		{4CEACCB9-8CF9-4025-A98C-6CED6226B9F6}.Release.ActiveCfg = Release|Win32
		{4CEACCB9-8CF9-4025-A98C-6CED6226B9F6}.Release.Build.0 = Release|Win32
		{B707EA37-9DC9-445D-8EA5-36E99F0E28AF}.Debug.ActiveCfg = Debug|Win32
		{B707EA37-9DC9-445D-8EA5-36E99F0E28AF}.Debug.Build.0 = Debug|Win32
		{B707EA37-9DC9-445D-8EA5-36E99F0E28AF}.Release.ActiveCfg = Release|Win32
		{B707EA37-9DC9-445D-8EA5-36E99F0E28AF}.Release.Build.0 = Release|Win32
		{28A6EF2B-F04A-4A8B-86C5-9444C91C2642}.Debug.ActiveCfg = Debug|Win32
		{28A6EF2B-F04A-4A8B-86C5-9444C91C2642}.Debug.Build.0 = Debug|Win32
		{28A6EF2B-F04A-4A8B-86C5-9444C91C2642}.Release.ActiveCfg = Release|Win32
		{28A6EF2B-F04A-4A8B-86C5-9444C91C2642}.Release.Build.0 = Release|Win32
		{20AC20E9-8B4F-4889-9F36-2F6B584A0C64}.Debug.ActiveCfg = Debug|Win32
		{20AC20E9-8B4F-4889-9F36-2F6B584A0C64}.Debug.Build.0 = Debug|Win32
		{20AC20E9-8B4F-4889-9F36-2F6B584A0C64}.Release.ActiveCfg = Release|Win32
		{20AC20E9-8B4F-4889-9F36-2F6B584A0C64}.Release.Build.0 = Release|Win32
		{27A6EB68-C5DA-46B1-B3A3-571C9EBABEB4}.Debug.ActiveCfg = Debug|Win32
		{27A6EB68-C5DA-46B1-B3A3-571C9EBABEB4}.Debug.Build.0 = Debug|Win32
		{27A6EB68-C5DA-46B1-B3A3-571C9EBABEB4}.Release.ActiveCfg = Release|Win32
		{27A6EB68-C5DA-46B1-B3A3-571C9EBABEB4}.Release.Build.0 = Release|Win32
		{1D4116CC-DB04-45AB-914C-4F2368AFB22E}.Debug.ActiveCfg = Debug|Win32
		{1D4116CC-DB04-45AB-914C-4F2368AFB22E}.Debug.Build.0 = Debug|Win32
		{1D4116CC-DB04-45AB-914C-4F2368AFB22E}.Release.ActiveCfg = Release|Win32
		{1D4116CC-DB04-45AB-914C-4F2368AFB22E}.Release.Build.0 = Release|Win32
		{E4CD017F-B065-47F1-B346-1F219ADF47AA}.Debug.ActiveCfg = Debug|Win32
		{E4CD017F-B065-47F1-B346-1F219ADF47AA}.Debug.Build.0 = Debug|Win32
		{E4CD017F-B065-47F1-B346-1F219ADF47AA}.Release.ActiveCfg = Release|Win32
		{E4CD017F-B065-47F1-B346-1F219ADF47AA}.Release.Build.0 = Release|Win32
		{B06518F1-0393-46EE-A8C5-B6D8B31D6186}.Debug.ActiveCfg = Debug|Win32
		{B06518F1-0393-46EE-A8C5-B6D8B31D6186}.Debug.Build.0 = Debug|Win32
		{B06518F1-0393-46EE-A8C5-B6D8B31D6186}.Release.ActiveCfg = Release|Win32
		{B06518F1-0393-46EE-A8C5-B6D8B31D6186}.Release.Build.0 = Release|Win32
		{CBF6F841-F17F-415B-9F32-2C22DD6A9052}.Debug.ActiveCfg = Debug|Win32
		{CBF6F841-F17F-415B-9F32-2C22DD6A9052}.Debug.Build.0 = Debug|Win32
		{CBF6F841-F17F-415B-9F32-2C22DD6A9052}.Release.ActiveCfg = Release|Win32
		{CBF6F841-F17F-415B-9F32-2C22DD6A9052}.Release.Build.0 = Release|Win32
		{D5064316-6229-40A0-A2CA-8C4A0EA5BD4F}.Debug.ActiveCfg = Debug|Win32
		{D5064316-6229-40A0-A2CA-8C4A0EA5BD4F}.Debug.Build.0 = Debug|Win32
		{D5064316-6229-40A0-A2CA-8C4A0EA5BD4F}.Release.ActiveCfg = Release|Win32
		{D5064316-6229-40A0-A2CA-8C4A0EA5BD4F}.Release.Build.0 = Release|Win32
		{C3D8B8EA-B9D8-40E3-88EE-6574C5CFCB98}.Debug.ActiveCfg = Debug|Win32
		{C3D8B8EA-B9D8-40E3-88EE-6574C5CFCB98}.Debug.Build.0 = Debug|Win32
		{C3D8B8EA-B9D8-40E3-88EE-6574C5CFCB98}.Release.ActiveCfg = Release|Win32
		{C3D8B8EA-B9D8-40E3-88EE-6574C5CFCB98}.Release.Build.0 = Release|Win32
		{5C16C96C-45B9-4321-84DB-25079F213B33}.Debug.ActiveCfg = Debug|Win32
		{5C16C96C-45B9-4321-84DB-25079F213B33}.Debug.Build.0 = Debug|Win32
		{5C16C96C-45B9-4321-84DB-25079F213B33}.Release.ActiveCfg = Release|Win32
		{5C16C96C-45B9-4321-84DB-25079F213B33}.Release.Build.0 = Release|Win32
		{D18A564B-803B-47E5-81FB-26F1503DFE09}.Debug.ActiveCfg = Debug|Win32
		{D18A564B-803B-47E5-81FB-26F1503DFE09}.Debug.Build.0 = Debug|Win32
		{D18A564B-803B-47E5-81FB-26F1503DFE09}.Release.ActiveCfg = Release|Win32
		{D18A564B-803B-47E5-81FB-26F1503DFE09}.Release.Build.0 = Release|Win32
		{BD6D0803-B064-4E52-9921-DBC55203F561}.Debug.ActiveCfg = Debug|Win32
		{BD6D0803-B064-4E52-9921-DBC55203F561}.Debug.Build.0 = Debug|Win32
		{BD6D0803-B064-4E52-9921-DBC55203F561}.Release.ActiveCfg = Release|Win32
		{BD6D0803-B064-4E52-9921-DBC55203F561}.Release.Build.0 = Release|Win32
		{60974E44-87E6-42CA-9F00-050BB5BD3B2E}.Debug.ActiveCfg = Debug|Win32
		{60974E44-87E6-42CA-9F00-050BB5BD3B2E}.Debug.Build.0 = Debug|Win32
		{60974E44-87E6-42CA-9F00-050BB5BD3B2E}.Release.ActiveCfg = Release|Win32
		{60974E44-87E6-42CA-9F00-050BB5BD3B2E}.Release.Build.0 = Release|Win32
		{BFA2FD03-9823-4AB7-B897-494382F05967}.Debug.ActiveCfg = Debug|Win32
		{BFA2FD03-9823-4AB7-B897-494382F05967}.Debug.Build.0 = Debug|Win32
		{BFA2FD03-9823-4AB7-B897-494382F05967}.Release.ActiveCfg = Release|Win32
		{BFA2FD03-9823-4AB7-B897-494382F05967}.Release.Build.0 = Release|Win32
		{88CD8CD3-9F75-4464-9006-982567D3BA1E}.Debug.ActiveCfg = Debug|Win32
		{88CD8CD3-9F75-4464-9006-982567D3BA1E}.Debug.Build.0 = Debug|Win32
		{88CD8CD3-9F75-4464-9006-982567D3BA1E}.Release.ActiveCfg = Release|Win32
		{88CD8CD3-9F75-4464-9006-982567D3BA1E}.Release.Build.0 = Release|Win32
		{76FC298E-C9A7-4703-887D-7EC1D79A52F5}.Debug.ActiveCfg = Debug|Win32
		{76FC298E-C9A7-4703-887D-7EC1D79A52F5}.Debug.Build.0 = Debug|Win32
		{76FC298E-C9A7-4703-887D-7EC1D79A52F5}.Release.ActiveCfg = Release|Win32
		{76FC298E-C9A7-4703-887D-7EC1D79A52F5}.Release.Build.0 = Release|Win32
		{D4A614D6-8DAE-4804-82FB-D511ED10F4EE}.Debug.ActiveCfg = Debug|Win32
		{D4A614D6-8DAE-4804-82FB-D511ED10F4EE}.Debug.Build.0 = Debug|Win32
		{D4A614D6-8DAE-4804-82FB-D511ED10F4EE}.Release.ActiveCfg = Release|Win32
		{D4A614D6-8DAE-4804-82FB-D511ED10F4EE}.Release.Build.0 = Release|Win32
		{D36F2499-712B-499C-9917-94DBCA54CB6B}.Debug.ActiveCfg = Debug|Win32
		{D36F2499-712B-499C-9917-94DBCA54CB6B}.Debug.Build.0 = Debug|Win32
		{D36F2499-712B-499C-9917-94DBCA54CB6B}.Release.ActiveCfg = Release|Win32
		{D36F2499-712B-499C-9917-94DBCA54CB6B}.Release.Build.0 = Release|Win32
		{2E7ADB87-7CB6-42C9-8FA9-01F9EA628645}.Debug.ActiveCfg = Debug|Win32
		{2E7ADB87-7CB6-42C9-8FA9-01F9EA628645}.Debug.Build.0 = Debug|Win32
		{2E7ADB87-7CB6-42C9-8FA9-01F9EA628645}.Release.ActiveCfg = Release|Win32
		{2E7ADB87-7CB6-42C9-8FA9-01F9EA628645}.Release.Build.0 = Release|Win32
		{401A4F5C-FDEF-4582-AFC6-F91404244213}.Debug.ActiveCfg = Debug|Win32
		{401A4F5C-FDEF-4582-AFC6-F91404244213}.Debug.Build.0 = Debug|Win32
		{401A4F5C-FDEF-4582-AFC6-F91404244213}.Release.ActiveCfg = Release|Win32
		{401A4F5C-FDEF-4582-AFC6-F91404244213}.Release.Build.0 = Release|Win32
		{BEEE72B8-A7D8-433B-AEF6-924AB460DE3A}.Debug.ActiveCfg = Debug|Win32
		{BEEE72B8-A7D8-433B-AEF6-924AB460DE3A}.Debug.Build.0 = Debug|Win32
		{BEEE72B8-A7D8-433B-AEF6-924AB460DE3A}.Release.ActiveCfg = Release|Win32
		{BEEE72B8-A7D8-433B-AEF6-924AB460DE3A}.Release.Build.0 = Release|Win32
		{2A48054F-F62C-437A-BE33-D8A90B87321E}.Debug.ActiveCfg = Debug|Win32
		{2A48054F-F62C-437A-BE33-D8A90B87321E}.Debug.Build.0 = Debug|Win32
		{2A48054F-F62C-437A-BE33-D8A90B87321E}.Release.ActiveCfg = Release|Win32
		{2A48054F-F62C-437A-BE33-D8A90B87321E}.Release.Build.0 = Release|Win32
		{B51D595E-ABD7-469D-9BE6-3BFE883E8F25}.Debug.ActiveCfg = Debug|Win32
		{B51D595E-ABD7-469D-9BE6-3BFE883E8F25}.Debug.Build.0 = Debug|Win32
		{B51D595E-ABD7-469D-9BE6-3BFE883E8F25}.Release.ActiveCfg = Release|Win32
		{B51D595E-ABD7-469D-9BE6-3BFE883E8F25}.Release.Build.0 = Release|Win32
		{2ED8AE70-3FC4-4520-838C-560A78584E5B}.Debug.ActiveCfg = Debug|Win32
		{2ED8AE70-3FC4-4520-838C-560A78584E5B}.Debug.Build.0 = Debug|Win32
		{2ED8AE70-3FC4-4520-838C-560A78584E5B}.Release.ActiveCfg = Release|Win32
		{2ED8AE70-3FC4-4520-838C-560A78584E5B}.Release.Build.0 = Release|Win32
		{2CFA1E19-0882-4FEC-BA84-C6A5C26D5130}.Debug.ActiveCfg = Debug|Win32
		{2CFA1E19-0882-4FEC-BA84-C6A5C26D5130}.Debug.Build.0 = Debug|Win32
		{2CFA1E19-0882-4FEC-BA84-C6A5C26D5130}.Release.ActiveCfg = Release|Win32
		{2CFA1E19-0882-4FEC-BA84-C6A5C26D5130}.Release.Build.0 = Release|Win32
		{AEB90440-0783-4A3D-A497-F04E4F7690F6}.Debug.ActiveCfg = Debug|Win32
		{AEB90440-0783-4A3D-A497-F04E4F7690F6}.Debug.Build.0 = Debug|Win32
		{AEB90440-0783-4A3D-A497-F04E4F7690F6}.Release.ActiveCfg = Release|Win32
		{AEB90440-0783-4A3D-A497-F04E4F7690F6}.Release.Build.0 = Release|Win32
		{1CDE8D70-D193-4CE8-A14B-F86C2AB0BBD2}.Debug.ActiveCfg = Debug|Win32
		{1CDE8D70-D193-4CE8-A14B-F86C2AB0BBD2}.Debug.Build.0 = Debug|Win32
		{1CDE8D70-D193-4CE8-A14B-F86C2AB0BBD2}.Release.ActiveCfg = Release|Win32
		{1CDE8D70-D193-4CE8-A14B-F86C2AB0BBD2}.Release.Build.0 = Release|Win32
		{79388E95-5AEE-45C5-AD69-B79AF965A0CD}.Debug.ActiveCfg = Debug|Win32
		{79388E95-5AEE-45C5-AD69-B79AF965A0CD}.Debug.Build.0 = Debug|Win32
		{79388E95-5AEE-45C5-AD69-B79AF965A0CD}.Release.ActiveCfg = Release|Win32
		{79388E95-5AEE-45C5-AD69-B79AF965A0CD}.Release.Build.0 = Release|Win32
		{E9A89C7C-23EC-43C6-9669-E20546522FCD}.Debug.ActiveCfg = Debug|Win32
		{E9A89C7C-23EC-43C6-9669-E20546522FCD}.Debug.Build.0 = Debug|Win32
		{E9A89C7C-23EC-43C6-9669-E20546522FCD}.Release.ActiveCfg = Release|Win32
		{E9A89C7C-23EC-43C6-9669-E20546522FCD}.Release.Build.0 = Release|Win32
		{45F27896-C0C1-44F2-93E8-53BA0DE9AA70}.Debug.ActiveCfg = Debug|Win32
		{45F27896-C0C1-44F2-93E8-53BA0DE9AA70}.Debug.Build.0 = Debug|Win32
		{45F27896-C0C1-44F2-93E8-53BA0DE9AA70}.Release.ActiveCfg = Release|Win32
		{45F27896-C0C1-44F2-93E8-53BA0DE9AA70}.Release.Build.0 = Release|Win32
		{CA0861E7-9D6B-4FD6-BCEB-6EDDBD8026C7}.Debug.ActiveCfg = Debug|Win32
		{CA0861E7-9D6B-4FD6-BCEB-6EDDBD8026C7}.Debug.Build.0 = Debug|Win32
		{CA0861E7-9D6B-4FD6-BCEB-6EDDBD8026C7}.Release.ActiveCfg = Release|Win32
		{CA0861E7-9D6B-4FD6-BCEB-6EDDBD8026C7}.Release.Build.0 = Release|Win32
		{7A5D7A88-8ED2-401C-AA06-E350D1059A31}.Debug.ActiveCfg = Debug|Win32
		{7A5D7A88-8ED2-401C-AA06-E350D1059A31}.Debug.Build.0 = Debug|Win32
		{7A5D7A88-8ED2-401C-AA06-E350D1059A31}.Release.ActiveCfg = Release|Win32
		{7A5D7A88-8ED2-401C-AA06-E350D1059A31}.Release.Build.0 = Release|Win32
		{9911E52C-0922-4E04-8E86-74AE925A05B4}.Debug.ActiveCfg = Debug|Win32
		{9911E52C-0922-4E04-8E86-74AE925A05B4}.Debug.Build.0 = Debug|Win32
		{9911E52C-0922-4E04-8E86-74AE925A05B4}.Release.ActiveCfg = Release|Win32
		{9911E52C-0922-4E04-8E86-74AE925A05B4}.Release.Build.0 = Release|Win32
		{0C9FF8B3-A9A4-40A2-9DF5-2FB93B836CB3}.Debug.ActiveCfg = Debug|Win32
		{0C9FF8B3-A9A4-40A2-9DF5-2FB93B836CB3}.Debug.Build.0 = Debug|Win32
		{0C9FF8B3-A9A4-40A2-9DF5-2FB93B836CB3}.Release.ActiveCfg = Release|Win32
		{0C9FF8B3-A9A4-40A2-9DF5-2FB93B836CB3}.Release.Build.0 = Release|Win32
		{7C8E26FE-4785-4435-ACCF-A97E825D884D}.Debug.ActiveCfg = Debug|Win32
		{7C8E26FE-4785-4435-ACCF-A97E825D884D}.Debug.Build.0 = Debug|Win32
		{7C8E26FE-4785-4435-ACCF-A97E825D884D}.Release.ActiveCfg = Release|Win32
		{7C8E26FE-4785-4435-ACCF-A97E825D884D}.Release.Build.0 = Release|Win32
		{58CE1D29-69F9-4306-BF05-B4651C3CA21A}.Debug.ActiveCfg = Debug|Win32
		{58CE1D29-69F9-4306-BF05-B4651C3CA21A}.Debug.Build.0 = Debug|Win32
		{58CE1D29-69F9-4306-BF05-B4651C3CA21A}.Release.ActiveCfg = Release|Win32
		{58CE1D29-69F9-4306-BF05-B4651C3CA21A}.Release.Build.0 = Release|Win32
		{F6D3C2AC-137F-4583-AB67-FBDD19384FF6}.Debug.ActiveCfg = Debug|Win32
		{F6D3C2AC-137F-4583-AB67-FBDD19384FF6}.Debug.Build.0 = Debug|Win32
		{F6D3C2AC-137F-4583-AB67-FBDD19384FF6}.Release.ActiveCfg = Release|Win32
		{F6D3C2AC-137F-4583-AB67-FBDD19384FF6}.Release.Build.0 = Release|Win32
		{0E41B2E6-B42A-4051-B54E-1BA8BBFC0603}.Debug.ActiveCfg = Debug|Win32
		{0E41B2E6-B42A-4051-B54E-1BA8BBFC0603}.Debug.Build.0 = Debug|Win32
		{0E41B2E6-B42A-4051-B54E-1BA8BBFC0603}.Release.ActiveCfg = Release|Win32
		{0E41B2E6-B42A-4051-B54E-1BA8BBFC0603}.Release.Build.0 = Release|Win32
		{249220EE-2867-4D7C-8939-D2C946BE89AD}.Debug.ActiveCfg = Debug|Win32
		{249220EE-2867-4D7C-8939-D2C946BE89AD}.Debug.Build.0 = Debug|Win32
		{249220EE-2867-4D7C-8939-D2C946BE89AD}.Release.ActiveCfg = Release|Win32
		{249220EE-2867-4D7C-8939-D2C946BE89AD}.Release.Build.0 = Release|Win32
		{D2ED7933-DE4F-4328-88D7-F79A395D6C1A}.Debug.ActiveCfg = Debug|Win32
		{D2ED7933-DE4F-4328-88D7-F79A395D6C1A}.Debug.Build.0 = Debug|Win32
		{D2ED7933-DE4F-4328-88D7-F79A395D6C1A}.Release.ActiveCfg = Release|Win32
		{D2ED7933-DE4F-4328-88D7-F79A395D6C1A}.Release.Build.0 = Release|Win32
		{FC7CAEA5-FEC6-42CC-A3F7-F75945C99320}.Debug.ActiveCfg = Debug|Win32
		{FC7CAEA5-FEC6-42CC-A3F7-F75945C99320}.Debug.Build.0 = Debug|Win32
		{FC7CAEA5-FEC6-42CC-A3F7-F75945C99320}.Release.ActiveCfg = Release|Win32
		{FC7CAEA5-FEC6-42CC-A3F7-F75945C99320}.Release.Build.0 = Release|Win32
		{8B686BDE-9F8B-4014-B4CA-2A7721BECF65}.Debug.ActiveCfg = Debug|Win32
		{8B686BDE-9F8B-4014-B4CA-2A7721BECF65}.Debug.Build.0 = Debug|Win32
		{8B686BDE-9F8B-4014-B4CA-2A7721BECF65}.Release.ActiveCfg = Release|Win32
		{8B686BDE-9F8B-4014-B4CA-2A7721BECF65}.Release.Build.0 = Release|Win32
		{F54D26D5-9C02-4399-9DFF-1EF812F05527}.Debug.ActiveCfg = Debug|Win32
		{F54D26D5-9C02-4399-9DFF-1EF812F05527}.Debug.Build.0 = Debug|Win32
		{F54D26D5-9C02-4399-9DFF-1EF812F05527}.Release.ActiveCfg = Release|Win32
		{F54D26D5-9C02-4399-9DFF-1EF812F05527}.Release.Build.0 = Release|Win32
		{91737903-7A8F-4A29-AEAC-858D39C6107A}.Debug.ActiveCfg = Debug|Win32
		{91737903-7A8F-4A29-AEAC-858D39C6107A}.Debug.Build.0 = Debug|Win32
		{91737903-7A8F-4A29-AEAC-858D39C6107A}.Release.ActiveCfg = Release|Win32
		{91737903-7A8F-4A29-AEAC-858D39C6107A}.Release.Build.0 = Release|Win32
		{9E3B8BCC-3D9C-4CC2-A2A4-BAA62839CB6D}.Debug.ActiveCfg = Debug|Win32
		{9E3B8BCC-3D9C-4CC2-A2A4-BAA62839CB6D}.Debug.Build.0 = Debug|Win32
		{9E3B8BCC-3D9C-4CC2-A2A4-BAA62839CB6D}.Release.ActiveCfg = Release|Win32
		{9E3B8BCC-3D9C-4CC2-A2A4-BAA62839CB6D}.Release.Build.0 = Release|Win32
		{D7CB348D-FE5C-4E19-9930-E2430706BADA}.Debug.ActiveCfg = Debug|Win32
		{D7CB348D-FE5C-4E19-9930-E2430706BADA}.Debug.Build.0 = Debug|Win32
		{D7CB348D-FE5C-4E19-9930-E2430706BADA}.Release.ActiveCfg = Release|Win32
		{D7CB348D-FE5C-4E19-9930-E2430706BADA}.Release.Build.0 = Release|Win32
		{82D553A2-23AE-4F84-8214-C66AE51F5ED5}.Debug.ActiveCfg = Debug|Win32
		{82D553A2-23AE-4F84-8214-C66AE51F5ED5}.Debug.Build.0 = Debug|Win32
		{82D553A2-23AE-4F84-8214-C66AE51F5ED5}.Release.ActiveCfg = Release|Win32
		{82D553A2-23AE-4F84-8214-C66AE51F5ED5}.Release.Build.0 = Release|Win32
		{D0F82C67-8785-4445-9C12-E2D78E49ED5F}.Debug.ActiveCfg = Debug|Win32
		{D0F82C67-8785-4445-9C12-E2D78E49ED5F}.Debug.Build.0 = Debug|Win32
		{D0F82C67-8785-4445-9C12-E2D78E49ED5F}.Release.ActiveCfg = Release|Win32
		{D0F82C67-8785-4445-9C12-E2D78E49ED5F}.Release.Build.0 = Release|Win32
		{FE1D57D1-AFE2-42DF-AE16-4BFB759D4270}.Debug.ActiveCfg = Debug|Win32
		{FE1D57D1-AFE2-42DF-AE16-4BFB759D4270}.Debug.Build.0 = Debug|Win32
		{FE1D57D1-AFE2-42DF-AE16-4BFB759D4270}.Release.ActiveCfg = Release|Win32
		{FE1D57D1-AFE2-42DF-AE16-4BFB759D4270}.Release.Build.0 = Release|Win32
		{86A05B9E-9DA6-49A7-8D9A-134A237107AA}.Debug.ActiveCfg = Debug|Win32
		{86A05B9E-9DA6-49A7-8D9A-134A237107AA}.Debug.Build.0 = Debug|Win32
		{86A05B9E-9DA6-49A7-8D9A-134A237107AA}.Release.ActiveCfg = Release|Win32
		{86A05B9E-9DA6-49A7-8D9A-134A237107AA}.Release.Build.0 = Release|Win32
		{7D28E8A0-65E8-45C1-BEBE-B93DF2B94411}.Debug.ActiveCfg = Debug|Win32
		{7D28E8A0-65E8-45C1-BEBE-B93DF2B94411}.Debug.Build.0 = Debug|Win32
		{7D28E8A0-65E8-45C1-BEBE-B93DF2B94411}.Release.ActiveCfg = Release|Win32
		{7D28E8A0-65E8-45C1-BEBE-B93DF2B94411}.Release.Build.0 = Release|Win32
		{271320F2-ACC3-4B24-89E5-AE724168E24C}.Debug.ActiveCfg = Debug|Win32
		{271320F2-ACC3-4B24-89E5-AE724168E24C}.Debug.Build.0 = Debug|Win32
		{271320F2-ACC3-4B24-89E5-AE724168E24C}.Release.ActiveCfg = Release|Win32
		{271320F2-ACC3-4B24-89E5-AE724168E24C}.Release.Build.0 = Release|Win32
		{C8A0BD17-EAF1-430B-98BB-4D984FDCB8BD}.Debug.ActiveCfg = Debug|Win32
		{C8A0BD17-EAF1-430B-98BB-4D984FDCB8BD}.Debug.Build.0 = Debug|Win32
		{C8A0BD17-EAF1-430B-98BB-4D984FDCB8BD}.Release.ActiveCfg = Release|Win32
		{C8A0BD17-EAF1-430B-98BB-4D984FDCB8BD}.Release.Build.0 = Release|Win32
		{9164EB40-5A2F-4522-B1CB-78EE2D54A383}.Debug.ActiveCfg = Debug|Win32
		{9164EB40-5A2F-4522-B1CB-78EE2D54A383}.Debug.Build.0 = Debug|Win32
		{9164EB40-5A2F-4522-B1CB-78EE2D54A383}.Release.ActiveCfg = Release|Win32
		{9164EB40-5A2F-4522-B1CB-78EE2D54A383}.Release.Build.0 = Release|Win32
		{22F3CD77-6987-4C05-9D16-A251AAA45197}.Debug.ActiveCfg = Debug|Win32
		{22F3CD77-6987-4C05-9D16-A251AAA45197}.Debug.Build.0 = Debug|Win32
		{22F3CD77-6987-4C05-9D16-A251AAA45197}.Release.ActiveCfg = Release|Win32
		{22F3CD77-6987-4C05-9D16-A251AAA45197}.Release.Build.0 = Release|Win32
		{5E4254DC-BC7E-4772-9D84-2EA204DFF18E}.Debug.ActiveCfg = Debug|Win32
		{5E4254DC-BC7E-4772-9D84-2EA204DFF18E}.Debug.Build.0 = Debug|Win32
		{5E4254DC-BC7E-4772-9D84-2EA204DFF18E}.Release.ActiveCfg = Release|Win32
		{5E4254DC-BC7E-4772-9D84-2EA204DFF18E}.Release.Build.0 = Release|Win32
		{A277554A-8071-4F8F-B5B6-D79610C2C815}.Debug.ActiveCfg = Debug|Win32
		{A277554A-8071-4F8F-B5B6-D79610C2C815}.Debug.Build.0 = Debug|Win32
		{A277554A-8071-4F8F-B5B6-D79610C2C815}.Release.ActiveCfg = Release|Win32
		{A277554A-8071-4F8F-B5B6-D79610C2C815}.Release.Build.0 = Release|Win32
		{F355E85D-B241-48BC-81A4-3F0A6BFF9398}.Debug.ActiveCfg = Debug|Win32
		{F355E85D-B241-48BC-81A4-3F0A6BFF9398}.Debug.Build.0 = Debug|Win32
		{F355E85D-B241-48BC-81A4-3F0A6BFF9398}.Release.ActiveCfg = Release|Win32
		{F355E85D-B241-48BC-81A4-3F0A6BFF9398}.Release.Build.0 = Release|Win32
		{E6FA56B7-6156-455A-B2B5-A0D53A30CBBA}.Debug.ActiveCfg = Debug|Win32
		{E6FA56B7-6156-455A-B2B5-A0D53A30CBBA}.Debug.Build.0 = Debug|Win32
		{E6FA56B7-6156-455A-B2B5-A0D53A30CBBA}.Release.ActiveCfg = Release|Win32
		{E6FA56B7-6156-455A-B2B5-A0D53A30CBBA}.Release.Build.0 = Release|Win32
		{1B5A85CC-4334-4D35-9999-F1D5E8C0FAAA}.Debug.ActiveCfg = Debug|Win32
		{1B5A85CC-4334-4D35-9999-F1D5E8C0FAAA}.Debug.Build.0 = Debug|Win32
		{1B5A85CC-4334-4D35-9999-F1D5E8C0FAAA}.Release.ActiveCfg = Release|Win32
		{1B5A85CC-4334-4D35-9999-F1D5E8C0FAAA}.Release.Build.0 = Release|Win32
		{C956F4AD-9BCF-4C33-9223-3407B00062C4}.Debug.ActiveCfg = Debug|Win32
		{C956F4AD-9BCF-4C33-9223-3407B00062C4}.Debug.Build.0 = Debug|Win32
		{C956F4AD-9BCF-4C33-9223-3407B00062C4}.Release.ActiveCfg = Release|Win32
		{C956F4AD-9BCF-4C33-9223-3407B00062C4}.Release.Build.0 = Release|Win32
		{05D8601A-3C10-4E9E-BEBB-CF2D366AE96C}.Debug.ActiveCfg = Debug|Win32
		{05D8601A-3C10-4E9E-BEBB-CF2D366AE96C}.Debug.Build.0 = Debug|Win32
		{05D8601A-3C10-4E9E-BEBB-CF2D366AE96C}.Release.ActiveCfg = Release|Win32
		{05D8601A-3C10-4E9E-BEBB-CF2D366AE96C}.Release.Build.0 = Release|Win32
		{16530C9B-65D1-431A-81E7-4F3FFA00E9CA}.Debug.ActiveCfg = Debug|Win32
		{16530C9B-65D1-431A-81E7-4F3FFA00E9CA}.Debug.Build.0 = Debug|Win32
		{16530C9B-65D1-431A-81E7-4F3FFA00E9CA}.Release.ActiveCfg = Release|Win32
		{16530C9B-65D1-431A-81E7-4F3FFA00E9CA}.Release.Build.0 = Release|Win32
		{5FA740D7-3C9F-4B90-B866-38C4F20DA291}.Debug.ActiveCfg = Debug|Win32
		{5FA740D7-3C9F-4B90-B866-38C4F20DA291}.Debug.Build.0 = Debug|Win32
		{5FA740D7-3C9F-4B90-B866-38C4F20DA291}.Release.ActiveCfg = Release|Win32
		{5FA740D7-3C9F-4B90-B866-38C4F20DA291}.Release.Build.0 = Release|Win32
		{1B68C0E3-47A2-468B-B767-C7D57A642E8C}.Debug.ActiveCfg = Debug|Win32
		{1B68C0E3-47A2-468B-B767-C7D57A642E8C}.Debug.Build.0 = Debug|Win32
		{1B68C0E3-47A2-468B-B767-C7D57A642E8C}.Release.ActiveCfg = Release|Win32
		{1B68C0E3-47A2-468B-B767-C7D57A642E8C}.Release.Build.0 = Release|Win32
		{D0657519-B161-4FF4-9F30-800FDB421579}.Debug.ActiveCfg = Debug|Win32
		{D0657519-B161-4FF4-9F30-800FDB421579}.Debug.Build.0 = Debug|Win32
		{D0657519-B161-4FF4-9F30-800FDB421579}.Release.ActiveCfg = Release|Win32
		{D0657519-B161-4FF4-9F30-800FDB421579}.Release.Build.0 = Release|Win32
		{50A6F471-2BBB-4E3D-A63A-87FA4B16ED0C}.Debug.ActiveCfg = Debug|Win32
		{50A6F471-2BBB-4E3D-A63A-87FA4B16ED0C}.Debug.Build.0 = Debug|Win32
		{50A6F471-2BBB-4E3D-A63A-87FA4B16ED0C}.Release.ActiveCfg = Release|Win32
		{50A6F471-2BBB-4E3D-A63A-87FA4B16ED0C}.Release.Build.0 = Release|Win32
		{AB10E4D1-7846-41F5-8107-A60B3C39BFD5}.Debug.ActiveCfg = Debug|Win32
		{AB10E4D1-7846-41F5-8107-A60B3C39BFD5}.Debug.Build.0 = Debug|Win32
		{AB10E4D1-7846-41F5-8107-A60B3C39BFD5}.Release.ActiveCfg = Release|Win32
		{AB10E4D1-7846-41F5-8107-A60B3C39BFD5}.Release.Build.0 = Release|Win32
		{675D8D5D-F484-49C0-BF97-4B1F0934022E}.Debug.ActiveCfg = Debug|Win32
		{675D8D5D-F484-49C0-BF97-4B1F0934022E}.Debug.Build.0 = Debug|Win32
		{675D8D5D-F484-49C0-BF97-4B1F0934022E}.Release.ActiveCfg = Release|Win32
		{675D8D5D-F484-49C0-BF97-4B1F0934022E}.Release.Build.0 = Release|Win32
		{3C9C8A18-1D2D-4FC9-9590-5FC270E73DF9}.Debug.ActiveCfg = Debug|Win32
		{3C9C8A18-1D2D-4FC9-9590-5FC270E73DF9}.Debug.Build.0 = Debug|Win32
		{3C9C8A18-1D2D-4FC9-9590-5FC270E73DF9}.Release.ActiveCfg = Release|Win32
		{3C9C8A18-1D2D-4FC9-9590-5FC270E73DF9}.Release.Build.0 = Release|Win32
		{267B6702-1FBB-4D1B-A7DD-57C32F11D59E}.Debug.ActiveCfg = Debug|Win32
		{267B6702-1FBB-4D1B-A7DD-57C32F11D59E}.Debug.Build.0 = Debug|Win32
		{267B6702-1FBB-4D1B-A7DD-57C32F11D59E}.Release.ActiveCfg = Release|Win32
		{267B6702-1FBB-4D1B-A7DD-57C32F11D59E}.Release.Build.0 = Release|Win32
		{EC18613E-099E-4CB1-B219-FBA7C38CB5D3}.Debug.ActiveCfg = Debug|Win32
		{EC18613E-099E-4CB1-B219-FBA7C38CB5D3}.Debug.Build.0 = Debug|Win32
		{EC18613E-099E-4CB1-B219-FBA7C38CB5D3}.Release.ActiveCfg = Release|Win32
		{EC18613E-099E-4CB1-B219-FBA7C38CB5D3}.Release.Build.0 = Release|Win32
		{DEDE55D5-F182-4241-81BA-4F9A183107BE}.Debug.ActiveCfg = Debug|Win32
		{DEDE55D5-F182-4241-81BA-4F9A183107BE}.Debug.Build.0 = Debug|Win32
		{DEDE55D5-F182-4241-81BA-4F9A183107BE}.Release.ActiveCfg = Release|Win32
		{DEDE55D5-F182-4241-81BA-4F9A183107BE}.Release.Build.0 = Release|Win32
		{73107D39-0B79-47EA-B528-A26B63C1F366}.Debug.ActiveCfg = Debug|Win32
		{73107D39-0B79-47EA-B528-A26B63C1F366}.Debug.Build.0 = Debug|Win32
		{73107D39-0B79-47EA-B528-A26B63C1F366}.Release.ActiveCfg = Release|Win32
		{73107D39-0B79-47EA-B528-A26B63C1F366}.Release.Build.0 = Release|Win32
		{057BB4D7-AE8E-4335-90BF-715A8A6F8373}.Debug.ActiveCfg = Debug|Win32
		{057BB4D7-AE8E-4335-90BF-715A8A6F8373}.Debug.Build.0 = Debug|Win32
		{057BB4D7-AE8E-4335-90BF-715A8A6F8373}.Release.ActiveCfg = Release|Win32
		{057BB4D7-AE8E-4335-90BF-715A8A6F8373}.Release.Build.0 = Release|Win32
	EndGlobalSection
	GlobalSection(ExtensibilityGlobals) = postSolution
	EndGlobalSection
	GlobalSection(ExtensibilityAddIns) = postSolution
	EndGlobalSection
EndGlobal
