Microsoft Visual Studio Solution File, Format Version 8.00
Project("{8BC9CEB8-8B4A-11D0-8D11-00A0C91BC942}") = "bcasttest", "MPI\COLL\bcasttest.vcproj", "{F7292F4D-75BB-4C21-A62A-AFE679B8F84F}"
	ProjectSection(ProjectDependencies) = postProject
	EndProjectSection
EndProject
Project("{8BC9CEB8-8B4A-11D0-8D11-00A0C91BC942}") = "netpipe", "mpi\basic\netpipe.vcproj", "{8B466291-6AF7-4A43-8D9F-F8056438F40B}"
	ProjectSection(ProjectDependencies) = postProject
	EndProjectSection
EndProject
Project("{8BC9CEB8-8B4A-11D0-8D11-00A0C91BC942}") = "patterns", "mpi\basic\patterns.vcproj", "{46B646E0-2A2A-407F-8719-EE00841C95C2}"
	ProjectSection(ProjectDependencies) = postProject
	EndProjectSection
EndProject
Project("{8BC9CEB8-8B4A-11D0-8D11-00A0C91BC942}") = "sendrecv", "MPI\BASIC\sendrecv.vcproj", "{E7914EE1-F667-476E-978E-FC403E2DA4BB}"
	ProjectSection(ProjectDependencies) = postProject
	EndProjectSection
EndProject
Project("{8BC9CEB8-8B4A-11D0-8D11-00A0C91BC942}") = "simple", "MPI\BASIC\simple.vcproj", "{551E21C5-7085-466E-9A7E-8EC3117168B2}"
	ProjectSection(ProjectDependencies) = postProject
	EndProjectSection
EndProject
Project("{8BC9CEB8-8B4A-11D0-8D11-00A0C91BC942}") = "adapt", "mpi\basic\adapt.vcproj", "{007A861C-6EA1-4FF5-BD37-93C21EDE532D}"
	ProjectSection(ProjectDependencies) = postProject
	EndProjectSection
EndProject
Project("{8BC9CEB8-8B4A-11D0-8D11-00A0C91BC942}") = "allmpi", "mpi\basic\allmpi.vcproj", "{D9F19E35-7870-4549-A69D-AD810E8BC167}"
	ProjectSection(ProjectDependencies) = postProject
	EndProjectSection
EndProject
Project("{8BC9CEB8-8B4A-11D0-8D11-00A0C91BC942}") = "cpi", "..\examples\cpi.vcproj", "{8A4EF666-0FA4-4472-842B-C1C10C941439}"
	ProjectSection(ProjectDependencies) = postProject
	EndProjectSection
EndProject
Project("{8BC9CEB8-8B4A-11D0-8D11-00A0C91BC942}") = "srtest", "mpi\basic\srtest.vcproj", "{64826B3B-5D4D-426A-BA86-C7AC08DAD826}"
	ProjectSection(ProjectDependencies) = postProject
	EndProjectSection
EndProject
Project("{8BC9CEB8-8B4A-11D0-8D11-00A0C91BC942}") = "spawntest", "..\examples\spawntest.vcproj", "{6BB16851-FDFE-4654-8F1A-DCAC63EBE11A}"
	ProjectSection(ProjectDependencies) = postProject
	EndProjectSection
EndProject
Project("{8BC9CEB8-8B4A-11D0-8D11-00A0C91BC942}") = "pmandel", "..\examples\pmandel.vcproj", "{7A24F228-2A69-4E40-A5B5-8294C699EEB4}"
	ProjectSection(ProjectDependencies) = postProject
	EndProjectSection
EndProject
Project("{8BC9CEB8-8B4A-11D0-8D11-00A0C91BC942}") = "pman_vis", "..\examples\windows\pmandel_vis\pman_vis.vcproj", "{29D7A10A-E306-413E-A87E-5A2BCCE0848C}"
	ProjectSection(ProjectDependencies) = postProject
	EndProjectSection
EndProject
Project("{8BC9CEB8-8B4A-11D0-8D11-00A0C91BC942}") = "pmitest", "..\examples\windows\pmitest\pmitest.vcproj", "{2DBB0E8D-447E-4E65-98FB-445BBCB7CDFD}"
	ProjectSection(ProjectDependencies) = postProject
	EndProjectSection
EndProject
Project("{8BC9CEB8-8B4A-11D0-8D11-00A0C91BC942}") = "mpiexec", "..\examples\mpiexec\mpiexec.vcproj", "{AA4FCEC7-CF15-42DD-8B50-C724973F1E9A}"
	ProjectSection(ProjectDependencies) = postProject
	EndProjectSection
EndProject
Project("{8BC9CEB8-8B4A-11D0-8D11-00A0C91BC942}") = "pmandel_spawn", "..\examples\pmandel_spawn.vcproj", "{D05C5962-1D40-4A33-ACE8-87A6DA3600A9}"
	ProjectSection(ProjectDependencies) = postProject
	EndProjectSection
EndProject
Project("{8BC9CEB8-8B4A-11D0-8D11-00A0C91BC942}") = "pmandel_service", "..\examples\pmandel_service.vcproj", "{628FA51F-0886-4D7D-BBE4-18FB6516D7D2}"
	ProjectSection(ProjectDependencies) = postProject
	EndProjectSection
EndProject
Project("{8BC9CEB8-8B4A-11D0-8D11-00A0C91BC942}") = "pmandel_fence", "..\examples\pmandel_fence.vcproj", "{FEF84809-FBA0-4186-B6A9-5C12F28858AD}"
	ProjectSection(ProjectDependencies) = postProject
	EndProjectSection
EndProject
Project("{8BC9CEB8-8B4A-11D0-8D11-00A0C91BC942}") = "pmandel_spaserv", "..\examples\pmandel_spaserv.vcproj", "{491B0550-63A6-4DE2-82EF-E4243DBDC77F}"
	ProjectSection(ProjectDependencies) = postProject
	EndProjectSection
EndProject
Project("{FAE04EC0-301F-11D3-BF4B-00C04F79EFBC}") = "MandelViewer", "..\examples\windows\pmandel_vis_net\MandelViewer.csproj", "{D979FA77-DC9A-4869-B42D-27F4E6B76B29}"
	ProjectSection(ProjectDependencies) = postProject
	EndProjectSection
EndProject
Project("{8BC9CEB8-8B4A-11D0-8D11-00A0C91BC942}") = "bcast2", "mpi\coll\bcast2.vcproj", "{DF2577A1-B25E-4538-9183-40A7B9907B73}"
	ProjectSection(ProjectDependencies) = postProject
	EndProjectSection
EndProject
Project("{8BC9CEB8-8B4A-11D0-8D11-00A0C91BC942}") = "putfence1", "mpi\rma\putfence1.vcproj", "{D8480A0D-B48E-47E8-AD81-E13F9DD834B1}"
	ProjectSection(ProjectDependencies) = postProject
	EndProjectSection
EndProject
Global
	GlobalSection(SolutionConfiguration) = preSolution
		Debug = Debug
		Release = Release
	EndGlobalSection
	GlobalSection(ProjectConfiguration) = postSolution
		{F7292F4D-75BB-4C21-A62A-AFE679B8F84F}.Debug.ActiveCfg = Debug|Win32
		{F7292F4D-75BB-4C21-A62A-AFE679B8F84F}.Debug.Build.0 = Debug|Win32
		{F7292F4D-75BB-4C21-A62A-AFE679B8F84F}.Release.ActiveCfg = Release|Win32
		{F7292F4D-75BB-4C21-A62A-AFE679B8F84F}.Release.Build.0 = Release|Win32
		{8B466291-6AF7-4A43-8D9F-F8056438F40B}.Debug.ActiveCfg = Debug|Win32
		{8B466291-6AF7-4A43-8D9F-F8056438F40B}.Debug.Build.0 = Debug|Win32
		{8B466291-6AF7-4A43-8D9F-F8056438F40B}.Release.ActiveCfg = Release|Win32
		{8B466291-6AF7-4A43-8D9F-F8056438F40B}.Release.Build.0 = Release|Win32
		{46B646E0-2A2A-407F-8719-EE00841C95C2}.Debug.ActiveCfg = Debug|Win32
		{46B646E0-2A2A-407F-8719-EE00841C95C2}.Debug.Build.0 = Debug|Win32
		{46B646E0-2A2A-407F-8719-EE00841C95C2}.Release.ActiveCfg = Release|Win32
		{46B646E0-2A2A-407F-8719-EE00841C95C2}.Release.Build.0 = Release|Win32
		{E7914EE1-F667-476E-978E-FC403E2DA4BB}.Debug.ActiveCfg = Debug|Win32
		{E7914EE1-F667-476E-978E-FC403E2DA4BB}.Debug.Build.0 = Debug|Win32
		{E7914EE1-F667-476E-978E-FC403E2DA4BB}.Release.ActiveCfg = Release|Win32
		{E7914EE1-F667-476E-978E-FC403E2DA4BB}.Release.Build.0 = Release|Win32
		{551E21C5-7085-466E-9A7E-8EC3117168B2}.Debug.ActiveCfg = Debug|Win32
		{551E21C5-7085-466E-9A7E-8EC3117168B2}.Debug.Build.0 = Debug|Win32
		{551E21C5-7085-466E-9A7E-8EC3117168B2}.Release.ActiveCfg = Release|Win32
		{551E21C5-7085-466E-9A7E-8EC3117168B2}.Release.Build.0 = Release|Win32
		{007A861C-6EA1-4FF5-BD37-93C21EDE532D}.Debug.ActiveCfg = Debug|Win32
		{007A861C-6EA1-4FF5-BD37-93C21EDE532D}.Debug.Build.0 = Debug|Win32
		{007A861C-6EA1-4FF5-BD37-93C21EDE532D}.Release.ActiveCfg = Release|Win32
		{007A861C-6EA1-4FF5-BD37-93C21EDE532D}.Release.Build.0 = Release|Win32
		{D9F19E35-7870-4549-A69D-AD810E8BC167}.Debug.ActiveCfg = Debug|Win32
		{D9F19E35-7870-4549-A69D-AD810E8BC167}.Debug.Build.0 = Debug|Win32
		{D9F19E35-7870-4549-A69D-AD810E8BC167}.Release.ActiveCfg = Release|Win32
		{D9F19E35-7870-4549-A69D-AD810E8BC167}.Release.Build.0 = Release|Win32
		{8A4EF666-0FA4-4472-842B-C1C10C941439}.Debug.ActiveCfg = Debug|Win32
		{8A4EF666-0FA4-4472-842B-C1C10C941439}.Debug.Build.0 = Debug|Win32
		{8A4EF666-0FA4-4472-842B-C1C10C941439}.Release.ActiveCfg = Release|Win32
		{8A4EF666-0FA4-4472-842B-C1C10C941439}.Release.Build.0 = Release|Win32
		{64826B3B-5D4D-426A-BA86-C7AC08DAD826}.Debug.ActiveCfg = Debug|Win32
		{64826B3B-5D4D-426A-BA86-C7AC08DAD826}.Debug.Build.0 = Debug|Win32
		{64826B3B-5D4D-426A-BA86-C7AC08DAD826}.Release.ActiveCfg = Release|Win32
		{64826B3B-5D4D-426A-BA86-C7AC08DAD826}.Release.Build.0 = Release|Win32
		{6BB16851-FDFE-4654-8F1A-DCAC63EBE11A}.Debug.ActiveCfg = Debug|Win32
		{6BB16851-FDFE-4654-8F1A-DCAC63EBE11A}.Debug.Build.0 = Debug|Win32
		{6BB16851-FDFE-4654-8F1A-DCAC63EBE11A}.Release.ActiveCfg = Release|Win32
		{6BB16851-FDFE-4654-8F1A-DCAC63EBE11A}.Release.Build.0 = Release|Win32
		{7A24F228-2A69-4E40-A5B5-8294C699EEB4}.Debug.ActiveCfg = Debug|Win32
		{7A24F228-2A69-4E40-A5B5-8294C699EEB4}.Debug.Build.0 = Debug|Win32
		{7A24F228-2A69-4E40-A5B5-8294C699EEB4}.Release.ActiveCfg = Release|Win32
		{7A24F228-2A69-4E40-A5B5-8294C699EEB4}.Release.Build.0 = Release|Win32
		{29D7A10A-E306-413E-A87E-5A2BCCE0848C}.Debug.ActiveCfg = Debug|Win32
		{29D7A10A-E306-413E-A87E-5A2BCCE0848C}.Debug.Build.0 = Debug|Win32
		{29D7A10A-E306-413E-A87E-5A2BCCE0848C}.Release.ActiveCfg = Release|Win32
		{29D7A10A-E306-413E-A87E-5A2BCCE0848C}.Release.Build.0 = Release|Win32
		{2DBB0E8D-447E-4E65-98FB-445BBCB7CDFD}.Debug.ActiveCfg = Debug|Win32
		{2DBB0E8D-447E-4E65-98FB-445BBCB7CDFD}.Debug.Build.0 = Debug|Win32
		{2DBB0E8D-447E-4E65-98FB-445BBCB7CDFD}.Release.ActiveCfg = Release|Win32
		{2DBB0E8D-447E-4E65-98FB-445BBCB7CDFD}.Release.Build.0 = Release|Win32
		{AA4FCEC7-CF15-42DD-8B50-C724973F1E9A}.Debug.ActiveCfg = Debug|Win32
		{AA4FCEC7-CF15-42DD-8B50-C724973F1E9A}.Debug.Build.0 = Debug|Win32
		{AA4FCEC7-CF15-42DD-8B50-C724973F1E9A}.Release.ActiveCfg = Release|Win32
		{AA4FCEC7-CF15-42DD-8B50-C724973F1E9A}.Release.Build.0 = Release|Win32
		{D05C5962-1D40-4A33-ACE8-87A6DA3600A9}.Debug.ActiveCfg = Debug|Win32
		{D05C5962-1D40-4A33-ACE8-87A6DA3600A9}.Debug.Build.0 = Debug|Win32
		{D05C5962-1D40-4A33-ACE8-87A6DA3600A9}.Release.ActiveCfg = Release|Win32
		{D05C5962-1D40-4A33-ACE8-87A6DA3600A9}.Release.Build.0 = Release|Win32
		{628FA51F-0886-4D7D-BBE4-18FB6516D7D2}.Debug.ActiveCfg = Debug|Win32
		{628FA51F-0886-4D7D-BBE4-18FB6516D7D2}.Debug.Build.0 = Debug|Win32
		{628FA51F-0886-4D7D-BBE4-18FB6516D7D2}.Release.ActiveCfg = Release|Win32
		{628FA51F-0886-4D7D-BBE4-18FB6516D7D2}.Release.Build.0 = Release|Win32
		{FEF84809-FBA0-4186-B6A9-5C12F28858AD}.Debug.ActiveCfg = Debug|Win32
		{FEF84809-FBA0-4186-B6A9-5C12F28858AD}.Debug.Build.0 = Debug|Win32
		{FEF84809-FBA0-4186-B6A9-5C12F28858AD}.Release.ActiveCfg = Release|Win32
		{FEF84809-FBA0-4186-B6A9-5C12F28858AD}.Release.Build.0 = Release|Win32
		{491B0550-63A6-4DE2-82EF-E4243DBDC77F}.Debug.ActiveCfg = Debug|Win32
		{491B0550-63A6-4DE2-82EF-E4243DBDC77F}.Debug.Build.0 = Debug|Win32
		{491B0550-63A6-4DE2-82EF-E4243DBDC77F}.Release.ActiveCfg = Release|Win32
		{491B0550-63A6-4DE2-82EF-E4243DBDC77F}.Release.Build.0 = Release|Win32
		{D979FA77-DC9A-4869-B42D-27F4E6B76B29}.Debug.ActiveCfg = Debug|.NET
		{D979FA77-DC9A-4869-B42D-27F4E6B76B29}.Debug.Build.0 = Debug|.NET
		{D979FA77-DC9A-4869-B42D-27F4E6B76B29}.Release.ActiveCfg = Release|.NET
		{D979FA77-DC9A-4869-B42D-27F4E6B76B29}.Release.Build.0 = Release|.NET
		{DF2577A1-B25E-4538-9183-40A7B9907B73}.Debug.ActiveCfg = Debug|Win32
		{DF2577A1-B25E-4538-9183-40A7B9907B73}.Debug.Build.0 = Debug|Win32
		{DF2577A1-B25E-4538-9183-40A7B9907B73}.Release.ActiveCfg = Release|Win32
		{DF2577A1-B25E-4538-9183-40A7B9907B73}.Release.Build.0 = Release|Win32
		{D8480A0D-B48E-47E8-AD81-E13F9DD834B1}.Debug.ActiveCfg = Debug|Win32
		{D8480A0D-B48E-47E8-AD81-E13F9DD834B1}.Debug.Build.0 = Debug|Win32
		{D8480A0D-B48E-47E8-AD81-E13F9DD834B1}.Release.ActiveCfg = Release|Win32
		{D8480A0D-B48E-47E8-AD81-E13F9DD834B1}.Release.Build.0 = Release|Win32
	EndGlobalSection
	GlobalSection(ExtensibilityGlobals) = postSolution
	EndGlobalSection
	GlobalSection(ExtensibilityAddIns) = postSolution
	EndGlobalSection
EndGlobal
