Microsoft Visual Studio Solution File, Format Version 8.00
Project("{8BC9CEB8-8B4A-11D0-8D11-00A0C91BC942}") = "mpich2", "mpich2.vcproj", "{0FACD81A-FE33-4845-ACF6-A1D50BD35991}"
	ProjectSection(ProjectDependencies) = postProject
	EndProjectSection
EndProject
Project("{8BC9CEB8-8B4A-11D0-8D11-00A0C91BC942}") = "mpich2s", "mpich2s.vcproj", "{7FBADF88-70AB-4415-B7DA-248EFA299A86}"
	ProjectSection(ProjectDependencies) = postProject
	EndProjectSection
EndProject
Project("{8BC9CEB8-8B4A-11D0-8D11-00A0C91BC942}") = "ch3shm", "SRC\MPID\CH3\CHANNELS\shm\shm.vcproj", "{DA017023-AA09-4B0F-BDC1-F853DE41767F}"
	ProjectSection(ProjectDependencies) = postProject
	EndProjectSection
EndProject
Project("{8BC9CEB8-8B4A-11D0-8D11-00A0C91BC942}") = "ch3sock", "src\mpid\ch3\channels\sock\ch3sock.vcproj", "{88CF50C7-ECDC-4423-9332-8A0647374428}"
	ProjectSection(ProjectDependencies) = postProject
	EndProjectSection
EndProject
Project("{8BC9CEB8-8B4A-11D0-8D11-00A0C91BC942}") = "ch3rdma", "src\mpid\ch3\channels\rdma\ch3rdma.vcproj", "{B50F53CE-A0E1-4849-A24F-4E9E3860DF0C}"
	ProjectSection(ProjectDependencies) = postProject
	EndProjectSection
EndProject
Project("{8BC9CEB8-8B4A-11D0-8D11-00A0C91BC942}") = "sock", "src\mpid\common\sock\sock.vcproj", "{BB4554EE-65E6-4936-B4A5-83D1583F0BFC}"
	ProjectSection(ProjectDependencies) = postProject
	EndProjectSection
EndProject
Project("{8BC9CEB8-8B4A-11D0-8D11-00A0C91BC942}") = "dbg", "src\util\dbg\dbg.vcproj", "{DFFFA925-D59C-4480-8094-1B7E9D12BC02}"
	ProjectSection(ProjectDependencies) = postProject
	EndProjectSection
EndProject
Project("{8BC9CEB8-8B4A-11D0-8D11-00A0C91BC942}") = "cxx", "src\binding\cxx\cxx.vcproj", "{A611626E-E8FF-44A7-8105-149AB9CA5D20}"
	ProjectSection(ProjectDependencies) = postProject
	EndProjectSection
EndProject
Project("{8BC9CEB8-8B4A-11D0-8D11-00A0C91BC942}") = "rlog", "src\util\logging\rlog\rlog.vcproj", "{3DE857FA-6F20-4214-8D99-811165354D3F}"
	ProjectSection(ProjectDependencies) = postProject
	EndProjectSection
EndProject
Project("{8BC9CEB8-8B4A-11D0-8D11-00A0C91BC942}") = "ch3ssm", "src\mpid\ch3\channels\ssm\ch3ssm.vcproj", "{2B25AF63-3E57-455C-85BB-591426ACEF80}"
	ProjectSection(ProjectDependencies) = postProject
	EndProjectSection
EndProject
Project("{8BC9CEB8-8B4A-11D0-8D11-00A0C91BC942}") = "ch3rdmatp", "src\mpid\ch3\channels\rdma\ch3rdmatp.vcproj", "{B50F53CE-A0E1-4849-A24F-4E9E3860DF0D}"
	ProjectSection(ProjectDependencies) = postProject
	EndProjectSection
EndProject
Project("{8BC9CEB8-8B4A-11D0-8D11-00A0C91BC942}") = "mpich2f", "src\binding\f77\mpich2f.vcproj", "{D45A7472-5ECD-481D-A26D-98D88ED44305}"
	ProjectSection(ProjectDependencies) = postProject
	EndProjectSection
EndProject
Project("{8BC9CEB8-8B4A-11D0-8D11-00A0C91BC942}") = "mpiexec", "src\pm\smpd\mpiexec.vcproj", "{EFAF72A2-7154-410B-9235-460444894A38}"
	ProjectSection(ProjectDependencies) = postProject
	EndProjectSection
EndProject
Project("{8BC9CEB8-8B4A-11D0-8D11-00A0C91BC942}") = "smpd", "src\pm\smpd\smpd.vcproj", "{73DC517A-212E-4C8C-8B13-D5CA120C7B5C}"
	ProjectSection(ProjectDependencies) = postProject
	EndProjectSection
EndProject
Project("{8BC9CEB8-8B4A-11D0-8D11-00A0C91BC942}") = "smpd_util", "src\pm\smpd\smpd_util.vcproj", "{0703FA94-8B8C-49AC-BFCE-91F67B599E51}"
	ProjectSection(ProjectDependencies) = postProject
	EndProjectSection
EndProject
Project("{8BC9CEB8-8B4A-11D0-8D11-00A0C91BC942}") = "pmi", "src\pmi\smpd\pmi.vcproj", "{97B727A6-0F41-4E8E-A524-FC0F30D3AC8A}"
	ProjectSection(ProjectDependencies) = postProject
	EndProjectSection
EndProject
Global
	GlobalSection(SolutionConfiguration) = preSolution
		ch3rdmaDebug = ch3rdmaDebug
		ch3rdmaRelease = ch3rdmaRelease
		ch3rdmatpDebug = ch3rdmatpDebug
		ch3rdmatpRelease = ch3rdmatpRelease
		ch3sockDebug = ch3sockDebug
		ch3sockPliteRelease = ch3sockPliteRelease
		ch3sockPRelease = ch3sockPRelease
		ch3sockRelease = ch3sockRelease
		ch3ssmDebug = ch3ssmDebug
		ch3ssmPDebug = ch3ssmPDebug
		ch3ssmRelease = ch3ssmRelease
		Debug = Debug
		DebugStatic = DebugStatic
		mmDebug = mmDebug
		mmRelease = mmRelease
		Release = Release
		shmDebug = shmDebug
		shmRelease = shmRelease
	EndGlobalSection
	GlobalSection(ProjectConfiguration) = postSolution
		{0FACD81A-FE33-4845-ACF6-A1D50BD35991}.ch3rdmaDebug.ActiveCfg = ch3rdmaDebug|Win32
		{0FACD81A-FE33-4845-ACF6-A1D50BD35991}.ch3rdmaDebug.Build.0 = ch3rdmaDebug|Win32
		{0FACD81A-FE33-4845-ACF6-A1D50BD35991}.ch3rdmaRelease.ActiveCfg = ch3rdmaRelease|Win32
		{0FACD81A-FE33-4845-ACF6-A1D50BD35991}.ch3rdmaRelease.Build.0 = ch3rdmaRelease|Win32
		{0FACD81A-FE33-4845-ACF6-A1D50BD35991}.ch3rdmatpDebug.ActiveCfg = ch3rdmatpDebug|Win32
		{0FACD81A-FE33-4845-ACF6-A1D50BD35991}.ch3rdmatpDebug.Build.0 = ch3rdmatpDebug|Win32
		{0FACD81A-FE33-4845-ACF6-A1D50BD35991}.ch3rdmatpRelease.ActiveCfg = ch3rdmatpRelease|Win32
		{0FACD81A-FE33-4845-ACF6-A1D50BD35991}.ch3rdmatpRelease.Build.0 = ch3rdmatpRelease|Win32
		{0FACD81A-FE33-4845-ACF6-A1D50BD35991}.ch3sockDebug.ActiveCfg = ch3sockDebug|Win32
		{0FACD81A-FE33-4845-ACF6-A1D50BD35991}.ch3sockDebug.Build.0 = ch3sockDebug|Win32
		{0FACD81A-FE33-4845-ACF6-A1D50BD35991}.ch3sockPliteRelease.ActiveCfg = ch3sockPliteRelease|Win32
		{0FACD81A-FE33-4845-ACF6-A1D50BD35991}.ch3sockPliteRelease.Build.0 = ch3sockPliteRelease|Win32
		{0FACD81A-FE33-4845-ACF6-A1D50BD35991}.ch3sockPRelease.ActiveCfg = ch3sockPRelease|Win32
		{0FACD81A-FE33-4845-ACF6-A1D50BD35991}.ch3sockPRelease.Build.0 = ch3sockPRelease|Win32
		{0FACD81A-FE33-4845-ACF6-A1D50BD35991}.ch3sockRelease.ActiveCfg = ch3sockRelease|Win32
		{0FACD81A-FE33-4845-ACF6-A1D50BD35991}.ch3sockRelease.Build.0 = ch3sockRelease|Win32
		{0FACD81A-FE33-4845-ACF6-A1D50BD35991}.ch3ssmDebug.ActiveCfg = ch3ssmDebug|Win32
		{0FACD81A-FE33-4845-ACF6-A1D50BD35991}.ch3ssmDebug.Build.0 = ch3ssmDebug|Win32
		{0FACD81A-FE33-4845-ACF6-A1D50BD35991}.ch3ssmPDebug.ActiveCfg = ch3ssmPDebug|Win32
		{0FACD81A-FE33-4845-ACF6-A1D50BD35991}.ch3ssmPDebug.Build.0 = ch3ssmPDebug|Win32
		{0FACD81A-FE33-4845-ACF6-A1D50BD35991}.ch3ssmRelease.ActiveCfg = ch3ssmRelease|Win32
		{0FACD81A-FE33-4845-ACF6-A1D50BD35991}.ch3ssmRelease.Build.0 = ch3ssmRelease|Win32
		{0FACD81A-FE33-4845-ACF6-A1D50BD35991}.Debug.ActiveCfg = shmDebug|Win32
		{0FACD81A-FE33-4845-ACF6-A1D50BD35991}.DebugStatic.ActiveCfg = ch3rdmatpRelease|Win32
		{0FACD81A-FE33-4845-ACF6-A1D50BD35991}.mmDebug.ActiveCfg = mmDebug|Win32
		{0FACD81A-FE33-4845-ACF6-A1D50BD35991}.mmDebug.Build.0 = mmDebug|Win32
		{0FACD81A-FE33-4845-ACF6-A1D50BD35991}.mmRelease.ActiveCfg = mmRelease|Win32
		{0FACD81A-FE33-4845-ACF6-A1D50BD35991}.mmRelease.Build.0 = mmRelease|Win32
		{0FACD81A-FE33-4845-ACF6-A1D50BD35991}.Release.ActiveCfg = ch3sockRelease|Win32
		{0FACD81A-FE33-4845-ACF6-A1D50BD35991}.shmDebug.ActiveCfg = shmDebug|Win32
		{0FACD81A-FE33-4845-ACF6-A1D50BD35991}.shmDebug.Build.0 = shmDebug|Win32
		{0FACD81A-FE33-4845-ACF6-A1D50BD35991}.shmRelease.ActiveCfg = shmRelease|Win32
		{0FACD81A-FE33-4845-ACF6-A1D50BD35991}.shmRelease.Build.0 = shmRelease|Win32
		{7FBADF88-70AB-4415-B7DA-248EFA299A86}.ch3rdmaDebug.ActiveCfg = ch3rdmaDebug|Win32
		{7FBADF88-70AB-4415-B7DA-248EFA299A86}.ch3rdmaRelease.ActiveCfg = ch3rdmaRelease|Win32
		{7FBADF88-70AB-4415-B7DA-248EFA299A86}.ch3rdmatpDebug.ActiveCfg = ch3rdmaRelease|Win32
		{7FBADF88-70AB-4415-B7DA-248EFA299A86}.ch3rdmatpRelease.ActiveCfg = ch3rdmaRelease|Win32
		{7FBADF88-70AB-4415-B7DA-248EFA299A86}.ch3sockDebug.ActiveCfg = ch3sockDebug|Win32
		{7FBADF88-70AB-4415-B7DA-248EFA299A86}.ch3sockPliteRelease.ActiveCfg = ch3sockRelease|Win32
		{7FBADF88-70AB-4415-B7DA-248EFA299A86}.ch3sockPRelease.ActiveCfg = ch3sockRelease|Win32
		{7FBADF88-70AB-4415-B7DA-248EFA299A86}.ch3sockRelease.ActiveCfg = ch3sockRelease|Win32
		{7FBADF88-70AB-4415-B7DA-248EFA299A86}.ch3ssmDebug.ActiveCfg = ch3ssmDebug|Win32
		{7FBADF88-70AB-4415-B7DA-248EFA299A86}.ch3ssmPDebug.ActiveCfg = ch3ssmDebug|Win32
		{7FBADF88-70AB-4415-B7DA-248EFA299A86}.ch3ssmRelease.ActiveCfg = ch3ssmRelease|Win32
		{7FBADF88-70AB-4415-B7DA-248EFA299A86}.Debug.ActiveCfg = Debug|Win32
		{7FBADF88-70AB-4415-B7DA-248EFA299A86}.DebugStatic.ActiveCfg = Debug|Win32
		{7FBADF88-70AB-4415-B7DA-248EFA299A86}.mmDebug.ActiveCfg = mmDebug|Win32
		{7FBADF88-70AB-4415-B7DA-248EFA299A86}.mmRelease.ActiveCfg = mmRelease|Win32
		{7FBADF88-70AB-4415-B7DA-248EFA299A86}.Release.ActiveCfg = Release|Win32
		{7FBADF88-70AB-4415-B7DA-248EFA299A86}.shmDebug.ActiveCfg = shmDebug|Win32
		{7FBADF88-70AB-4415-B7DA-248EFA299A86}.shmRelease.ActiveCfg = ch3rdmatpRelease|Win32
		{DA017023-AA09-4B0F-BDC1-F853DE41767F}.ch3rdmaDebug.ActiveCfg = shmDebug|Win32
		{DA017023-AA09-4B0F-BDC1-F853DE41767F}.ch3rdmaRelease.ActiveCfg = shmRelease|Win32
		{DA017023-AA09-4B0F-BDC1-F853DE41767F}.ch3rdmatpDebug.ActiveCfg = shmRelease|Win32
		{DA017023-AA09-4B0F-BDC1-F853DE41767F}.ch3rdmatpRelease.ActiveCfg = shmRelease|Win32
		{DA017023-AA09-4B0F-BDC1-F853DE41767F}.ch3sockDebug.ActiveCfg = shmDebug|Win32
		{DA017023-AA09-4B0F-BDC1-F853DE41767F}.ch3sockPliteRelease.ActiveCfg = shmRelease|Win32
		{DA017023-AA09-4B0F-BDC1-F853DE41767F}.ch3sockPRelease.ActiveCfg = shmRelease|Win32
		{DA017023-AA09-4B0F-BDC1-F853DE41767F}.ch3sockRelease.ActiveCfg = shmRelease|Win32
		{DA017023-AA09-4B0F-BDC1-F853DE41767F}.ch3ssmDebug.ActiveCfg = shmRelease|Win32
		{DA017023-AA09-4B0F-BDC1-F853DE41767F}.ch3ssmPDebug.ActiveCfg = shmRelease|Win32
		{DA017023-AA09-4B0F-BDC1-F853DE41767F}.ch3ssmRelease.ActiveCfg = shmRelease|Win32
		{DA017023-AA09-4B0F-BDC1-F853DE41767F}.Debug.ActiveCfg = shmDebug|Win32
		{DA017023-AA09-4B0F-BDC1-F853DE41767F}.DebugStatic.ActiveCfg = shmRelease|Win32
		{DA017023-AA09-4B0F-BDC1-F853DE41767F}.mmDebug.ActiveCfg = shmDebug|Win32
		{DA017023-AA09-4B0F-BDC1-F853DE41767F}.mmRelease.ActiveCfg = shmDebug|Win32
		{DA017023-AA09-4B0F-BDC1-F853DE41767F}.Release.ActiveCfg = shmRelease|Win32
		{DA017023-AA09-4B0F-BDC1-F853DE41767F}.shmDebug.ActiveCfg = shmDebug|Win32
		{DA017023-AA09-4B0F-BDC1-F853DE41767F}.shmDebug.Build.0 = shmDebug|Win32
		{DA017023-AA09-4B0F-BDC1-F853DE41767F}.shmRelease.ActiveCfg = shmRelease|Win32
		{DA017023-AA09-4B0F-BDC1-F853DE41767F}.shmRelease.Build.0 = shmRelease|Win32
		{88CF50C7-ECDC-4423-9332-8A0647374428}.ch3rdmaDebug.ActiveCfg = ch3sockRelease|Win32
		{88CF50C7-ECDC-4423-9332-8A0647374428}.ch3rdmaRelease.ActiveCfg = ch3sockRelease|Win32
		{88CF50C7-ECDC-4423-9332-8A0647374428}.ch3rdmatpDebug.ActiveCfg = ch3sockPRelease|Win32
		{88CF50C7-ECDC-4423-9332-8A0647374428}.ch3rdmatpRelease.ActiveCfg = ch3sockPRelease|Win32
		{88CF50C7-ECDC-4423-9332-8A0647374428}.ch3sockDebug.ActiveCfg = ch3sockDebug|Win32
		{88CF50C7-ECDC-4423-9332-8A0647374428}.ch3sockDebug.Build.0 = ch3sockDebug|Win32
		{88CF50C7-ECDC-4423-9332-8A0647374428}.ch3sockPliteRelease.ActiveCfg = ch3sockPliteRelease|Win32
		{88CF50C7-ECDC-4423-9332-8A0647374428}.ch3sockPliteRelease.Build.0 = ch3sockPliteRelease|Win32
		{88CF50C7-ECDC-4423-9332-8A0647374428}.ch3sockPRelease.ActiveCfg = ch3sockPRelease|Win32
		{88CF50C7-ECDC-4423-9332-8A0647374428}.ch3sockPRelease.Build.0 = ch3sockPRelease|Win32
		{88CF50C7-ECDC-4423-9332-8A0647374428}.ch3sockRelease.ActiveCfg = ch3sockRelease|Win32
		{88CF50C7-ECDC-4423-9332-8A0647374428}.ch3sockRelease.Build.0 = ch3sockRelease|Win32
		{88CF50C7-ECDC-4423-9332-8A0647374428}.ch3ssmDebug.ActiveCfg = ch3sockPRelease|Win32
		{88CF50C7-ECDC-4423-9332-8A0647374428}.ch3ssmPDebug.ActiveCfg = ch3sockPRelease|Win32
		{88CF50C7-ECDC-4423-9332-8A0647374428}.ch3ssmRelease.ActiveCfg = ch3sockPRelease|Win32
		{88CF50C7-ECDC-4423-9332-8A0647374428}.Debug.ActiveCfg = ch3sockDebug|Win32
		{88CF50C7-ECDC-4423-9332-8A0647374428}.DebugStatic.ActiveCfg = ch3sockPRelease|Win32
		{88CF50C7-ECDC-4423-9332-8A0647374428}.mmDebug.ActiveCfg = ch3sockRelease|Win32
		{88CF50C7-ECDC-4423-9332-8A0647374428}.mmRelease.ActiveCfg = ch3sockRelease|Win32
		{88CF50C7-ECDC-4423-9332-8A0647374428}.Release.ActiveCfg = ch3sockRelease|Win32
		{88CF50C7-ECDC-4423-9332-8A0647374428}.shmDebug.ActiveCfg = ch3sockRelease|Win32
		{88CF50C7-ECDC-4423-9332-8A0647374428}.shmRelease.ActiveCfg = ch3sockDebug|Win32
		{B50F53CE-A0E1-4849-A24F-4E9E3860DF0C}.ch3rdmaDebug.ActiveCfg = ch3rdmaDebug|Win32
		{B50F53CE-A0E1-4849-A24F-4E9E3860DF0C}.ch3rdmaDebug.Build.0 = ch3rdmaDebug|Win32
		{B50F53CE-A0E1-4849-A24F-4E9E3860DF0C}.ch3rdmaRelease.ActiveCfg = ch3rdmaRelease|Win32
		{B50F53CE-A0E1-4849-A24F-4E9E3860DF0C}.ch3rdmaRelease.Build.0 = ch3rdmaRelease|Win32
		{B50F53CE-A0E1-4849-A24F-4E9E3860DF0C}.ch3rdmatpDebug.ActiveCfg = ch3rdmaRelease|Win32
		{B50F53CE-A0E1-4849-A24F-4E9E3860DF0C}.ch3rdmatpRelease.ActiveCfg = ch3rdmaRelease|Win32
		{B50F53CE-A0E1-4849-A24F-4E9E3860DF0C}.ch3sockDebug.ActiveCfg = ch3rdmaRelease|Win32
		{B50F53CE-A0E1-4849-A24F-4E9E3860DF0C}.ch3sockPliteRelease.ActiveCfg = ch3rdmaRelease|Win32
		{B50F53CE-A0E1-4849-A24F-4E9E3860DF0C}.ch3sockPRelease.ActiveCfg = ch3rdmaRelease|Win32
		{B50F53CE-A0E1-4849-A24F-4E9E3860DF0C}.ch3sockRelease.ActiveCfg = ch3rdmaRelease|Win32
		{B50F53CE-A0E1-4849-A24F-4E9E3860DF0C}.ch3ssmDebug.ActiveCfg = ch3rdmaRelease|Win32
		{B50F53CE-A0E1-4849-A24F-4E9E3860DF0C}.ch3ssmPDebug.ActiveCfg = ch3rdmaRelease|Win32
		{B50F53CE-A0E1-4849-A24F-4E9E3860DF0C}.ch3ssmRelease.ActiveCfg = ch3rdmaRelease|Win32
		{B50F53CE-A0E1-4849-A24F-4E9E3860DF0C}.Debug.ActiveCfg = ch3rdmaDebug|Win32
		{B50F53CE-A0E1-4849-A24F-4E9E3860DF0C}.DebugStatic.ActiveCfg = ch3rdmaRelease|Win32
		{B50F53CE-A0E1-4849-A24F-4E9E3860DF0C}.mmDebug.ActiveCfg = ch3rdmaRelease|Win32
		{B50F53CE-A0E1-4849-A24F-4E9E3860DF0C}.mmRelease.ActiveCfg = ch3rdmaRelease|Win32
		{B50F53CE-A0E1-4849-A24F-4E9E3860DF0C}.Release.ActiveCfg = ch3rdmaRelease|Win32
		{B50F53CE-A0E1-4849-A24F-4E9E3860DF0C}.shmDebug.ActiveCfg = ch3rdmaRelease|Win32
		{B50F53CE-A0E1-4849-A24F-4E9E3860DF0C}.shmRelease.ActiveCfg = ch3rdmaRelease|Win32
		{BB4554EE-65E6-4936-B4A5-83D1583F0BFC}.ch3rdmaDebug.ActiveCfg = ch3ssmPDebug|Win32
		{BB4554EE-65E6-4936-B4A5-83D1583F0BFC}.ch3rdmaRelease.ActiveCfg = ch3ssmPDebug|Win32
		{BB4554EE-65E6-4936-B4A5-83D1583F0BFC}.ch3rdmatpDebug.ActiveCfg = ch3sockDebug|Win32
		{BB4554EE-65E6-4936-B4A5-83D1583F0BFC}.ch3rdmatpRelease.ActiveCfg = ch3sockRelease|Win32
		{BB4554EE-65E6-4936-B4A5-83D1583F0BFC}.ch3sockDebug.ActiveCfg = ch3sockDebug|Win32
		{BB4554EE-65E6-4936-B4A5-83D1583F0BFC}.ch3sockDebug.Build.0 = ch3sockDebug|Win32
		{BB4554EE-65E6-4936-B4A5-83D1583F0BFC}.ch3sockPliteRelease.ActiveCfg = ch3sockPliteRelease|Win32
		{BB4554EE-65E6-4936-B4A5-83D1583F0BFC}.ch3sockPliteRelease.Build.0 = ch3sockPliteRelease|Win32
		{BB4554EE-65E6-4936-B4A5-83D1583F0BFC}.ch3sockPRelease.ActiveCfg = ch3sockPRelease|Win32
		{BB4554EE-65E6-4936-B4A5-83D1583F0BFC}.ch3sockPRelease.Build.0 = ch3sockPRelease|Win32
		{BB4554EE-65E6-4936-B4A5-83D1583F0BFC}.ch3sockRelease.ActiveCfg = ch3sockRelease|Win32
		{BB4554EE-65E6-4936-B4A5-83D1583F0BFC}.ch3sockRelease.Build.0 = ch3sockRelease|Win32
		{BB4554EE-65E6-4936-B4A5-83D1583F0BFC}.ch3ssmDebug.ActiveCfg = ch3ssmDebug|Win32
		{BB4554EE-65E6-4936-B4A5-83D1583F0BFC}.ch3ssmDebug.Build.0 = ch3ssmDebug|Win32
		{BB4554EE-65E6-4936-B4A5-83D1583F0BFC}.ch3ssmPDebug.ActiveCfg = ch3ssmPDebug|Win32
		{BB4554EE-65E6-4936-B4A5-83D1583F0BFC}.ch3ssmPDebug.Build.0 = ch3ssmPDebug|Win32
		{BB4554EE-65E6-4936-B4A5-83D1583F0BFC}.ch3ssmRelease.ActiveCfg = ch3ssmRelease|Win32
		{BB4554EE-65E6-4936-B4A5-83D1583F0BFC}.ch3ssmRelease.Build.0 = ch3ssmRelease|Win32
		{BB4554EE-65E6-4936-B4A5-83D1583F0BFC}.Debug.ActiveCfg = ch3ssmPDebug|Win32
		{BB4554EE-65E6-4936-B4A5-83D1583F0BFC}.DebugStatic.ActiveCfg = ch3ssmPDebug|Win32
		{BB4554EE-65E6-4936-B4A5-83D1583F0BFC}.mmDebug.ActiveCfg = mmDebug|Win32
		{BB4554EE-65E6-4936-B4A5-83D1583F0BFC}.mmDebug.Build.0 = mmDebug|Win32
		{BB4554EE-65E6-4936-B4A5-83D1583F0BFC}.mmRelease.ActiveCfg = mmRelease|Win32
		{BB4554EE-65E6-4936-B4A5-83D1583F0BFC}.mmRelease.Build.0 = mmRelease|Win32
		{BB4554EE-65E6-4936-B4A5-83D1583F0BFC}.Release.ActiveCfg = ch3sockPRelease|Win32
		{BB4554EE-65E6-4936-B4A5-83D1583F0BFC}.shmDebug.ActiveCfg = ch3ssmPDebug|Win32
		{BB4554EE-65E6-4936-B4A5-83D1583F0BFC}.shmRelease.ActiveCfg = ch3ssmPDebug|Win32
		{DFFFA925-D59C-4480-8094-1B7E9D12BC02}.ch3rdmaDebug.ActiveCfg = ch3rdmaDebug|Win32
		{DFFFA925-D59C-4480-8094-1B7E9D12BC02}.ch3rdmaDebug.Build.0 = ch3rdmaDebug|Win32
		{DFFFA925-D59C-4480-8094-1B7E9D12BC02}.ch3rdmaRelease.ActiveCfg = ch3rdmaRelease|Win32
		{DFFFA925-D59C-4480-8094-1B7E9D12BC02}.ch3rdmaRelease.Build.0 = ch3rdmaRelease|Win32
		{DFFFA925-D59C-4480-8094-1B7E9D12BC02}.ch3rdmatpDebug.ActiveCfg = ch3rdmatpDebug|Win32
		{DFFFA925-D59C-4480-8094-1B7E9D12BC02}.ch3rdmatpDebug.Build.0 = ch3rdmatpDebug|Win32
		{DFFFA925-D59C-4480-8094-1B7E9D12BC02}.ch3rdmatpRelease.ActiveCfg = ch3rdmatpRelease|Win32
		{DFFFA925-D59C-4480-8094-1B7E9D12BC02}.ch3rdmatpRelease.Build.0 = ch3rdmatpRelease|Win32
		{DFFFA925-D59C-4480-8094-1B7E9D12BC02}.ch3sockDebug.ActiveCfg = ch3sockDebug|Win32
		{DFFFA925-D59C-4480-8094-1B7E9D12BC02}.ch3sockDebug.Build.0 = ch3sockDebug|Win32
		{DFFFA925-D59C-4480-8094-1B7E9D12BC02}.ch3sockPliteRelease.ActiveCfg = ch3sockRelease|Win32
		{DFFFA925-D59C-4480-8094-1B7E9D12BC02}.ch3sockPliteRelease.Build.0 = ch3sockRelease|Win32
		{DFFFA925-D59C-4480-8094-1B7E9D12BC02}.ch3sockPRelease.ActiveCfg = ch3sockRelease|Win32
		{DFFFA925-D59C-4480-8094-1B7E9D12BC02}.ch3sockPRelease.Build.0 = ch3sockRelease|Win32
		{DFFFA925-D59C-4480-8094-1B7E9D12BC02}.ch3sockRelease.ActiveCfg = ch3sockRelease|Win32
		{DFFFA925-D59C-4480-8094-1B7E9D12BC02}.ch3sockRelease.Build.0 = ch3sockRelease|Win32
		{DFFFA925-D59C-4480-8094-1B7E9D12BC02}.ch3ssmDebug.ActiveCfg = ch3ssmDebug|Win32
		{DFFFA925-D59C-4480-8094-1B7E9D12BC02}.ch3ssmDebug.Build.0 = ch3ssmDebug|Win32
		{DFFFA925-D59C-4480-8094-1B7E9D12BC02}.ch3ssmPDebug.ActiveCfg = ch3ssmDebug|Win32
		{DFFFA925-D59C-4480-8094-1B7E9D12BC02}.ch3ssmPDebug.Build.0 = ch3ssmDebug|Win32
		{DFFFA925-D59C-4480-8094-1B7E9D12BC02}.ch3ssmRelease.ActiveCfg = ch3ssmRelease|Win32
		{DFFFA925-D59C-4480-8094-1B7E9D12BC02}.ch3ssmRelease.Build.0 = ch3ssmRelease|Win32
		{DFFFA925-D59C-4480-8094-1B7E9D12BC02}.Debug.ActiveCfg = Debug|Win32
		{DFFFA925-D59C-4480-8094-1B7E9D12BC02}.DebugStatic.ActiveCfg = Debug|Win32
		{DFFFA925-D59C-4480-8094-1B7E9D12BC02}.DebugStatic.Build.0 = Debug|Win32
		{DFFFA925-D59C-4480-8094-1B7E9D12BC02}.mmDebug.ActiveCfg = mmDebug|Win32
		{DFFFA925-D59C-4480-8094-1B7E9D12BC02}.mmDebug.Build.0 = mmDebug|Win32
		{DFFFA925-D59C-4480-8094-1B7E9D12BC02}.mmRelease.ActiveCfg = mmRelease|Win32
		{DFFFA925-D59C-4480-8094-1B7E9D12BC02}.mmRelease.Build.0 = mmRelease|Win32
		{DFFFA925-D59C-4480-8094-1B7E9D12BC02}.Release.ActiveCfg = Release|Win32
		{DFFFA925-D59C-4480-8094-1B7E9D12BC02}.shmDebug.ActiveCfg = shmDebug|Win32
		{DFFFA925-D59C-4480-8094-1B7E9D12BC02}.shmDebug.Build.0 = shmDebug|Win32
		{DFFFA925-D59C-4480-8094-1B7E9D12BC02}.shmRelease.ActiveCfg = shmRelease|Win32
		{DFFFA925-D59C-4480-8094-1B7E9D12BC02}.shmRelease.Build.0 = shmRelease|Win32
		{A611626E-E8FF-44A7-8105-149AB9CA5D20}.ch3rdmaDebug.ActiveCfg = Debug|Win32
		{A611626E-E8FF-44A7-8105-149AB9CA5D20}.ch3rdmaDebug.Build.0 = Debug|Win32
		{A611626E-E8FF-44A7-8105-149AB9CA5D20}.ch3rdmaRelease.ActiveCfg = Release|Win32
		{A611626E-E8FF-44A7-8105-149AB9CA5D20}.ch3rdmaRelease.Build.0 = Release|Win32
		{A611626E-E8FF-44A7-8105-149AB9CA5D20}.ch3rdmatpDebug.ActiveCfg = Debug|Win32
		{A611626E-E8FF-44A7-8105-149AB9CA5D20}.ch3rdmatpDebug.Build.0 = Debug|Win32
		{A611626E-E8FF-44A7-8105-149AB9CA5D20}.ch3rdmatpRelease.ActiveCfg = Release|Win32
		{A611626E-E8FF-44A7-8105-149AB9CA5D20}.ch3rdmatpRelease.Build.0 = Release|Win32
		{A611626E-E8FF-44A7-8105-149AB9CA5D20}.ch3sockDebug.ActiveCfg = Debug|Win32
		{A611626E-E8FF-44A7-8105-149AB9CA5D20}.ch3sockDebug.Build.0 = Debug|Win32
		{A611626E-E8FF-44A7-8105-149AB9CA5D20}.ch3sockPliteRelease.ActiveCfg = Release|Win32
		{A611626E-E8FF-44A7-8105-149AB9CA5D20}.ch3sockPliteRelease.Build.0 = Release|Win32
		{A611626E-E8FF-44A7-8105-149AB9CA5D20}.ch3sockPRelease.ActiveCfg = Release|Win32
		{A611626E-E8FF-44A7-8105-149AB9CA5D20}.ch3sockPRelease.Build.0 = Release|Win32
		{A611626E-E8FF-44A7-8105-149AB9CA5D20}.ch3sockRelease.ActiveCfg = Release|Win32
		{A611626E-E8FF-44A7-8105-149AB9CA5D20}.ch3sockRelease.Build.0 = Release|Win32
		{A611626E-E8FF-44A7-8105-149AB9CA5D20}.ch3ssmDebug.ActiveCfg = Debug|Win32
		{A611626E-E8FF-44A7-8105-149AB9CA5D20}.ch3ssmDebug.Build.0 = Debug|Win32
		{A611626E-E8FF-44A7-8105-149AB9CA5D20}.ch3ssmPDebug.ActiveCfg = Debug|Win32
		{A611626E-E8FF-44A7-8105-149AB9CA5D20}.ch3ssmPDebug.Build.0 = Debug|Win32
		{A611626E-E8FF-44A7-8105-149AB9CA5D20}.ch3ssmRelease.ActiveCfg = Release|Win32
		{A611626E-E8FF-44A7-8105-149AB9CA5D20}.ch3ssmRelease.Build.0 = Release|Win32
		{A611626E-E8FF-44A7-8105-149AB9CA5D20}.Debug.ActiveCfg = Debug|Win32
		{A611626E-E8FF-44A7-8105-149AB9CA5D20}.DebugStatic.ActiveCfg = Debug|Win32
		{A611626E-E8FF-44A7-8105-149AB9CA5D20}.mmDebug.ActiveCfg = Debug|Win32
		{A611626E-E8FF-44A7-8105-149AB9CA5D20}.mmDebug.Build.0 = Debug|Win32
		{A611626E-E8FF-44A7-8105-149AB9CA5D20}.mmRelease.ActiveCfg = Release|Win32
		{A611626E-E8FF-44A7-8105-149AB9CA5D20}.mmRelease.Build.0 = Release|Win32
		{A611626E-E8FF-44A7-8105-149AB9CA5D20}.Release.ActiveCfg = Release|Win32
		{A611626E-E8FF-44A7-8105-149AB9CA5D20}.shmDebug.ActiveCfg = Debug|Win32
		{A611626E-E8FF-44A7-8105-149AB9CA5D20}.shmDebug.Build.0 = Debug|Win32
		{A611626E-E8FF-44A7-8105-149AB9CA5D20}.shmRelease.ActiveCfg = Release|Win32
		{A611626E-E8FF-44A7-8105-149AB9CA5D20}.shmRelease.Build.0 = Release|Win32
		{3DE857FA-6F20-4214-8D99-811165354D3F}.ch3rdmaDebug.ActiveCfg = Debug|Win32
		{3DE857FA-6F20-4214-8D99-811165354D3F}.ch3rdmaRelease.ActiveCfg = Release|Win32
		{3DE857FA-6F20-4214-8D99-811165354D3F}.ch3rdmatpDebug.ActiveCfg = Debug|Win32
		{3DE857FA-6F20-4214-8D99-811165354D3F}.ch3rdmatpRelease.ActiveCfg = Release|Win32
		{3DE857FA-6F20-4214-8D99-811165354D3F}.ch3sockDebug.ActiveCfg = Debug|Win32
		{3DE857FA-6F20-4214-8D99-811165354D3F}.ch3sockPliteRelease.ActiveCfg = Release|Win32
		{3DE857FA-6F20-4214-8D99-811165354D3F}.ch3sockPliteRelease.Build.0 = Release|Win32
		{3DE857FA-6F20-4214-8D99-811165354D3F}.ch3sockPRelease.ActiveCfg = Release|Win32
		{3DE857FA-6F20-4214-8D99-811165354D3F}.ch3sockPRelease.Build.0 = Release|Win32
		{3DE857FA-6F20-4214-8D99-811165354D3F}.ch3sockRelease.ActiveCfg = Release|Win32
		{3DE857FA-6F20-4214-8D99-811165354D3F}.ch3ssmDebug.ActiveCfg = Debug|Win32
		{3DE857FA-6F20-4214-8D99-811165354D3F}.ch3ssmPDebug.ActiveCfg = Debug|Win32
		{3DE857FA-6F20-4214-8D99-811165354D3F}.ch3ssmPDebug.Build.0 = Debug|Win32
		{3DE857FA-6F20-4214-8D99-811165354D3F}.ch3ssmRelease.ActiveCfg = Release|Win32
		{3DE857FA-6F20-4214-8D99-811165354D3F}.Debug.ActiveCfg = Debug|Win32
		{3DE857FA-6F20-4214-8D99-811165354D3F}.Debug.Build.0 = Debug|Win32
		{3DE857FA-6F20-4214-8D99-811165354D3F}.DebugStatic.ActiveCfg = Debug|Win32
		{3DE857FA-6F20-4214-8D99-811165354D3F}.DebugStatic.Build.0 = Debug|Win32
		{3DE857FA-6F20-4214-8D99-811165354D3F}.mmDebug.ActiveCfg = Debug|Win32
		{3DE857FA-6F20-4214-8D99-811165354D3F}.mmRelease.ActiveCfg = Release|Win32
		{3DE857FA-6F20-4214-8D99-811165354D3F}.Release.ActiveCfg = Release|Win32
		{3DE857FA-6F20-4214-8D99-811165354D3F}.Release.Build.0 = Release|Win32
		{3DE857FA-6F20-4214-8D99-811165354D3F}.shmDebug.ActiveCfg = Debug|Win32
		{3DE857FA-6F20-4214-8D99-811165354D3F}.shmRelease.ActiveCfg = Release|Win32
		{2B25AF63-3E57-455C-85BB-591426ACEF80}.ch3rdmaDebug.ActiveCfg = ch3ssmPDebug|Win32
		{2B25AF63-3E57-455C-85BB-591426ACEF80}.ch3rdmaRelease.ActiveCfg = ch3ssmPDebug|Win32
		{2B25AF63-3E57-455C-85BB-591426ACEF80}.ch3rdmatpDebug.ActiveCfg = ch3ssmPDebug|Win32
		{2B25AF63-3E57-455C-85BB-591426ACEF80}.ch3rdmatpRelease.ActiveCfg = ch3ssmPDebug|Win32
		{2B25AF63-3E57-455C-85BB-591426ACEF80}.ch3sockDebug.ActiveCfg = ch3ssmPDebug|Win32
		{2B25AF63-3E57-455C-85BB-591426ACEF80}.ch3sockPliteRelease.ActiveCfg = ch3ssmPDebug|Win32
		{2B25AF63-3E57-455C-85BB-591426ACEF80}.ch3sockPRelease.ActiveCfg = ch3ssmPDebug|Win32
		{2B25AF63-3E57-455C-85BB-591426ACEF80}.ch3sockRelease.ActiveCfg = ch3ssmPDebug|Win32
		{2B25AF63-3E57-455C-85BB-591426ACEF80}.ch3ssmDebug.ActiveCfg = ch3ssmDebug|Win32
		{2B25AF63-3E57-455C-85BB-591426ACEF80}.ch3ssmDebug.Build.0 = ch3ssmDebug|Win32
		{2B25AF63-3E57-455C-85BB-591426ACEF80}.ch3ssmPDebug.ActiveCfg = ch3ssmPDebug|Win32
		{2B25AF63-3E57-455C-85BB-591426ACEF80}.ch3ssmPDebug.Build.0 = ch3ssmPDebug|Win32
		{2B25AF63-3E57-455C-85BB-591426ACEF80}.ch3ssmRelease.ActiveCfg = ch3ssmRelease|Win32
		{2B25AF63-3E57-455C-85BB-591426ACEF80}.ch3ssmRelease.Build.0 = ch3ssmRelease|Win32
		{2B25AF63-3E57-455C-85BB-591426ACEF80}.Debug.ActiveCfg = ch3ssmPDebug|Win32
		{2B25AF63-3E57-455C-85BB-591426ACEF80}.DebugStatic.ActiveCfg = ch3ssmPDebug|Win32
		{2B25AF63-3E57-455C-85BB-591426ACEF80}.mmDebug.ActiveCfg = ch3ssmPDebug|Win32
		{2B25AF63-3E57-455C-85BB-591426ACEF80}.mmRelease.ActiveCfg = ch3ssmPDebug|Win32
		{2B25AF63-3E57-455C-85BB-591426ACEF80}.Release.ActiveCfg = ch3ssmRelease|Win32
		{2B25AF63-3E57-455C-85BB-591426ACEF80}.shmDebug.ActiveCfg = ch3ssmPDebug|Win32
		{2B25AF63-3E57-455C-85BB-591426ACEF80}.shmRelease.ActiveCfg = ch3ssmPDebug|Win32
		{B50F53CE-A0E1-4849-A24F-4E9E3860DF0D}.ch3rdmaDebug.ActiveCfg = ch3rdmatpRelease|Win32
		{B50F53CE-A0E1-4849-A24F-4E9E3860DF0D}.ch3rdmaRelease.ActiveCfg = ch3rdmatpRelease|Win32
		{B50F53CE-A0E1-4849-A24F-4E9E3860DF0D}.ch3rdmatpDebug.ActiveCfg = ch3rdmatpDebug|Win32
		{B50F53CE-A0E1-4849-A24F-4E9E3860DF0D}.ch3rdmatpDebug.Build.0 = ch3rdmatpDebug|Win32
		{B50F53CE-A0E1-4849-A24F-4E9E3860DF0D}.ch3rdmatpRelease.ActiveCfg = ch3rdmatpRelease|Win32
		{B50F53CE-A0E1-4849-A24F-4E9E3860DF0D}.ch3rdmatpRelease.Build.0 = ch3rdmatpRelease|Win32
		{B50F53CE-A0E1-4849-A24F-4E9E3860DF0D}.ch3sockDebug.ActiveCfg = ch3rdmatpRelease|Win32
		{B50F53CE-A0E1-4849-A24F-4E9E3860DF0D}.ch3sockPliteRelease.ActiveCfg = ch3rdmatpRelease|Win32
		{B50F53CE-A0E1-4849-A24F-4E9E3860DF0D}.ch3sockPRelease.ActiveCfg = ch3rdmatpRelease|Win32
		{B50F53CE-A0E1-4849-A24F-4E9E3860DF0D}.ch3sockRelease.ActiveCfg = ch3rdmatpRelease|Win32
		{B50F53CE-A0E1-4849-A24F-4E9E3860DF0D}.ch3ssmDebug.ActiveCfg = ch3rdmatpRelease|Win32
		{B50F53CE-A0E1-4849-A24F-4E9E3860DF0D}.ch3ssmPDebug.ActiveCfg = ch3rdmatpRelease|Win32
		{B50F53CE-A0E1-4849-A24F-4E9E3860DF0D}.ch3ssmRelease.ActiveCfg = ch3rdmatpRelease|Win32
		{B50F53CE-A0E1-4849-A24F-4E9E3860DF0D}.Debug.ActiveCfg = ch3rdmatpDebug|Win32
		{B50F53CE-A0E1-4849-A24F-4E9E3860DF0D}.DebugStatic.ActiveCfg = ch3rdmatpRelease|Win32
		{B50F53CE-A0E1-4849-A24F-4E9E3860DF0D}.mmDebug.ActiveCfg = ch3rdmatpRelease|Win32
		{B50F53CE-A0E1-4849-A24F-4E9E3860DF0D}.mmRelease.ActiveCfg = ch3rdmatpRelease|Win32
		{B50F53CE-A0E1-4849-A24F-4E9E3860DF0D}.Release.ActiveCfg = ch3rdmatpRelease|Win32
		{B50F53CE-A0E1-4849-A24F-4E9E3860DF0D}.shmDebug.ActiveCfg = ch3rdmatpRelease|Win32
		{B50F53CE-A0E1-4849-A24F-4E9E3860DF0D}.shmRelease.ActiveCfg = ch3rdmatpRelease|Win32
		{D45A7472-5ECD-481D-A26D-98D88ED44305}.ch3rdmaDebug.ActiveCfg = Debug|Win32
		{D45A7472-5ECD-481D-A26D-98D88ED44305}.ch3rdmaRelease.ActiveCfg = Release|Win32
		{D45A7472-5ECD-481D-A26D-98D88ED44305}.ch3rdmatpDebug.ActiveCfg = Debug|Win32
		{D45A7472-5ECD-481D-A26D-98D88ED44305}.ch3rdmatpRelease.ActiveCfg = Release|Win32
		{D45A7472-5ECD-481D-A26D-98D88ED44305}.ch3sockDebug.ActiveCfg = Debug|Win32
		{D45A7472-5ECD-481D-A26D-98D88ED44305}.ch3sockPliteRelease.ActiveCfg = Release|Win32
		{D45A7472-5ECD-481D-A26D-98D88ED44305}.ch3sockPRelease.ActiveCfg = Release|Win32
		{D45A7472-5ECD-481D-A26D-98D88ED44305}.ch3sockRelease.ActiveCfg = Release|Win32
		{D45A7472-5ECD-481D-A26D-98D88ED44305}.ch3ssmDebug.ActiveCfg = Debug|Win32
		{D45A7472-5ECD-481D-A26D-98D88ED44305}.ch3ssmPDebug.ActiveCfg = Debug|Win32
		{D45A7472-5ECD-481D-A26D-98D88ED44305}.ch3ssmRelease.ActiveCfg = Release|Win32
		{D45A7472-5ECD-481D-A26D-98D88ED44305}.Debug.ActiveCfg = Debug|Win32
		{D45A7472-5ECD-481D-A26D-98D88ED44305}.DebugStatic.ActiveCfg = Debug|Win32
		{D45A7472-5ECD-481D-A26D-98D88ED44305}.mmDebug.ActiveCfg = Debug|Win32
		{D45A7472-5ECD-481D-A26D-98D88ED44305}.mmRelease.ActiveCfg = Release|Win32
		{D45A7472-5ECD-481D-A26D-98D88ED44305}.Release.ActiveCfg = Release|Win32
		{D45A7472-5ECD-481D-A26D-98D88ED44305}.shmDebug.ActiveCfg = Debug|Win32
		{D45A7472-5ECD-481D-A26D-98D88ED44305}.shmRelease.ActiveCfg = Release|Win32
		{EFAF72A2-7154-410B-9235-460444894A38}.ch3rdmaDebug.ActiveCfg = Debug|Win32
		{EFAF72A2-7154-410B-9235-460444894A38}.ch3rdmaRelease.ActiveCfg = Release|Win32
		{EFAF72A2-7154-410B-9235-460444894A38}.ch3rdmatpDebug.ActiveCfg = Debug|Win32
		{EFAF72A2-7154-410B-9235-460444894A38}.ch3rdmatpRelease.ActiveCfg = Release|Win32
		{EFAF72A2-7154-410B-9235-460444894A38}.ch3sockDebug.ActiveCfg = Debug|Win32
		{EFAF72A2-7154-410B-9235-460444894A38}.ch3sockPliteRelease.ActiveCfg = Release|Win32
		{EFAF72A2-7154-410B-9235-460444894A38}.ch3sockPRelease.ActiveCfg = Release|Win32
		{EFAF72A2-7154-410B-9235-460444894A38}.ch3sockRelease.ActiveCfg = Release|Win32
		{EFAF72A2-7154-410B-9235-460444894A38}.ch3ssmDebug.ActiveCfg = Debug|Win32
		{EFAF72A2-7154-410B-9235-460444894A38}.ch3ssmPDebug.ActiveCfg = Debug|Win32
		{EFAF72A2-7154-410B-9235-460444894A38}.ch3ssmRelease.ActiveCfg = Release|Win32
		{EFAF72A2-7154-410B-9235-460444894A38}.Debug.ActiveCfg = Debug|Win32
		{EFAF72A2-7154-410B-9235-460444894A38}.Debug.Build.0 = Debug|Win32
		{EFAF72A2-7154-410B-9235-460444894A38}.DebugStatic.ActiveCfg = DebugStatic|Win32
		{EFAF72A2-7154-410B-9235-460444894A38}.DebugStatic.Build.0 = DebugStatic|Win32
		{EFAF72A2-7154-410B-9235-460444894A38}.mmDebug.ActiveCfg = Debug|Win32
		{EFAF72A2-7154-410B-9235-460444894A38}.mmRelease.ActiveCfg = Release|Win32
		{EFAF72A2-7154-410B-9235-460444894A38}.Release.ActiveCfg = Release|Win32
		{EFAF72A2-7154-410B-9235-460444894A38}.Release.Build.0 = Release|Win32
		{EFAF72A2-7154-410B-9235-460444894A38}.shmDebug.ActiveCfg = Debug|Win32
		{EFAF72A2-7154-410B-9235-460444894A38}.shmRelease.ActiveCfg = Release|Win32
		{73DC517A-212E-4C8C-8B13-D5CA120C7B5C}.ch3rdmaDebug.ActiveCfg = Debug|Win32
		{73DC517A-212E-4C8C-8B13-D5CA120C7B5C}.ch3rdmaRelease.ActiveCfg = Release|Win32
		{73DC517A-212E-4C8C-8B13-D5CA120C7B5C}.ch3rdmatpDebug.ActiveCfg = Debug|Win32
		{73DC517A-212E-4C8C-8B13-D5CA120C7B5C}.ch3rdmatpRelease.ActiveCfg = Release|Win32
		{73DC517A-212E-4C8C-8B13-D5CA120C7B5C}.ch3sockDebug.ActiveCfg = Debug|Win32
		{73DC517A-212E-4C8C-8B13-D5CA120C7B5C}.ch3sockPliteRelease.ActiveCfg = Release|Win32
		{73DC517A-212E-4C8C-8B13-D5CA120C7B5C}.ch3sockPRelease.ActiveCfg = Release|Win32
		{73DC517A-212E-4C8C-8B13-D5CA120C7B5C}.ch3sockRelease.ActiveCfg = Release|Win32
		{73DC517A-212E-4C8C-8B13-D5CA120C7B5C}.ch3ssmDebug.ActiveCfg = Debug|Win32
		{73DC517A-212E-4C8C-8B13-D5CA120C7B5C}.ch3ssmPDebug.ActiveCfg = Debug|Win32
		{73DC517A-212E-4C8C-8B13-D5CA120C7B5C}.ch3ssmRelease.ActiveCfg = Release|Win32
		{73DC517A-212E-4C8C-8B13-D5CA120C7B5C}.Debug.ActiveCfg = Debug|Win32
		{73DC517A-212E-4C8C-8B13-D5CA120C7B5C}.Debug.Build.0 = Debug|Win32
		{73DC517A-212E-4C8C-8B13-D5CA120C7B5C}.DebugStatic.ActiveCfg = DebugStatic|Win32
		{73DC517A-212E-4C8C-8B13-D5CA120C7B5C}.DebugStatic.Build.0 = DebugStatic|Win32
		{73DC517A-212E-4C8C-8B13-D5CA120C7B5C}.mmDebug.ActiveCfg = Debug|Win32
		{73DC517A-212E-4C8C-8B13-D5CA120C7B5C}.mmRelease.ActiveCfg = Release|Win32
		{73DC517A-212E-4C8C-8B13-D5CA120C7B5C}.Release.ActiveCfg = Release|Win32
		{73DC517A-212E-4C8C-8B13-D5CA120C7B5C}.Release.Build.0 = Release|Win32
		{73DC517A-212E-4C8C-8B13-D5CA120C7B5C}.shmDebug.ActiveCfg = Debug|Win32
		{73DC517A-212E-4C8C-8B13-D5CA120C7B5C}.shmRelease.ActiveCfg = Release|Win32
		{0703FA94-8B8C-49AC-BFCE-91F67B599E51}.ch3rdmaDebug.ActiveCfg = Debug|Win32
		{0703FA94-8B8C-49AC-BFCE-91F67B599E51}.ch3rdmaDebug.Build.0 = Debug|Win32
		{0703FA94-8B8C-49AC-BFCE-91F67B599E51}.ch3rdmaRelease.ActiveCfg = Release|Win32
		{0703FA94-8B8C-49AC-BFCE-91F67B599E51}.ch3rdmaRelease.Build.0 = Release|Win32
		{0703FA94-8B8C-49AC-BFCE-91F67B599E51}.ch3rdmatpDebug.ActiveCfg = Debug|Win32
		{0703FA94-8B8C-49AC-BFCE-91F67B599E51}.ch3rdmatpDebug.Build.0 = Debug|Win32
		{0703FA94-8B8C-49AC-BFCE-91F67B599E51}.ch3rdmatpRelease.ActiveCfg = Release|Win32
		{0703FA94-8B8C-49AC-BFCE-91F67B599E51}.ch3rdmatpRelease.Build.0 = Release|Win32
		{0703FA94-8B8C-49AC-BFCE-91F67B599E51}.ch3sockDebug.ActiveCfg = Debug|Win32
		{0703FA94-8B8C-49AC-BFCE-91F67B599E51}.ch3sockDebug.Build.0 = Debug|Win32
		{0703FA94-8B8C-49AC-BFCE-91F67B599E51}.ch3sockPliteRelease.ActiveCfg = Release|Win32
		{0703FA94-8B8C-49AC-BFCE-91F67B599E51}.ch3sockPliteRelease.Build.0 = Release|Win32
		{0703FA94-8B8C-49AC-BFCE-91F67B599E51}.ch3sockPRelease.ActiveCfg = Release|Win32
		{0703FA94-8B8C-49AC-BFCE-91F67B599E51}.ch3sockPRelease.Build.0 = Release|Win32
		{0703FA94-8B8C-49AC-BFCE-91F67B599E51}.ch3sockRelease.ActiveCfg = Release|Win32
		{0703FA94-8B8C-49AC-BFCE-91F67B599E51}.ch3sockRelease.Build.0 = Release|Win32
		{0703FA94-8B8C-49AC-BFCE-91F67B599E51}.ch3ssmDebug.ActiveCfg = Debug|Win32
		{0703FA94-8B8C-49AC-BFCE-91F67B599E51}.ch3ssmDebug.Build.0 = Debug|Win32
		{0703FA94-8B8C-49AC-BFCE-91F67B599E51}.ch3ssmPDebug.ActiveCfg = Debug|Win32
		{0703FA94-8B8C-49AC-BFCE-91F67B599E51}.ch3ssmPDebug.Build.0 = Debug|Win32
		{0703FA94-8B8C-49AC-BFCE-91F67B599E51}.ch3ssmRelease.ActiveCfg = Release|Win32
		{0703FA94-8B8C-49AC-BFCE-91F67B599E51}.ch3ssmRelease.Build.0 = Release|Win32
		{0703FA94-8B8C-49AC-BFCE-91F67B599E51}.Debug.ActiveCfg = Debug|Win32
		{0703FA94-8B8C-49AC-BFCE-91F67B599E51}.Debug.Build.0 = Debug|Win32
		{0703FA94-8B8C-49AC-BFCE-91F67B599E51}.DebugStatic.ActiveCfg = Debug|Win32
		{0703FA94-8B8C-49AC-BFCE-91F67B599E51}.DebugStatic.Build.0 = Debug|Win32
		{0703FA94-8B8C-49AC-BFCE-91F67B599E51}.mmDebug.ActiveCfg = Debug|Win32
		{0703FA94-8B8C-49AC-BFCE-91F67B599E51}.mmRelease.ActiveCfg = Release|Win32
		{0703FA94-8B8C-49AC-BFCE-91F67B599E51}.Release.ActiveCfg = Release|Win32
		{0703FA94-8B8C-49AC-BFCE-91F67B599E51}.Release.Build.0 = Release|Win32
		{0703FA94-8B8C-49AC-BFCE-91F67B599E51}.shmDebug.ActiveCfg = Debug|Win32
		{0703FA94-8B8C-49AC-BFCE-91F67B599E51}.shmDebug.Build.0 = Debug|Win32
		{0703FA94-8B8C-49AC-BFCE-91F67B599E51}.shmRelease.ActiveCfg = Release|Win32
		{0703FA94-8B8C-49AC-BFCE-91F67B599E51}.shmRelease.Build.0 = Release|Win32
		{97B727A6-0F41-4E8E-A524-FC0F30D3AC8A}.ch3rdmaDebug.ActiveCfg = Debug|Win32
		{97B727A6-0F41-4E8E-A524-FC0F30D3AC8A}.ch3rdmaDebug.Build.0 = Debug|Win32
		{97B727A6-0F41-4E8E-A524-FC0F30D3AC8A}.ch3rdmaRelease.ActiveCfg = Release|Win32
		{97B727A6-0F41-4E8E-A524-FC0F30D3AC8A}.ch3rdmaRelease.Build.0 = Release|Win32
		{97B727A6-0F41-4E8E-A524-FC0F30D3AC8A}.ch3rdmatpDebug.ActiveCfg = Debug|Win32
		{97B727A6-0F41-4E8E-A524-FC0F30D3AC8A}.ch3rdmatpDebug.Build.0 = Debug|Win32
		{97B727A6-0F41-4E8E-A524-FC0F30D3AC8A}.ch3rdmatpRelease.ActiveCfg = Release|Win32
		{97B727A6-0F41-4E8E-A524-FC0F30D3AC8A}.ch3rdmatpRelease.Build.0 = Release|Win32
		{97B727A6-0F41-4E8E-A524-FC0F30D3AC8A}.ch3sockDebug.ActiveCfg = Debug|Win32
		{97B727A6-0F41-4E8E-A524-FC0F30D3AC8A}.ch3sockDebug.Build.0 = Debug|Win32
		{97B727A6-0F41-4E8E-A524-FC0F30D3AC8A}.ch3sockPliteRelease.ActiveCfg = Release|Win32
		{97B727A6-0F41-4E8E-A524-FC0F30D3AC8A}.ch3sockPliteRelease.Build.0 = Release|Win32
		{97B727A6-0F41-4E8E-A524-FC0F30D3AC8A}.ch3sockPRelease.ActiveCfg = Release|Win32
		{97B727A6-0F41-4E8E-A524-FC0F30D3AC8A}.ch3sockPRelease.Build.0 = Release|Win32
		{97B727A6-0F41-4E8E-A524-FC0F30D3AC8A}.ch3sockRelease.ActiveCfg = Release|Win32
		{97B727A6-0F41-4E8E-A524-FC0F30D3AC8A}.ch3sockRelease.Build.0 = Release|Win32
		{97B727A6-0F41-4E8E-A524-FC0F30D3AC8A}.ch3ssmDebug.ActiveCfg = Debug|Win32
		{97B727A6-0F41-4E8E-A524-FC0F30D3AC8A}.ch3ssmDebug.Build.0 = Debug|Win32
		{97B727A6-0F41-4E8E-A524-FC0F30D3AC8A}.ch3ssmPDebug.ActiveCfg = Debug|Win32
		{97B727A6-0F41-4E8E-A524-FC0F30D3AC8A}.ch3ssmPDebug.Build.0 = Debug|Win32
		{97B727A6-0F41-4E8E-A524-FC0F30D3AC8A}.ch3ssmRelease.ActiveCfg = Release|Win32
		{97B727A6-0F41-4E8E-A524-FC0F30D3AC8A}.ch3ssmRelease.Build.0 = Release|Win32
		{97B727A6-0F41-4E8E-A524-FC0F30D3AC8A}.Debug.ActiveCfg = Debug|Win32
		{97B727A6-0F41-4E8E-A524-FC0F30D3AC8A}.Debug.Build.0 = Debug|Win32
		{97B727A6-0F41-4E8E-A524-FC0F30D3AC8A}.DebugStatic.ActiveCfg = Debug|Win32
		{97B727A6-0F41-4E8E-A524-FC0F30D3AC8A}.DebugStatic.Build.0 = Debug|Win32
		{97B727A6-0F41-4E8E-A524-FC0F30D3AC8A}.mmDebug.ActiveCfg = Debug|Win32
		{97B727A6-0F41-4E8E-A524-FC0F30D3AC8A}.mmRelease.ActiveCfg = Release|Win32
		{97B727A6-0F41-4E8E-A524-FC0F30D3AC8A}.Release.ActiveCfg = Release|Win32
		{97B727A6-0F41-4E8E-A524-FC0F30D3AC8A}.Release.Build.0 = Release|Win32
		{97B727A6-0F41-4E8E-A524-FC0F30D3AC8A}.shmDebug.ActiveCfg = Debug|Win32
		{97B727A6-0F41-4E8E-A524-FC0F30D3AC8A}.shmDebug.Build.0 = Debug|Win32
		{97B727A6-0F41-4E8E-A524-FC0F30D3AC8A}.shmRelease.ActiveCfg = Release|Win32
		{97B727A6-0F41-4E8E-A524-FC0F30D3AC8A}.shmRelease.Build.0 = Release|Win32
	EndGlobalSection
	GlobalSection(ExtensibilityGlobals) = postSolution
	EndGlobalSection
	GlobalSection(ExtensibilityAddIns) = postSolution
	EndGlobalSection
EndGlobal
