Microsoft Visual Studio Solution File, Format Version 8.00
Project("{8BC9CEB8-8B4A-11D0-8D11-00A0C91BC942}") = "mpich2", "mpich2.vcproj", "{0FACD81A-FE33-4845-ACF6-A1D50BD35991}"
	ProjectSection(ProjectDependencies) = postProject
	EndProjectSection
EndProject
Project("{8BC9CEB8-8B4A-11D0-8D11-00A0C91BC942}") = "mpich2s", "mpich2s.vcproj", "{7FBADF88-70AB-4415-B7DA-248EFA299A86}"
	ProjectSection(ProjectDependencies) = postProject
	EndProjectSection
EndProject
Project("{8BC9CEB8-8B4A-11D0-8D11-00A0C91BC942}") = "ch3sock", "src\mpid\ch3\channels\sock\ch3sock.vcproj", "{88CF50C7-ECDC-4423-9332-8A0647374428}"
	ProjectSection(ProjectDependencies) = postProject
	EndProjectSection
EndProject
Project("{8BC9CEB8-8B4A-11D0-8D11-00A0C91BC942}") = "sock", "src\mpid\common\sock\sock.vcproj", "{BB4554EE-65E6-4936-B4A5-83D1583F0BFC}"
	ProjectSection(ProjectDependencies) = postProject
	EndProjectSection
EndProject
Project("{8BC9CEB8-8B4A-11D0-8D11-00A0C91BC942}") = "dbg", "src\util\dbg\dbg.vcproj", "{DFFFA925-D59C-4480-8094-1B7E9D12BC02}"
	ProjectSection(ProjectDependencies) = postProject
	EndProjectSection
EndProject
Project("{8BC9CEB8-8B4A-11D0-8D11-00A0C91BC942}") = "cxx", "src\binding\cxx\cxx.vcproj", "{A611626E-E8FF-44A7-8105-149AB9CA5D20}"
	ProjectSection(ProjectDependencies) = postProject
	EndProjectSection
EndProject
Project("{8BC9CEB8-8B4A-11D0-8D11-00A0C91BC942}") = "rlog", "src\util\logging\rlog\rlog.vcproj", "{3DE857FA-6F20-4214-8D99-811165354D3F}"
	ProjectSection(ProjectDependencies) = postProject
	EndProjectSection
EndProject
Project("{8BC9CEB8-8B4A-11D0-8D11-00A0C91BC942}") = "mpich2f", "src\binding\f77\mpich2f.vcproj", "{D45A7472-5ECD-481D-A26D-98D88ED44305}"
	ProjectSection(ProjectDependencies) = postProject
	EndProjectSection
EndProject
Project("{8BC9CEB8-8B4A-11D0-8D11-00A0C91BC942}") = "mpiexec", "src\pm\smpd\mpiexec.vcproj", "{EFAF72A2-7154-410B-9235-460444894A38}"
	ProjectSection(ProjectDependencies) = postProject
	EndProjectSection
EndProject
Project("{8BC9CEB8-8B4A-11D0-8D11-00A0C91BC942}") = "smpd", "src\pm\smpd\smpd.vcproj", "{73DC517A-212E-4C8C-8B13-D5CA120C7B5C}"
	ProjectSection(ProjectDependencies) = postProject
	EndProjectSection
EndProject
Project("{8BC9CEB8-8B4A-11D0-8D11-00A0C91BC942}") = "smpd_util", "src\pm\smpd\smpd_util.vcproj", "{0703FA94-8B8C-49AC-BFCE-91F67B599E51}"
	ProjectSection(ProjectDependencies) = postProject
	EndProjectSection
EndProject
Project("{8BC9CEB8-8B4A-11D0-8D11-00A0C91BC942}") = "pmi", "src\pmi\smpd\pmi.vcproj", "{97B727A6-0F41-4E8E-A524-FC0F30D3AC8A}"
	ProjectSection(ProjectDependencies) = postProject
	EndProjectSection
EndProject
Global
	GlobalSection(SolutionConfiguration) = preSolution
		ch3sockDebug = ch3sockDebug
		ch3sockPliteRelease = ch3sockPliteRelease
		ch3sockPRelease = ch3sockPRelease
		ch3sockRelease = ch3sockRelease
		Debug = Debug
		DebugStatic = DebugStatic
		Release = Release
	EndGlobalSection
	GlobalSection(ProjectConfiguration) = postSolution
		{0FACD81A-FE33-4845-ACF6-A1D50BD35991}.ch3sockDebug.ActiveCfg = ch3sockDebug|Win32
		{0FACD81A-FE33-4845-ACF6-A1D50BD35991}.ch3sockDebug.Build.0 = ch3sockDebug|Win32
		{0FACD81A-FE33-4845-ACF6-A1D50BD35991}.ch3sockPliteRelease.ActiveCfg = ch3sockPliteRelease|Win32
		{0FACD81A-FE33-4845-ACF6-A1D50BD35991}.ch3sockPliteRelease.Build.0 = ch3sockPliteRelease|Win32
		{0FACD81A-FE33-4845-ACF6-A1D50BD35991}.ch3sockPRelease.ActiveCfg = ch3sockPRelease|Win32
		{0FACD81A-FE33-4845-ACF6-A1D50BD35991}.ch3sockPRelease.Build.0 = ch3sockPRelease|Win32
		{0FACD81A-FE33-4845-ACF6-A1D50BD35991}.ch3sockRelease.ActiveCfg = ch3sockRelease|Win32
		{0FACD81A-FE33-4845-ACF6-A1D50BD35991}.ch3sockRelease.Build.0 = ch3sockRelease|Win32
		{0FACD81A-FE33-4845-ACF6-A1D50BD35991}.Debug.ActiveCfg = ch3sockDebug|Win32
		{0FACD81A-FE33-4845-ACF6-A1D50BD35991}.Debug.Build.0 = ch3sockDebug|Win32
		{0FACD81A-FE33-4845-ACF6-A1D50BD35991}.DebugStatic.ActiveCfg = ch3sockPliteRelease|Win32
		{0FACD81A-FE33-4845-ACF6-A1D50BD35991}.DebugStatic.Build.0 = ch3sockPliteRelease|Win32
		{0FACD81A-FE33-4845-ACF6-A1D50BD35991}.Release.ActiveCfg = ch3sockRelease|Win32
		{7FBADF88-70AB-4415-B7DA-248EFA299A86}.ch3sockDebug.ActiveCfg = ch3sockDebug|Win32
		{7FBADF88-70AB-4415-B7DA-248EFA299A86}.ch3sockPliteRelease.ActiveCfg = ch3sockRelease|Win32
		{7FBADF88-70AB-4415-B7DA-248EFA299A86}.ch3sockPRelease.ActiveCfg = ch3sockRelease|Win32
		{7FBADF88-70AB-4415-B7DA-248EFA299A86}.ch3sockRelease.ActiveCfg = ch3sockRelease|Win32
		{7FBADF88-70AB-4415-B7DA-248EFA299A86}.Debug.ActiveCfg = Debug|Win32
		{7FBADF88-70AB-4415-B7DA-248EFA299A86}.DebugStatic.ActiveCfg = Debug|Win32
		{7FBADF88-70AB-4415-B7DA-248EFA299A86}.Release.ActiveCfg = Release|Win32
		{88CF50C7-ECDC-4423-9332-8A0647374428}.ch3sockDebug.ActiveCfg = ch3sockDebug|Win32
		{88CF50C7-ECDC-4423-9332-8A0647374428}.ch3sockDebug.Build.0 = ch3sockDebug|Win32
		{88CF50C7-ECDC-4423-9332-8A0647374428}.ch3sockPliteRelease.ActiveCfg = ch3sockPliteRelease|Win32
		{88CF50C7-ECDC-4423-9332-8A0647374428}.ch3sockPliteRelease.Build.0 = ch3sockPliteRelease|Win32
		{88CF50C7-ECDC-4423-9332-8A0647374428}.ch3sockPRelease.ActiveCfg = ch3sockPRelease|Win32
		{88CF50C7-ECDC-4423-9332-8A0647374428}.ch3sockPRelease.Build.0 = ch3sockPRelease|Win32
		{88CF50C7-ECDC-4423-9332-8A0647374428}.ch3sockRelease.ActiveCfg = ch3sockRelease|Win32
		{88CF50C7-ECDC-4423-9332-8A0647374428}.ch3sockRelease.Build.0 = ch3sockRelease|Win32
		{88CF50C7-ECDC-4423-9332-8A0647374428}.Debug.ActiveCfg = ch3sockDebug|Win32
		{88CF50C7-ECDC-4423-9332-8A0647374428}.DebugStatic.ActiveCfg = ch3sockPRelease|Win32
		{88CF50C7-ECDC-4423-9332-8A0647374428}.Release.ActiveCfg = ch3sockRelease|Win32
		{BB4554EE-65E6-4936-B4A5-83D1583F0BFC}.ch3sockDebug.ActiveCfg = ch3sockDebug|Win32
		{BB4554EE-65E6-4936-B4A5-83D1583F0BFC}.ch3sockDebug.Build.0 = ch3sockDebug|Win32
		{BB4554EE-65E6-4936-B4A5-83D1583F0BFC}.ch3sockPliteRelease.ActiveCfg = ch3sockPliteRelease|Win32
		{BB4554EE-65E6-4936-B4A5-83D1583F0BFC}.ch3sockPliteRelease.Build.0 = ch3sockPliteRelease|Win32
		{BB4554EE-65E6-4936-B4A5-83D1583F0BFC}.ch3sockPRelease.ActiveCfg = ch3sockPRelease|Win32
		{BB4554EE-65E6-4936-B4A5-83D1583F0BFC}.ch3sockPRelease.Build.0 = ch3sockPRelease|Win32
		{BB4554EE-65E6-4936-B4A5-83D1583F0BFC}.ch3sockRelease.ActiveCfg = ch3sockRelease|Win32
		{BB4554EE-65E6-4936-B4A5-83D1583F0BFC}.ch3sockRelease.Build.0 = ch3sockRelease|Win32
		{BB4554EE-65E6-4936-B4A5-83D1583F0BFC}.Debug.ActiveCfg = ch3sockDebug|Win32
		{BB4554EE-65E6-4936-B4A5-83D1583F0BFC}.Debug.Build.0 = ch3sockDebug|Win32
		{BB4554EE-65E6-4936-B4A5-83D1583F0BFC}.DebugStatic.ActiveCfg = ch3sockPliteRelease|Win32
		{BB4554EE-65E6-4936-B4A5-83D1583F0BFC}.DebugStatic.Build.0 = ch3sockPliteRelease|Win32
		{BB4554EE-65E6-4936-B4A5-83D1583F0BFC}.Release.ActiveCfg = ch3sockPRelease|Win32
		{DFFFA925-D59C-4480-8094-1B7E9D12BC02}.ch3sockDebug.ActiveCfg = ch3sockDebug|Win32
		{DFFFA925-D59C-4480-8094-1B7E9D12BC02}.ch3sockDebug.Build.0 = ch3sockDebug|Win32
		{DFFFA925-D59C-4480-8094-1B7E9D12BC02}.ch3sockPliteRelease.ActiveCfg = ch3sockRelease|Win32
		{DFFFA925-D59C-4480-8094-1B7E9D12BC02}.ch3sockPliteRelease.Build.0 = ch3sockRelease|Win32
		{DFFFA925-D59C-4480-8094-1B7E9D12BC02}.ch3sockPRelease.ActiveCfg = ch3sockRelease|Win32
		{DFFFA925-D59C-4480-8094-1B7E9D12BC02}.ch3sockPRelease.Build.0 = ch3sockRelease|Win32
		{DFFFA925-D59C-4480-8094-1B7E9D12BC02}.ch3sockRelease.ActiveCfg = ch3sockRelease|Win32
		{DFFFA925-D59C-4480-8094-1B7E9D12BC02}.ch3sockRelease.Build.0 = ch3sockRelease|Win32
		{DFFFA925-D59C-4480-8094-1B7E9D12BC02}.Debug.ActiveCfg = Debug|Win32
		{DFFFA925-D59C-4480-8094-1B7E9D12BC02}.DebugStatic.ActiveCfg = Debug|Win32
		{DFFFA925-D59C-4480-8094-1B7E9D12BC02}.DebugStatic.Build.0 = Debug|Win32
		{DFFFA925-D59C-4480-8094-1B7E9D12BC02}.Release.ActiveCfg = Release|Win32
		{A611626E-E8FF-44A7-8105-149AB9CA5D20}.ch3sockDebug.ActiveCfg = Debug|Win32
		{A611626E-E8FF-44A7-8105-149AB9CA5D20}.ch3sockDebug.Build.0 = Debug|Win32
		{A611626E-E8FF-44A7-8105-149AB9CA5D20}.ch3sockPliteRelease.ActiveCfg = Release|Win32
		{A611626E-E8FF-44A7-8105-149AB9CA5D20}.ch3sockPliteRelease.Build.0 = Release|Win32
		{A611626E-E8FF-44A7-8105-149AB9CA5D20}.ch3sockPRelease.ActiveCfg = Release|Win32
		{A611626E-E8FF-44A7-8105-149AB9CA5D20}.ch3sockPRelease.Build.0 = Release|Win32
		{A611626E-E8FF-44A7-8105-149AB9CA5D20}.ch3sockRelease.ActiveCfg = Release|Win32
		{A611626E-E8FF-44A7-8105-149AB9CA5D20}.ch3sockRelease.Build.0 = Release|Win32
		{A611626E-E8FF-44A7-8105-149AB9CA5D20}.Debug.ActiveCfg = Debug|Win32
		{A611626E-E8FF-44A7-8105-149AB9CA5D20}.DebugStatic.ActiveCfg = Debug|Win32
		{A611626E-E8FF-44A7-8105-149AB9CA5D20}.Release.ActiveCfg = Release|Win32
		{3DE857FA-6F20-4214-8D99-811165354D3F}.ch3sockDebug.ActiveCfg = Debug|Win32
		{3DE857FA-6F20-4214-8D99-811165354D3F}.ch3sockPliteRelease.ActiveCfg = Release|Win32
		{3DE857FA-6F20-4214-8D99-811165354D3F}.ch3sockPliteRelease.Build.0 = Release|Win32
		{3DE857FA-6F20-4214-8D99-811165354D3F}.ch3sockPRelease.ActiveCfg = Release|Win32
		{3DE857FA-6F20-4214-8D99-811165354D3F}.ch3sockPRelease.Build.0 = Release|Win32
		{3DE857FA-6F20-4214-8D99-811165354D3F}.ch3sockRelease.ActiveCfg = Release|Win32
		{3DE857FA-6F20-4214-8D99-811165354D3F}.Debug.ActiveCfg = Debug|Win32
		{3DE857FA-6F20-4214-8D99-811165354D3F}.Debug.Build.0 = Debug|Win32
		{3DE857FA-6F20-4214-8D99-811165354D3F}.DebugStatic.ActiveCfg = Debug|Win32
		{3DE857FA-6F20-4214-8D99-811165354D3F}.DebugStatic.Build.0 = Debug|Win32
		{3DE857FA-6F20-4214-8D99-811165354D3F}.Release.ActiveCfg = Release|Win32
		{3DE857FA-6F20-4214-8D99-811165354D3F}.Release.Build.0 = Release|Win32
		{D45A7472-5ECD-481D-A26D-98D88ED44305}.ch3sockDebug.ActiveCfg = Debug|Win32
		{D45A7472-5ECD-481D-A26D-98D88ED44305}.ch3sockPliteRelease.ActiveCfg = Release|Win32
		{D45A7472-5ECD-481D-A26D-98D88ED44305}.ch3sockPRelease.ActiveCfg = Release|Win32
		{D45A7472-5ECD-481D-A26D-98D88ED44305}.ch3sockRelease.ActiveCfg = Release|Win32
		{D45A7472-5ECD-481D-A26D-98D88ED44305}.Debug.ActiveCfg = Debug|Win32
		{D45A7472-5ECD-481D-A26D-98D88ED44305}.DebugStatic.ActiveCfg = Debug|Win32
		{D45A7472-5ECD-481D-A26D-98D88ED44305}.Release.ActiveCfg = Release|Win32
		{EFAF72A2-7154-410B-9235-460444894A38}.ch3sockDebug.ActiveCfg = Debug|Win32
		{EFAF72A2-7154-410B-9235-460444894A38}.ch3sockPliteRelease.ActiveCfg = Release|Win32
		{EFAF72A2-7154-410B-9235-460444894A38}.ch3sockPRelease.ActiveCfg = Release|Win32
		{EFAF72A2-7154-410B-9235-460444894A38}.ch3sockRelease.ActiveCfg = Release|Win32
		{EFAF72A2-7154-410B-9235-460444894A38}.Debug.ActiveCfg = Debug|Win32
		{EFAF72A2-7154-410B-9235-460444894A38}.Debug.Build.0 = Debug|Win32
		{EFAF72A2-7154-410B-9235-460444894A38}.DebugStatic.ActiveCfg = DebugStatic|Win32
		{EFAF72A2-7154-410B-9235-460444894A38}.DebugStatic.Build.0 = DebugStatic|Win32
		{EFAF72A2-7154-410B-9235-460444894A38}.Release.ActiveCfg = Release|Win32
		{EFAF72A2-7154-410B-9235-460444894A38}.Release.Build.0 = Release|Win32
		{73DC517A-212E-4C8C-8B13-D5CA120C7B5C}.ch3sockDebug.ActiveCfg = Debug|Win32
		{73DC517A-212E-4C8C-8B13-D5CA120C7B5C}.ch3sockPliteRelease.ActiveCfg = Release|Win32
		{73DC517A-212E-4C8C-8B13-D5CA120C7B5C}.ch3sockPRelease.ActiveCfg = Release|Win32
		{73DC517A-212E-4C8C-8B13-D5CA120C7B5C}.ch3sockRelease.ActiveCfg = Release|Win32
		{73DC517A-212E-4C8C-8B13-D5CA120C7B5C}.Debug.ActiveCfg = Debug|Win32
		{73DC517A-212E-4C8C-8B13-D5CA120C7B5C}.Debug.Build.0 = Debug|Win32
		{73DC517A-212E-4C8C-8B13-D5CA120C7B5C}.DebugStatic.ActiveCfg = DebugStatic|Win32
		{73DC517A-212E-4C8C-8B13-D5CA120C7B5C}.DebugStatic.Build.0 = DebugStatic|Win32
		{73DC517A-212E-4C8C-8B13-D5CA120C7B5C}.Release.ActiveCfg = Release|Win32
		{73DC517A-212E-4C8C-8B13-D5CA120C7B5C}.Release.Build.0 = Release|Win32
		{0703FA94-8B8C-49AC-BFCE-91F67B599E51}.ch3sockDebug.ActiveCfg = Debug|Win32
		{0703FA94-8B8C-49AC-BFCE-91F67B599E51}.ch3sockDebug.Build.0 = Debug|Win32
		{0703FA94-8B8C-49AC-BFCE-91F67B599E51}.ch3sockPliteRelease.ActiveCfg = Release|Win32
		{0703FA94-8B8C-49AC-BFCE-91F67B599E51}.ch3sockPliteRelease.Build.0 = Release|Win32
		{0703FA94-8B8C-49AC-BFCE-91F67B599E51}.ch3sockPRelease.ActiveCfg = Release|Win32
		{0703FA94-8B8C-49AC-BFCE-91F67B599E51}.ch3sockPRelease.Build.0 = Release|Win32
		{0703FA94-8B8C-49AC-BFCE-91F67B599E51}.ch3sockRelease.ActiveCfg = Release|Win32
		{0703FA94-8B8C-49AC-BFCE-91F67B599E51}.ch3sockRelease.Build.0 = Release|Win32
		{0703FA94-8B8C-49AC-BFCE-91F67B599E51}.Debug.ActiveCfg = Debug|Win32
		{0703FA94-8B8C-49AC-BFCE-91F67B599E51}.Debug.Build.0 = Debug|Win32
		{0703FA94-8B8C-49AC-BFCE-91F67B599E51}.DebugStatic.ActiveCfg = Debug|Win32
		{0703FA94-8B8C-49AC-BFCE-91F67B599E51}.DebugStatic.Build.0 = Debug|Win32
		{0703FA94-8B8C-49AC-BFCE-91F67B599E51}.Release.ActiveCfg = Release|Win32
		{0703FA94-8B8C-49AC-BFCE-91F67B599E51}.Release.Build.0 = Release|Win32
		{97B727A6-0F41-4E8E-A524-FC0F30D3AC8A}.ch3sockDebug.ActiveCfg = Debug|Win32
		{97B727A6-0F41-4E8E-A524-FC0F30D3AC8A}.ch3sockDebug.Build.0 = Debug|Win32
		{97B727A6-0F41-4E8E-A524-FC0F30D3AC8A}.ch3sockPliteRelease.ActiveCfg = Release|Win32
		{97B727A6-0F41-4E8E-A524-FC0F30D3AC8A}.ch3sockPliteRelease.Build.0 = Release|Win32
		{97B727A6-0F41-4E8E-A524-FC0F30D3AC8A}.ch3sockPRelease.ActiveCfg = Release|Win32
		{97B727A6-0F41-4E8E-A524-FC0F30D3AC8A}.ch3sockPRelease.Build.0 = Release|Win32
		{97B727A6-0F41-4E8E-A524-FC0F30D3AC8A}.ch3sockRelease.ActiveCfg = Release|Win32
		{97B727A6-0F41-4E8E-A524-FC0F30D3AC8A}.ch3sockRelease.Build.0 = Release|Win32
		{97B727A6-0F41-4E8E-A524-FC0F30D3AC8A}.Debug.ActiveCfg = Debug|Win32
		{97B727A6-0F41-4E8E-A524-FC0F30D3AC8A}.Debug.Build.0 = Debug|Win32
		{97B727A6-0F41-4E8E-A524-FC0F30D3AC8A}.DebugStatic.ActiveCfg = Debug|Win32
		{97B727A6-0F41-4E8E-A524-FC0F30D3AC8A}.DebugStatic.Build.0 = Debug|Win32
		{97B727A6-0F41-4E8E-A524-FC0F30D3AC8A}.Release.ActiveCfg = Release|Win32
		{97B727A6-0F41-4E8E-A524-FC0F30D3AC8A}.Release.Build.0 = Release|Win32
	EndGlobalSection
	GlobalSection(ExtensibilityGlobals) = postSolution
	EndGlobalSection
	GlobalSection(ExtensibilityAddIns) = postSolution
	EndGlobalSection
EndGlobal
